// !$*UTF8*$!
{
	archiveVersion = 1;
	classes = {
	};
	objectVersion = 56;
	objects = {

/* Begin PBXBuildFile section */
		01383D2B2C8DB6A150EB67CE /* IntroduceCoordinator.swift in Sources */ = {isa = PBXBuildFile; fileRef = 429083A6C19E3C755C878641 /* IntroduceCoordinator.swift */; };
		024AFAC10876AA282D599191 /* EditUserNameCoordinator+EditUserNameViewControllerCoordinator.swift in Sources */ = {isa = PBXBuildFile; fileRef = A5E7326C8F1B40498F0517FD /* EditUserNameCoordinator+EditUserNameViewControllerCoordinator.swift */; };
		0622A5AED3F96B7E3201C42D /* ProfileCoordinator+QuestionsCoordinatorDelegate.swift in Sources */ = {isa = PBXBuildFile; fileRef = 9C583267A11117D6B0E4FC4B /* ProfileCoordinator+QuestionsCoordinatorDelegate.swift */; };
		0628CD4A4A81FCDECA0D6582 /* EditMyPhotoViewController.swift in Sources */ = {isa = PBXBuildFile; fileRef = 9882B3FF5356983A4A6C5EF4 /* EditMyPhotoViewController.swift */; };
		062922C0A0C31A5219C8831A /* ProfileCoordinator+EditSchoolCoordinatorDelegate.swift in Sources */ = {isa = PBXBuildFile; fileRef = F7ECF3F65D5931B74C2B902F /* ProfileCoordinator+EditSchoolCoordinatorDelegate.swift */; };
		07C34BF129586A45E3FB6B53 /* QuestionsCoordinator+QuestionsDialogCoordinatorDelegate.swift in Sources */ = {isa = PBXBuildFile; fileRef = 1054421A63DFB2D91D9107C5 /* QuestionsCoordinator+QuestionsDialogCoordinatorDelegate.swift */; };
		0AB365B614DE800DDF7F0913 /* IntroduceFactory.swift in Sources */ = {isa = PBXBuildFile; fileRef = 89F9143DE8FD1EBF2CF9D67B /* IntroduceFactory.swift */; };
		0CA1DA5E3EE6F183AA0CDA7F /* ProfileCoordinator+MyBadgeCoordinatorDelegate.swift in Sources */ = {isa = PBXBuildFile; fileRef = C16CCF04145D3DACB0F70590 /* ProfileCoordinator+MyBadgeCoordinatorDelegate.swift */; };
		0CAAD85CF771BABCC8A603F6 /* SettingsFactory.swift in Sources */ = {isa = PBXBuildFile; fileRef = B510A9EE10C065FCC93E50DA /* SettingsFactory.swift */; };
		11A081F62783F6DF077E75DB /* IntroduceMbtiCollectionViewCell.swift in Sources */ = {isa = PBXBuildFile; fileRef = 303A2E1B9A86ACED57A2525C /* IntroduceMbtiCollectionViewCell.swift */; };
		1276F677FFB42ADE22FB27B4 /* ProfileFactory.swift in Sources */ = {isa = PBXBuildFile; fileRef = 6D83568570D25A642B1CF04D /* ProfileFactory.swift */; };
		1573C84DD8E4F614B20E70E5 /* MyBadgeDetailCoordinator.swift in Sources */ = {isa = PBXBuildFile; fileRef = BF070EF84F198C62EFAB6D9F /* MyBadgeDetailCoordinator.swift */; };
		176B2612343FA5D30911C85B /* QuestionsCoordinator+QuestionsViewControllerCoordinator.swift in Sources */ = {isa = PBXBuildFile; fileRef = 407102743DACEF0CB288CDCD /* QuestionsCoordinator+QuestionsViewControllerCoordinator.swift */; };
		1DE99A5B6CFD360858E63D25 /* MyBadgeCollectionViewCell.swift in Sources */ = {isa = PBXBuildFile; fileRef = 66B570A0E1AD14610490C1BF /* MyBadgeCollectionViewCell.swift */; };
		1F10CE9A24C402D86A4C181B /* QuestionsDialogTableViewCell.swift in Sources */ = {isa = PBXBuildFile; fileRef = 30D4C899D521B4175D9FD507 /* QuestionsDialogTableViewCell.swift */; };
		204855C09C8BFC08AF334BAE /* EditUserNameCoordinator.swift in Sources */ = {isa = PBXBuildFile; fileRef = 244059F7ADF9DF20E59A98F2 /* EditUserNameCoordinator.swift */; };
		210A8A35432D7BC7FC9AD112 /* ProfileCoordinator.swift in Sources */ = {isa = PBXBuildFile; fileRef = D76544970827406E8EE17F46 /* ProfileCoordinator.swift */; };
		2147490AB1FBF5720770E157 /* EditSchoolViewController.swift in Sources */ = {isa = PBXBuildFile; fileRef = 012A43DBF25A8FA69A1ED960 /* EditSchoolViewController.swift */; };
		2526EF0DA283B362A7FF3524 /* IntroduceViewModel.swift in Sources */ = {isa = PBXBuildFile; fileRef = DB556BC66A1A16B3FBB59E91 /* IntroduceViewModel.swift */; };
		2845DAF08D25E1D0A525C94B /* QuestionsCoordinator.swift in Sources */ = {isa = PBXBuildFile; fileRef = C6B680FEB2C71227CF8A3E80 /* QuestionsCoordinator.swift */; };
		2F27E071067374EC40D54BA4 /* ProfileCoordinator+LinksDialogCoordinatorDelegate.swift in Sources */ = {isa = PBXBuildFile; fileRef = 3AB06E625EA3FDA952EB8FD4 /* ProfileCoordinator+LinksDialogCoordinatorDelegate.swift */; };
		32F70EAC214032944A707653 /* ProfileCoordinator+IntroduceCoordinatorDelegate.swift in Sources */ = {isa = PBXBuildFile; fileRef = CE23759B95873531310611B3 /* ProfileCoordinator+IntroduceCoordinatorDelegate.swift */; };
		3341EFFB3C97EB00812BFF01 /* LinksDialogCoordinator.swift in Sources */ = {isa = PBXBuildFile; fileRef = 470CA6AFD24A06854BDD01F8 /* LinksDialogCoordinator.swift */; };
		3A47ED4F7B6FF40372CE1480 /* ProfileViewController.swift in Sources */ = {isa = PBXBuildFile; fileRef = 8FDABCEA5B9766D0205FA38E /* ProfileViewController.swift */; };
		3E103F78A96EBC67A8610E09 /* EditSchoolCoordinator.swift in Sources */ = {isa = PBXBuildFile; fileRef = 0CC448B6C7C9343C75E3F4A1 /* EditSchoolCoordinator.swift */; };
		45E080A29E9610909AEFED9B /* QuestionsDialogCoordinator+QuestionsDialogViewControllerCoordinator.swift in Sources */ = {isa = PBXBuildFile; fileRef = 283CD0A8C1028D03725762A5 /* QuestionsDialogCoordinator+QuestionsDialogViewControllerCoordinator.swift */; };
		4792B66A2575C8CACBB28984 /* MyBadgeDetailViewController.swift in Sources */ = {isa = PBXBuildFile; fileRef = 239696F69969B860A4B1CA03 /* MyBadgeDetailViewController.swift */; };
		47C882B228D4D18455C84BA5 /* EditMyPhotoCoordinator.swift in Sources */ = {isa = PBXBuildFile; fileRef = 29191BADB294E3D6EF25F1BB /* EditMyPhotoCoordinator.swift */; };
		4A66EED9BDA04860755D59EE /* ProfileCoordinator+ProfileViewControllerCoordinator.swift in Sources */ = {isa = PBXBuildFile; fileRef = 04DE456273BDEFEE2A0FC7BD /* ProfileCoordinator+ProfileViewControllerCoordinator.swift */; };
		56038CF5620576CB26844C72 /* SettingsViewController.swift in Sources */ = {isa = PBXBuildFile; fileRef = A7DD41C4F29CCC32D5F33199 /* SettingsViewController.swift */; };
		5730F443B6689A67DE64B30E /* EditMyPhotoCoordinator+EditMyPhotoViewControllerCoordinator.swift in Sources */ = {isa = PBXBuildFile; fileRef = 3BE9413DD7A6A862E9E4F8AC /* EditMyPhotoCoordinator+EditMyPhotoViewControllerCoordinator.swift */; };
		5A3611D064BEAE7BC301E1B6 /* QuestionsDialogCoordinator.swift in Sources */ = {isa = PBXBuildFile; fileRef = 65E54C5F44F0A1FDFC233251 /* QuestionsDialogCoordinator.swift */; };
		5A7C8B7AD96CBC2D942B9CD1 /* ProfileCoordinator+EditMyPhotoCoordinatorDelegate.swift in Sources */ = {isa = PBXBuildFile; fileRef = 846CFE842F8FD905CA0EC36D /* ProfileCoordinator+EditMyPhotoCoordinatorDelegate.swift */; };
		5AAFE237EC659C251C92998D /* EditUserNameFactory.swift in Sources */ = {isa = PBXBuildFile; fileRef = 94EECC3626822251CBC6FFF4 /* EditUserNameFactory.swift */; };
		5B82067E200AE10CFFAC461E /* SettingsCoordinator.swift in Sources */ = {isa = PBXBuildFile; fileRef = C44BB0A946B7D2D7792E7784 /* SettingsCoordinator.swift */; };
		5BB80EFC84503C494DD440F1 /* FeatureDependency.framework in Frameworks */ = {isa = PBXBuildFile; fileRef = 641BBD2F2133A809547B278F /* FeatureDependency.framework */; };
		5D89BC48BDFC69C881AD59E8 /* MyBadgeCoordinator+MyBadgeDetailCoordinatorDelegate.swift in Sources */ = {isa = PBXBuildFile; fileRef = 8A11CB920EC21DA3FA1E365E /* MyBadgeCoordinator+MyBadgeDetailCoordinatorDelegate.swift */; };
		5F12A0986F58597A6EA834BF /* ProfileCoordinator+SettingsCoordinatorDelegate.swift in Sources */ = {isa = PBXBuildFile; fileRef = 2E1C313F2DEE228CE79ABD7C /* ProfileCoordinator+SettingsCoordinatorDelegate.swift */; };
		62D396FCAFDEB089BE3ADA02 /* EditUserNameViewModel.swift in Sources */ = {isa = PBXBuildFile; fileRef = 1BE2967254CEC711D5D22A2C /* EditUserNameViewModel.swift */; };
		646EE289E2D47EB39DF45A24 /* QuestionDetailFactory.swift in Sources */ = {isa = PBXBuildFile; fileRef = 072775E99BC0F48AECCDAF15 /* QuestionDetailFactory.swift */; };
		6C3366C4B7ED170879389B97 /* EditMyPhotoCoordinator+AlbumCoordinatorDelegate.swift in Sources */ = {isa = PBXBuildFile; fileRef = 3085A06642E60EBD519E649E /* EditMyPhotoCoordinator+AlbumCoordinatorDelegate.swift */; };
		6E6E058CEF9F20CC6F25CEBD /* LinksDialogFactory.swift in Sources */ = {isa = PBXBuildFile; fileRef = 76CB95371BDD602B561496E4 /* LinksDialogFactory.swift */; };
		6F4F55EFA60F8653A2FD57CF /* MyBadgeCoordinator.swift in Sources */ = {isa = PBXBuildFile; fileRef = 533CEACC96ABD99AE9697B8A /* MyBadgeCoordinator.swift */; };
		70FD4B5AF7603DBB13CA8BF5 /* SettingsViewModel.swift in Sources */ = {isa = PBXBuildFile; fileRef = D98CF78E4A27E6C6674A24C4 /* SettingsViewModel.swift */; };
		715D0E7F9D77DAA383D5D2FF /* QuestionDetailCoordinator+QuestionDetailViewControllerCoordinator.swift in Sources */ = {isa = PBXBuildFile; fileRef = DF1BEBEE986C510319D5BD16 /* QuestionDetailCoordinator+QuestionDetailViewControllerCoordinator.swift */; };
		738E32DE2CF0777000BE2370 /* SettingsTableViewCell.swift in Sources */ = {isa = PBXBuildFile; fileRef = 738E32DD2CF0777000BE2370 /* SettingsTableViewCell.swift */; };
		756DD4AA05A241918FA38F70 /* EditMyPhotoViewModel.swift in Sources */ = {isa = PBXBuildFile; fileRef = BF3301B0234A35342653F809 /* EditMyPhotoViewModel.swift */; };
		7B35E2B85D939916DF07B07A /* ProfileCoordinator+EditUserNameCoordinatorDelegate.swift in Sources */ = {isa = PBXBuildFile; fileRef = DF26FF14349714F5569D1555 /* ProfileCoordinator+EditUserNameCoordinatorDelegate.swift */; };
		7C505E7E6CAF70CEDA9F10FC /* ProfileViewModel.swift in Sources */ = {isa = PBXBuildFile; fileRef = 382C671EC413AA0DEB71E990 /* ProfileViewModel.swift */; };
		8A6DB6D20B2C2A51378E2CC6 /* CustomSchoolButton.swift in Sources */ = {isa = PBXBuildFile; fileRef = EB4595E711DD3B74E01BD697 /* CustomSchoolButton.swift */; };
		8B18398D4AC24190B862E160 /* QuestionsDialogFactory.swift in Sources */ = {isa = PBXBuildFile; fileRef = 381B3C94D01387034573534D /* QuestionsDialogFactory.swift */; };
		8C591843FB006318A15C6153 /* QuestionsViewModel.swift in Sources */ = {isa = PBXBuildFile; fileRef = F2EFB2675C341C7E7600229B /* QuestionsViewModel.swift */; };
		8D11311F4C87331A90B8CE1E /* QuestionsViewController.swift in Sources */ = {isa = PBXBuildFile; fileRef = 2E4BDD03CB3AD003C10EE928 /* QuestionsViewController.swift */; };
		8EB6DEBAF45975A0AB62F97E /* QuestionsCoordinator+QuestionDetailCoordinatorDelegate.swift in Sources */ = {isa = PBXBuildFile; fileRef = 2BCE3BD10101C33F2B7C43BA /* QuestionsCoordinator+QuestionDetailCoordinatorDelegate.swift */; };
		8FAE734D3ACF1F94537E8FBC /* IntroduceMbtiButtonCollectionViewCell.swift in Sources */ = {isa = PBXBuildFile; fileRef = 36215AD7EED3A350B24FCEE7 /* IntroduceMbtiButtonCollectionViewCell.swift */; };
		902DEC54AD81BD7C96EF037D /* CustomSelectQuestionButton.swift in Sources */ = {isa = PBXBuildFile; fileRef = 7E45D109E82BFC5DAF771D41 /* CustomSelectQuestionButton.swift */; };
		92B0746C1E65DED3A7D88073 /* EditSchoolViewModel.swift in Sources */ = {isa = PBXBuildFile; fileRef = DEBDBB6C5EC3606C3686BF9C /* EditSchoolViewModel.swift */; };
		92DA760E0F0E1955AB29C4DD /* MyBadgeViewController.swift in Sources */ = {isa = PBXBuildFile; fileRef = 09B6DB12348E62B1C9CE3698 /* MyBadgeViewController.swift */; };
		9C398D265CBFF7FB54EF4CDF /* LinksDialogViewController.swift in Sources */ = {isa = PBXBuildFile; fileRef = E9A3FD014732E07A4CA8BEAF /* LinksDialogViewController.swift */; };
		AD7FBB796998704193CA7A56 /* QuestionsTableViewCell.swift in Sources */ = {isa = PBXBuildFile; fileRef = 2418B97204143459A8926FD7 /* QuestionsTableViewCell.swift */; };
		B65A1B04C2BA3440EC24369E /* IntroduceCoordinator+IntroduceViewControllerCoordinator.swift in Sources */ = {isa = PBXBuildFile; fileRef = 28EAC45189F0B88F6BBABDFE /* IntroduceCoordinator+IntroduceViewControllerCoordinator.swift */; };
		BA4A266FF8E231BE3B838ED3 /* EditSchoolCoordinator+EditSchoolViewControllerCoordinator.swift in Sources */ = {isa = PBXBuildFile; fileRef = 22ABD069CABD76A565FC581C /* EditSchoolCoordinator+EditSchoolViewControllerCoordinator.swift */; };
		BE69396EF76385C0F802EFEE /* MyBadgeDetailCoordinator+MyBadgeDetailViewControllerCoordinator.swift in Sources */ = {isa = PBXBuildFile; fileRef = C7F67DC8F6737C2D1286E373 /* MyBadgeDetailCoordinator+MyBadgeDetailViewControllerCoordinator.swift */; };
		C0B372E4E352A1E2EE23FA0B /* MyBadgeDetailFactory.swift in Sources */ = {isa = PBXBuildFile; fileRef = E6C5C3264C7634842D409171 /* MyBadgeDetailFactory.swift */; };
		C33C7641EF2E8E380E16C984 /* QuestionDetailViewController.swift in Sources */ = {isa = PBXBuildFile; fileRef = FBA94893848A8D5F100052C9 /* QuestionDetailViewController.swift */; };
		C8C8EEED850061F2E422FA2B /* EditSchoolFactory.swift in Sources */ = {isa = PBXBuildFile; fileRef = 4A1B2DDAFE3E333E63241B95 /* EditSchoolFactory.swift */; };
		D1C27B0FB366EF0D37DBB29D /* QuestionDetailCoordinator.swift in Sources */ = {isa = PBXBuildFile; fileRef = CE14A169536F2F7F35438EF0 /* QuestionDetailCoordinator.swift */; };
		D53844C1B57C33ED736CE922 /* CustomNaviView.swift in Sources */ = {isa = PBXBuildFile; fileRef = F83C52B7632F507D986764E8 /* CustomNaviView.swift */; };
		DCCE61630AEE06DCA12B6A04 /* MyBadgeFactory.swift in Sources */ = {isa = PBXBuildFile; fileRef = 5760E629A6F4B2FC8C77B7D2 /* MyBadgeFactory.swift */; };
		DD95E7DDEE0FC6B7841726DC /* MyBadgeCoordinator+MyBadgeViewControllerCoordinator.swift in Sources */ = {isa = PBXBuildFile; fileRef = 6F653EF71AEDDDF72F07C6C3 /* MyBadgeCoordinator+MyBadgeViewControllerCoordinator.swift */; };
		E410C57B100BA5AB65A0E276 /* MyBadgeViewModel.swift in Sources */ = {isa = PBXBuildFile; fileRef = A4815E20A70EE6DF670B8BAC /* MyBadgeViewModel.swift */; };
		E619EA3668A13410E74ABA2F /* IntroduceViewController.swift in Sources */ = {isa = PBXBuildFile; fileRef = 8F66B65EE07C84033FB9B5D3 /* IntroduceViewController.swift */; };
		E72E9A9FF25E22C5F574B6F5 /* LinksDialogCoordinator+LinksDialogViewControllerCoordinator.swift in Sources */ = {isa = PBXBuildFile; fileRef = EFD57BD7B81F5C505ADCBDEA /* LinksDialogCoordinator+LinksDialogViewControllerCoordinator.swift */; };
		EEE3EA3D8152F4EA534751AF /* IntroduceWritingCollectionViewCell.swift in Sources */ = {isa = PBXBuildFile; fileRef = 0312603942ACDEF58925580B /* IntroduceWritingCollectionViewCell.swift */; };
		EF44F0F7664A789ACE2C8F1D /* EditUserNameViewController.swift in Sources */ = {isa = PBXBuildFile; fileRef = 8DCE2BE20E7D8F6CA2320B2E /* EditUserNameViewController.swift */; };
		EF5A0D3817ADA9AE05826AC2 /* QuestionsDialogViewController.swift in Sources */ = {isa = PBXBuildFile; fileRef = 1E04127B7334656036D4AB00 /* QuestionsDialogViewController.swift */; };
		F0ED6D806F33213B447E8C07 /* QuestionsFactory.swift in Sources */ = {isa = PBXBuildFile; fileRef = 555D9EB46ED7F03D56BC4449 /* QuestionsFactory.swift */; };
		F551D0785EAA1B25D1755A90 /* EditMyPhotoFactory.swift in Sources */ = {isa = PBXBuildFile; fileRef = 4C37705EDF58DE446C309E81 /* EditMyPhotoFactory.swift */; };
		F71FE135882B9261A301672B /* SettingsCoordinator+SettingsViewControllerCoordinator.swift in Sources */ = {isa = PBXBuildFile; fileRef = BAD109B94FE6E58E024C1C68 /* SettingsCoordinator+SettingsViewControllerCoordinator.swift */; };
		FBC45648C88BF39457AC9171 /* CustomLinkView.swift in Sources */ = {isa = PBXBuildFile; fileRef = F166EAC68233528E97146BE4 /* CustomLinkView.swift */; };
/* End PBXBuildFile section */

/* Begin PBXCopyFilesBuildPhase section */
		67720447EE02851F604AB838 /* Embed Frameworks */ = {
			isa = PBXCopyFilesBuildPhase;
			buildActionMask = 2147483647;
			dstPath = "";
			dstSubfolderSpec = 10;
			files = (
			);
			name = "Embed Frameworks";
			runOnlyForDeploymentPostprocessing = 0;
		};
/* End PBXCopyFilesBuildPhase section */

/* Begin PBXFileReference section */
		012A43DBF25A8FA69A1ED960 /* EditSchoolViewController.swift */ = {isa = PBXFileReference; lastKnownFileType = sourcecode.swift; path = EditSchoolViewController.swift; sourceTree = "<group>"; };
		0312603942ACDEF58925580B /* IntroduceWritingCollectionViewCell.swift */ = {isa = PBXFileReference; lastKnownFileType = sourcecode.swift; path = IntroduceWritingCollectionViewCell.swift; sourceTree = "<group>"; };
		04DE456273BDEFEE2A0FC7BD /* ProfileCoordinator+ProfileViewControllerCoordinator.swift */ = {isa = PBXFileReference; lastKnownFileType = sourcecode.swift; path = "ProfileCoordinator+ProfileViewControllerCoordinator.swift"; sourceTree = "<group>"; };
		072775E99BC0F48AECCDAF15 /* QuestionDetailFactory.swift */ = {isa = PBXFileReference; lastKnownFileType = sourcecode.swift; path = QuestionDetailFactory.swift; sourceTree = "<group>"; };
		09B6DB12348E62B1C9CE3698 /* MyBadgeViewController.swift */ = {isa = PBXFileReference; lastKnownFileType = sourcecode.swift; path = MyBadgeViewController.swift; sourceTree = "<group>"; };
		0CC448B6C7C9343C75E3F4A1 /* EditSchoolCoordinator.swift */ = {isa = PBXFileReference; lastKnownFileType = sourcecode.swift; path = EditSchoolCoordinator.swift; sourceTree = "<group>"; };
		1054421A63DFB2D91D9107C5 /* QuestionsCoordinator+QuestionsDialogCoordinatorDelegate.swift */ = {isa = PBXFileReference; lastKnownFileType = sourcecode.swift; path = "QuestionsCoordinator+QuestionsDialogCoordinatorDelegate.swift"; sourceTree = "<group>"; };
		1BE2967254CEC711D5D22A2C /* EditUserNameViewModel.swift */ = {isa = PBXFileReference; lastKnownFileType = sourcecode.swift; path = EditUserNameViewModel.swift; sourceTree = "<group>"; };
		1E04127B7334656036D4AB00 /* QuestionsDialogViewController.swift */ = {isa = PBXFileReference; lastKnownFileType = sourcecode.swift; path = QuestionsDialogViewController.swift; sourceTree = "<group>"; };
		22ABD069CABD76A565FC581C /* EditSchoolCoordinator+EditSchoolViewControllerCoordinator.swift */ = {isa = PBXFileReference; lastKnownFileType = sourcecode.swift; path = "EditSchoolCoordinator+EditSchoolViewControllerCoordinator.swift"; sourceTree = "<group>"; };
		239696F69969B860A4B1CA03 /* MyBadgeDetailViewController.swift */ = {isa = PBXFileReference; lastKnownFileType = sourcecode.swift; path = MyBadgeDetailViewController.swift; sourceTree = "<group>"; };
		2418B97204143459A8926FD7 /* QuestionsTableViewCell.swift */ = {isa = PBXFileReference; lastKnownFileType = sourcecode.swift; path = QuestionsTableViewCell.swift; sourceTree = "<group>"; };
		244059F7ADF9DF20E59A98F2 /* EditUserNameCoordinator.swift */ = {isa = PBXFileReference; lastKnownFileType = sourcecode.swift; path = EditUserNameCoordinator.swift; sourceTree = "<group>"; };
		283CD0A8C1028D03725762A5 /* QuestionsDialogCoordinator+QuestionsDialogViewControllerCoordinator.swift */ = {isa = PBXFileReference; lastKnownFileType = sourcecode.swift; path = "QuestionsDialogCoordinator+QuestionsDialogViewControllerCoordinator.swift"; sourceTree = "<group>"; };
		28EAC45189F0B88F6BBABDFE /* IntroduceCoordinator+IntroduceViewControllerCoordinator.swift */ = {isa = PBXFileReference; lastKnownFileType = sourcecode.swift; path = "IntroduceCoordinator+IntroduceViewControllerCoordinator.swift"; sourceTree = "<group>"; };
		29191BADB294E3D6EF25F1BB /* EditMyPhotoCoordinator.swift */ = {isa = PBXFileReference; lastKnownFileType = sourcecode.swift; path = EditMyPhotoCoordinator.swift; sourceTree = "<group>"; };
		2BCE3BD10101C33F2B7C43BA /* QuestionsCoordinator+QuestionDetailCoordinatorDelegate.swift */ = {isa = PBXFileReference; lastKnownFileType = sourcecode.swift; path = "QuestionsCoordinator+QuestionDetailCoordinatorDelegate.swift"; sourceTree = "<group>"; };
		2E1C313F2DEE228CE79ABD7C /* ProfileCoordinator+SettingsCoordinatorDelegate.swift */ = {isa = PBXFileReference; lastKnownFileType = sourcecode.swift; path = "ProfileCoordinator+SettingsCoordinatorDelegate.swift"; sourceTree = "<group>"; };
		2E4BDD03CB3AD003C10EE928 /* QuestionsViewController.swift */ = {isa = PBXFileReference; lastKnownFileType = sourcecode.swift; path = QuestionsViewController.swift; sourceTree = "<group>"; };
		303A2E1B9A86ACED57A2525C /* IntroduceMbtiCollectionViewCell.swift */ = {isa = PBXFileReference; lastKnownFileType = sourcecode.swift; path = IntroduceMbtiCollectionViewCell.swift; sourceTree = "<group>"; };
		3085A06642E60EBD519E649E /* EditMyPhotoCoordinator+AlbumCoordinatorDelegate.swift */ = {isa = PBXFileReference; lastKnownFileType = sourcecode.swift; path = "EditMyPhotoCoordinator+AlbumCoordinatorDelegate.swift"; sourceTree = "<group>"; };
		30D4C899D521B4175D9FD507 /* QuestionsDialogTableViewCell.swift */ = {isa = PBXFileReference; lastKnownFileType = sourcecode.swift; path = QuestionsDialogTableViewCell.swift; sourceTree = "<group>"; };
		36215AD7EED3A350B24FCEE7 /* IntroduceMbtiButtonCollectionViewCell.swift */ = {isa = PBXFileReference; lastKnownFileType = sourcecode.swift; path = IntroduceMbtiButtonCollectionViewCell.swift; sourceTree = "<group>"; };
		381B3C94D01387034573534D /* QuestionsDialogFactory.swift */ = {isa = PBXFileReference; lastKnownFileType = sourcecode.swift; path = QuestionsDialogFactory.swift; sourceTree = "<group>"; };
		382C671EC413AA0DEB71E990 /* ProfileViewModel.swift */ = {isa = PBXFileReference; lastKnownFileType = sourcecode.swift; path = ProfileViewModel.swift; sourceTree = "<group>"; };
		3AB06E625EA3FDA952EB8FD4 /* ProfileCoordinator+LinksDialogCoordinatorDelegate.swift */ = {isa = PBXFileReference; lastKnownFileType = sourcecode.swift; path = "ProfileCoordinator+LinksDialogCoordinatorDelegate.swift"; sourceTree = "<group>"; };
		3BE9413DD7A6A862E9E4F8AC /* EditMyPhotoCoordinator+EditMyPhotoViewControllerCoordinator.swift */ = {isa = PBXFileReference; lastKnownFileType = sourcecode.swift; path = "EditMyPhotoCoordinator+EditMyPhotoViewControllerCoordinator.swift"; sourceTree = "<group>"; };
		407102743DACEF0CB288CDCD /* QuestionsCoordinator+QuestionsViewControllerCoordinator.swift */ = {isa = PBXFileReference; lastKnownFileType = sourcecode.swift; path = "QuestionsCoordinator+QuestionsViewControllerCoordinator.swift"; sourceTree = "<group>"; };
		429083A6C19E3C755C878641 /* IntroduceCoordinator.swift */ = {isa = PBXFileReference; lastKnownFileType = sourcecode.swift; path = IntroduceCoordinator.swift; sourceTree = "<group>"; };
		470CA6AFD24A06854BDD01F8 /* LinksDialogCoordinator.swift */ = {isa = PBXFileReference; lastKnownFileType = sourcecode.swift; path = LinksDialogCoordinator.swift; sourceTree = "<group>"; };
		47A6CE17EA77D71FB5B6272E /* Release.xcconfig */ = {isa = PBXFileReference; lastKnownFileType = text.xcconfig; path = Release.xcconfig; sourceTree = "<group>"; };
		4A1B2DDAFE3E333E63241B95 /* EditSchoolFactory.swift */ = {isa = PBXFileReference; lastKnownFileType = sourcecode.swift; path = EditSchoolFactory.swift; sourceTree = "<group>"; };
		4C37705EDF58DE446C309E81 /* EditMyPhotoFactory.swift */ = {isa = PBXFileReference; lastKnownFileType = sourcecode.swift; path = EditMyPhotoFactory.swift; sourceTree = "<group>"; };
		533CEACC96ABD99AE9697B8A /* MyBadgeCoordinator.swift */ = {isa = PBXFileReference; lastKnownFileType = sourcecode.swift; path = MyBadgeCoordinator.swift; sourceTree = "<group>"; };
		555D9EB46ED7F03D56BC4449 /* QuestionsFactory.swift */ = {isa = PBXFileReference; lastKnownFileType = sourcecode.swift; path = QuestionsFactory.swift; sourceTree = "<group>"; };
		5760E629A6F4B2FC8C77B7D2 /* MyBadgeFactory.swift */ = {isa = PBXFileReference; lastKnownFileType = sourcecode.swift; path = MyBadgeFactory.swift; sourceTree = "<group>"; };
		641BBD2F2133A809547B278F /* FeatureDependency.framework */ = {isa = PBXFileReference; explicitFileType = wrapper.framework; includeInIndex = 0; path = FeatureDependency.framework; sourceTree = BUILT_PRODUCTS_DIR; };
		65E54C5F44F0A1FDFC233251 /* QuestionsDialogCoordinator.swift */ = {isa = PBXFileReference; lastKnownFileType = sourcecode.swift; path = QuestionsDialogCoordinator.swift; sourceTree = "<group>"; };
		66B570A0E1AD14610490C1BF /* MyBadgeCollectionViewCell.swift */ = {isa = PBXFileReference; lastKnownFileType = sourcecode.swift; path = MyBadgeCollectionViewCell.swift; sourceTree = "<group>"; };
		6D83568570D25A642B1CF04D /* ProfileFactory.swift */ = {isa = PBXFileReference; lastKnownFileType = sourcecode.swift; path = ProfileFactory.swift; sourceTree = "<group>"; };
		6F653EF71AEDDDF72F07C6C3 /* MyBadgeCoordinator+MyBadgeViewControllerCoordinator.swift */ = {isa = PBXFileReference; lastKnownFileType = sourcecode.swift; path = "MyBadgeCoordinator+MyBadgeViewControllerCoordinator.swift"; sourceTree = "<group>"; };
		738E32DD2CF0777000BE2370 /* SettingsTableViewCell.swift */ = {isa = PBXFileReference; lastKnownFileType = sourcecode.swift; path = SettingsTableViewCell.swift; sourceTree = "<group>"; };
		76CB95371BDD602B561496E4 /* LinksDialogFactory.swift */ = {isa = PBXFileReference; lastKnownFileType = sourcecode.swift; path = LinksDialogFactory.swift; sourceTree = "<group>"; };
		7D75411655BD7C1F2248A03D /* ProfileFeature.framework */ = {isa = PBXFileReference; explicitFileType = wrapper.framework; includeInIndex = 0; path = ProfileFeature.framework; sourceTree = BUILT_PRODUCTS_DIR; };
		7E45D109E82BFC5DAF771D41 /* CustomSelectQuestionButton.swift */ = {isa = PBXFileReference; lastKnownFileType = sourcecode.swift; path = CustomSelectQuestionButton.swift; sourceTree = "<group>"; };
		846CFE842F8FD905CA0EC36D /* ProfileCoordinator+EditMyPhotoCoordinatorDelegate.swift */ = {isa = PBXFileReference; lastKnownFileType = sourcecode.swift; path = "ProfileCoordinator+EditMyPhotoCoordinatorDelegate.swift"; sourceTree = "<group>"; };
		89F9143DE8FD1EBF2CF9D67B /* IntroduceFactory.swift */ = {isa = PBXFileReference; lastKnownFileType = sourcecode.swift; path = IntroduceFactory.swift; sourceTree = "<group>"; };
		8A11CB920EC21DA3FA1E365E /* MyBadgeCoordinator+MyBadgeDetailCoordinatorDelegate.swift */ = {isa = PBXFileReference; lastKnownFileType = sourcecode.swift; path = "MyBadgeCoordinator+MyBadgeDetailCoordinatorDelegate.swift"; sourceTree = "<group>"; };
		8DCE2BE20E7D8F6CA2320B2E /* EditUserNameViewController.swift */ = {isa = PBXFileReference; lastKnownFileType = sourcecode.swift; path = EditUserNameViewController.swift; sourceTree = "<group>"; };
		8F66B65EE07C84033FB9B5D3 /* IntroduceViewController.swift */ = {isa = PBXFileReference; lastKnownFileType = sourcecode.swift; path = IntroduceViewController.swift; sourceTree = "<group>"; };
		8FDABCEA5B9766D0205FA38E /* ProfileViewController.swift */ = {isa = PBXFileReference; lastKnownFileType = sourcecode.swift; path = ProfileViewController.swift; sourceTree = "<group>"; };
		94EECC3626822251CBC6FFF4 /* EditUserNameFactory.swift */ = {isa = PBXFileReference; lastKnownFileType = sourcecode.swift; path = EditUserNameFactory.swift; sourceTree = "<group>"; };
		9882B3FF5356983A4A6C5EF4 /* EditMyPhotoViewController.swift */ = {isa = PBXFileReference; lastKnownFileType = sourcecode.swift; path = EditMyPhotoViewController.swift; sourceTree = "<group>"; };
		9ACE8CAF734090465D7B89D5 /* Debug.xcconfig */ = {isa = PBXFileReference; lastKnownFileType = text.xcconfig; path = Debug.xcconfig; sourceTree = "<group>"; };
		9C583267A11117D6B0E4FC4B /* ProfileCoordinator+QuestionsCoordinatorDelegate.swift */ = {isa = PBXFileReference; lastKnownFileType = sourcecode.swift; path = "ProfileCoordinator+QuestionsCoordinatorDelegate.swift"; sourceTree = "<group>"; };
		A4815E20A70EE6DF670B8BAC /* MyBadgeViewModel.swift */ = {isa = PBXFileReference; lastKnownFileType = sourcecode.swift; path = MyBadgeViewModel.swift; sourceTree = "<group>"; };
		A5E7326C8F1B40498F0517FD /* EditUserNameCoordinator+EditUserNameViewControllerCoordinator.swift */ = {isa = PBXFileReference; lastKnownFileType = sourcecode.swift; path = "EditUserNameCoordinator+EditUserNameViewControllerCoordinator.swift"; sourceTree = "<group>"; };
		A7DD41C4F29CCC32D5F33199 /* SettingsViewController.swift */ = {isa = PBXFileReference; lastKnownFileType = sourcecode.swift; path = SettingsViewController.swift; sourceTree = "<group>"; };
		B0913E9F158A7764CA30B252 /* ProfileFeature-Info.plist */ = {isa = PBXFileReference; lastKnownFileType = text.plist; path = "ProfileFeature-Info.plist"; sourceTree = "<group>"; };
		B510A9EE10C065FCC93E50DA /* SettingsFactory.swift */ = {isa = PBXFileReference; lastKnownFileType = sourcecode.swift; path = SettingsFactory.swift; sourceTree = "<group>"; };
		BAD109B94FE6E58E024C1C68 /* SettingsCoordinator+SettingsViewControllerCoordinator.swift */ = {isa = PBXFileReference; lastKnownFileType = sourcecode.swift; path = "SettingsCoordinator+SettingsViewControllerCoordinator.swift"; sourceTree = "<group>"; };
		BF070EF84F198C62EFAB6D9F /* MyBadgeDetailCoordinator.swift */ = {isa = PBXFileReference; lastKnownFileType = sourcecode.swift; path = MyBadgeDetailCoordinator.swift; sourceTree = "<group>"; };
		BF3301B0234A35342653F809 /* EditMyPhotoViewModel.swift */ = {isa = PBXFileReference; lastKnownFileType = sourcecode.swift; path = EditMyPhotoViewModel.swift; sourceTree = "<group>"; };
		C16CCF04145D3DACB0F70590 /* ProfileCoordinator+MyBadgeCoordinatorDelegate.swift */ = {isa = PBXFileReference; lastKnownFileType = sourcecode.swift; path = "ProfileCoordinator+MyBadgeCoordinatorDelegate.swift"; sourceTree = "<group>"; };
		C44BB0A946B7D2D7792E7784 /* SettingsCoordinator.swift */ = {isa = PBXFileReference; lastKnownFileType = sourcecode.swift; path = SettingsCoordinator.swift; sourceTree = "<group>"; };
		C6B680FEB2C71227CF8A3E80 /* QuestionsCoordinator.swift */ = {isa = PBXFileReference; lastKnownFileType = sourcecode.swift; path = QuestionsCoordinator.swift; sourceTree = "<group>"; };
		C7F67DC8F6737C2D1286E373 /* MyBadgeDetailCoordinator+MyBadgeDetailViewControllerCoordinator.swift */ = {isa = PBXFileReference; lastKnownFileType = sourcecode.swift; path = "MyBadgeDetailCoordinator+MyBadgeDetailViewControllerCoordinator.swift"; sourceTree = "<group>"; };
		CE14A169536F2F7F35438EF0 /* QuestionDetailCoordinator.swift */ = {isa = PBXFileReference; lastKnownFileType = sourcecode.swift; path = QuestionDetailCoordinator.swift; sourceTree = "<group>"; };
		CE23759B95873531310611B3 /* ProfileCoordinator+IntroduceCoordinatorDelegate.swift */ = {isa = PBXFileReference; lastKnownFileType = sourcecode.swift; path = "ProfileCoordinator+IntroduceCoordinatorDelegate.swift"; sourceTree = "<group>"; };
		D76544970827406E8EE17F46 /* ProfileCoordinator.swift */ = {isa = PBXFileReference; lastKnownFileType = sourcecode.swift; path = ProfileCoordinator.swift; sourceTree = "<group>"; };
		D98CF78E4A27E6C6674A24C4 /* SettingsViewModel.swift */ = {isa = PBXFileReference; lastKnownFileType = sourcecode.swift; path = SettingsViewModel.swift; sourceTree = "<group>"; };
		DB556BC66A1A16B3FBB59E91 /* IntroduceViewModel.swift */ = {isa = PBXFileReference; lastKnownFileType = sourcecode.swift; path = IntroduceViewModel.swift; sourceTree = "<group>"; };
		DEBDBB6C5EC3606C3686BF9C /* EditSchoolViewModel.swift */ = {isa = PBXFileReference; lastKnownFileType = sourcecode.swift; path = EditSchoolViewModel.swift; sourceTree = "<group>"; };
		DF1BEBEE986C510319D5BD16 /* QuestionDetailCoordinator+QuestionDetailViewControllerCoordinator.swift */ = {isa = PBXFileReference; lastKnownFileType = sourcecode.swift; path = "QuestionDetailCoordinator+QuestionDetailViewControllerCoordinator.swift"; sourceTree = "<group>"; };
		DF26FF14349714F5569D1555 /* ProfileCoordinator+EditUserNameCoordinatorDelegate.swift */ = {isa = PBXFileReference; lastKnownFileType = sourcecode.swift; path = "ProfileCoordinator+EditUserNameCoordinatorDelegate.swift"; sourceTree = "<group>"; };
		E6C5C3264C7634842D409171 /* MyBadgeDetailFactory.swift */ = {isa = PBXFileReference; lastKnownFileType = sourcecode.swift; path = MyBadgeDetailFactory.swift; sourceTree = "<group>"; };
		E9A3FD014732E07A4CA8BEAF /* LinksDialogViewController.swift */ = {isa = PBXFileReference; lastKnownFileType = sourcecode.swift; path = LinksDialogViewController.swift; sourceTree = "<group>"; };
		EB4595E711DD3B74E01BD697 /* CustomSchoolButton.swift */ = {isa = PBXFileReference; lastKnownFileType = sourcecode.swift; path = CustomSchoolButton.swift; sourceTree = "<group>"; };
		EFD57BD7B81F5C505ADCBDEA /* LinksDialogCoordinator+LinksDialogViewControllerCoordinator.swift */ = {isa = PBXFileReference; lastKnownFileType = sourcecode.swift; path = "LinksDialogCoordinator+LinksDialogViewControllerCoordinator.swift"; sourceTree = "<group>"; };
		F166EAC68233528E97146BE4 /* CustomLinkView.swift */ = {isa = PBXFileReference; lastKnownFileType = sourcecode.swift; path = CustomLinkView.swift; sourceTree = "<group>"; };
		F2EFB2675C341C7E7600229B /* QuestionsViewModel.swift */ = {isa = PBXFileReference; lastKnownFileType = sourcecode.swift; path = QuestionsViewModel.swift; sourceTree = "<group>"; };
		F7ECF3F65D5931B74C2B902F /* ProfileCoordinator+EditSchoolCoordinatorDelegate.swift */ = {isa = PBXFileReference; lastKnownFileType = sourcecode.swift; path = "ProfileCoordinator+EditSchoolCoordinatorDelegate.swift"; sourceTree = "<group>"; };
		F83C52B7632F507D986764E8 /* CustomNaviView.swift */ = {isa = PBXFileReference; lastKnownFileType = sourcecode.swift; path = CustomNaviView.swift; sourceTree = "<group>"; };
		FBA94893848A8D5F100052C9 /* QuestionDetailViewController.swift */ = {isa = PBXFileReference; lastKnownFileType = sourcecode.swift; path = QuestionDetailViewController.swift; sourceTree = "<group>"; };
/* End PBXFileReference section */

/* Begin PBXFrameworksBuildPhase section */
		A1C36443BCE5E25F06E751A1 /* Frameworks */ = {
			isa = PBXFrameworksBuildPhase;
			buildActionMask = 2147483647;
			files = (
				5BB80EFC84503C494DD440F1 /* FeatureDependency.framework in Frameworks */,
			);
			runOnlyForDeploymentPostprocessing = 0;
		};
/* End PBXFrameworksBuildPhase section */

/* Begin PBXGroup section */
		2619438B4640D26947C6A3F1 /* EditSchool */ = {
			isa = PBXGroup;
			children = (
				0CC448B6C7C9343C75E3F4A1 /* EditSchoolCoordinator.swift */,
				22ABD069CABD76A565FC581C /* EditSchoolCoordinator+EditSchoolViewControllerCoordinator.swift */,
				4A1B2DDAFE3E333E63241B95 /* EditSchoolFactory.swift */,
			);
			path = EditSchool;
			sourceTree = "<group>";
		};
		3E3DDEF650C4FA7B3317E486 = {
			isa = PBXGroup;
			children = (
				46CD4FFB106A01D9912F0624 /* Project */,
				96117D3B0D8686EC41FAFAAF /* Products */,
			);
			sourceTree = "<group>";
		};
		410212C7540E289E7A3717E0 /* Question */ = {
			isa = PBXGroup;
			children = (
				CE14A169536F2F7F35438EF0 /* QuestionDetailCoordinator.swift */,
				DF1BEBEE986C510319D5BD16 /* QuestionDetailCoordinator+QuestionDetailViewControllerCoordinator.swift */,
				072775E99BC0F48AECCDAF15 /* QuestionDetailFactory.swift */,
				C6B680FEB2C71227CF8A3E80 /* QuestionsCoordinator.swift */,
				2BCE3BD10101C33F2B7C43BA /* QuestionsCoordinator+QuestionDetailCoordinatorDelegate.swift */,
				1054421A63DFB2D91D9107C5 /* QuestionsCoordinator+QuestionsDialogCoordinatorDelegate.swift */,
				407102743DACEF0CB288CDCD /* QuestionsCoordinator+QuestionsViewControllerCoordinator.swift */,
				65E54C5F44F0A1FDFC233251 /* QuestionsDialogCoordinator.swift */,
				283CD0A8C1028D03725762A5 /* QuestionsDialogCoordinator+QuestionsDialogViewControllerCoordinator.swift */,
				381B3C94D01387034573534D /* QuestionsDialogFactory.swift */,
				555D9EB46ED7F03D56BC4449 /* QuestionsFactory.swift */,
			);
			path = Question;
			sourceTree = "<group>";
		};
		46CD4FFB106A01D9912F0624 /* Project */ = {
			isa = PBXGroup;
			children = (
				B45E90B62D5AFC3B88A14FA9 /* Config */,
				6184C217E37EB701C2FF95DD /* Derived */,
				90666643827C8F0AB521673E /* Sources */,
			);
			name = Project;
			sourceTree = "<group>";
		};
		548631E7757FD8EB267D0A0F /* View */ = {
			isa = PBXGroup;
			children = (
				9882B3FF5356983A4A6C5EF4 /* EditMyPhotoViewController.swift */,
				012A43DBF25A8FA69A1ED960 /* EditSchoolViewController.swift */,
				8DCE2BE20E7D8F6CA2320B2E /* EditUserNameViewController.swift */,
				8F66B65EE07C84033FB9B5D3 /* IntroduceViewController.swift */,
				E9A3FD014732E07A4CA8BEAF /* LinksDialogViewController.swift */,
				239696F69969B860A4B1CA03 /* MyBadgeDetailViewController.swift */,
				09B6DB12348E62B1C9CE3698 /* MyBadgeViewController.swift */,
				8FDABCEA5B9766D0205FA38E /* ProfileViewController.swift */,
				FBA94893848A8D5F100052C9 /* QuestionDetailViewController.swift */,
				1E04127B7334656036D4AB00 /* QuestionsDialogViewController.swift */,
				2E4BDD03CB3AD003C10EE928 /* QuestionsViewController.swift */,
				A7DD41C4F29CCC32D5F33199 /* SettingsViewController.swift */,
			);
			path = View;
			sourceTree = "<group>";
		};
		603FFCEC45FB13F5B1A5922D /* Presentation */ = {
			isa = PBXGroup;
			children = (
				B58B18CD23AA5C8A914A8D1A /* Cell */,
				548631E7757FD8EB267D0A0F /* View */,
				CE40F41FDD9E6D652EA2EE01 /* ViewModel */,
			);
			path = Presentation;
			sourceTree = "<group>";
		};
		6184C217E37EB701C2FF95DD /* Derived */ = {
			isa = PBXGroup;
			children = (
				6DEBA1DFE42D1B1B41921CC8 /* InfoPlists */,
			);
			path = Derived;
			sourceTree = "<group>";
		};
		6D4244C8EC04DB2AE0039462 /* Settings */ = {
			isa = PBXGroup;
			children = (
				C44BB0A946B7D2D7792E7784 /* SettingsCoordinator.swift */,
				BAD109B94FE6E58E024C1C68 /* SettingsCoordinator+SettingsViewControllerCoordinator.swift */,
				B510A9EE10C065FCC93E50DA /* SettingsFactory.swift */,
			);
			path = Settings;
			sourceTree = "<group>";
		};
		6DEBA1DFE42D1B1B41921CC8 /* InfoPlists */ = {
			isa = PBXGroup;
			children = (
				B0913E9F158A7764CA30B252 /* ProfileFeature-Info.plist */,
			);
			path = InfoPlists;
			sourceTree = "<group>";
		};
		90666643827C8F0AB521673E /* Sources */ = {
			isa = PBXGroup;
			children = (
				A24BC1616988BAE0D2A59B7E /* Components */,
				93B29026A7FA6D0C936CF55F /* Composition */,
				603FFCEC45FB13F5B1A5922D /* Presentation */,
			);
			path = Sources;
			sourceTree = "<group>";
		};
		93B29026A7FA6D0C936CF55F /* Composition */ = {
			isa = PBXGroup;
			children = (
				E81061BCEFA04FFA303537E5 /* EditMyPhoto */,
				2619438B4640D26947C6A3F1 /* EditSchool */,
				96FC3C2DE6CAA7B6474AD8CD /* EditUserName */,
				A3036C78A2702DFB9F9BF125 /* Introduce */,
				D3167CB246E0DCA18BA9A094 /* Link */,
				AFA9651833586FDC135DA451 /* MyBadge */,
				E04526C7DCDDD75EECE2E0D9 /* Profile */,
				410212C7540E289E7A3717E0 /* Question */,
				6D4244C8EC04DB2AE0039462 /* Settings */,
			);
			path = Composition;
			sourceTree = "<group>";
		};
		96117D3B0D8686EC41FAFAAF /* Products */ = {
			isa = PBXGroup;
			children = (
				641BBD2F2133A809547B278F /* FeatureDependency.framework */,
				7D75411655BD7C1F2248A03D /* ProfileFeature.framework */,
			);
			name = Products;
			sourceTree = "<group>";
		};
		96FC3C2DE6CAA7B6474AD8CD /* EditUserName */ = {
			isa = PBXGroup;
			children = (
				244059F7ADF9DF20E59A98F2 /* EditUserNameCoordinator.swift */,
				A5E7326C8F1B40498F0517FD /* EditUserNameCoordinator+EditUserNameViewControllerCoordinator.swift */,
				94EECC3626822251CBC6FFF4 /* EditUserNameFactory.swift */,
			);
			path = EditUserName;
			sourceTree = "<group>";
		};
		A24BC1616988BAE0D2A59B7E /* Components */ = {
			isa = PBXGroup;
			children = (
				F166EAC68233528E97146BE4 /* CustomLinkView.swift */,
				F83C52B7632F507D986764E8 /* CustomNaviView.swift */,
				EB4595E711DD3B74E01BD697 /* CustomSchoolButton.swift */,
				7E45D109E82BFC5DAF771D41 /* CustomSelectQuestionButton.swift */,
			);
			path = Components;
			sourceTree = "<group>";
		};
		A3036C78A2702DFB9F9BF125 /* Introduce */ = {
			isa = PBXGroup;
			children = (
				429083A6C19E3C755C878641 /* IntroduceCoordinator.swift */,
				28EAC45189F0B88F6BBABDFE /* IntroduceCoordinator+IntroduceViewControllerCoordinator.swift */,
				89F9143DE8FD1EBF2CF9D67B /* IntroduceFactory.swift */,
			);
			path = Introduce;
			sourceTree = "<group>";
		};
		AFA9651833586FDC135DA451 /* MyBadge */ = {
			isa = PBXGroup;
			children = (
				533CEACC96ABD99AE9697B8A /* MyBadgeCoordinator.swift */,
				8A11CB920EC21DA3FA1E365E /* MyBadgeCoordinator+MyBadgeDetailCoordinatorDelegate.swift */,
				6F653EF71AEDDDF72F07C6C3 /* MyBadgeCoordinator+MyBadgeViewControllerCoordinator.swift */,
				BF070EF84F198C62EFAB6D9F /* MyBadgeDetailCoordinator.swift */,
				C7F67DC8F6737C2D1286E373 /* MyBadgeDetailCoordinator+MyBadgeDetailViewControllerCoordinator.swift */,
				E6C5C3264C7634842D409171 /* MyBadgeDetailFactory.swift */,
				5760E629A6F4B2FC8C77B7D2 /* MyBadgeFactory.swift */,
			);
			path = MyBadge;
			sourceTree = "<group>";
		};
		B45E90B62D5AFC3B88A14FA9 /* Config */ = {
			isa = PBXGroup;
			children = (
				9ACE8CAF734090465D7B89D5 /* Debug.xcconfig */,
				47A6CE17EA77D71FB5B6272E /* Release.xcconfig */,
			);
			name = Config;
			path = ../../../Config;
			sourceTree = "<group>";
		};
		B58B18CD23AA5C8A914A8D1A /* Cell */ = {
			isa = PBXGroup;
			children = (
				36215AD7EED3A350B24FCEE7 /* IntroduceMbtiButtonCollectionViewCell.swift */,
				303A2E1B9A86ACED57A2525C /* IntroduceMbtiCollectionViewCell.swift */,
				0312603942ACDEF58925580B /* IntroduceWritingCollectionViewCell.swift */,
				66B570A0E1AD14610490C1BF /* MyBadgeCollectionViewCell.swift */,
				30D4C899D521B4175D9FD507 /* QuestionsDialogTableViewCell.swift */,
				2418B97204143459A8926FD7 /* QuestionsTableViewCell.swift */,
				738E32DD2CF0777000BE2370 /* SettingsTableViewCell.swift */,
			);
			path = Cell;
			sourceTree = "<group>";
		};
		CE40F41FDD9E6D652EA2EE01 /* ViewModel */ = {
			isa = PBXGroup;
			children = (
				BF3301B0234A35342653F809 /* EditMyPhotoViewModel.swift */,
				DEBDBB6C5EC3606C3686BF9C /* EditSchoolViewModel.swift */,
				1BE2967254CEC711D5D22A2C /* EditUserNameViewModel.swift */,
				DB556BC66A1A16B3FBB59E91 /* IntroduceViewModel.swift */,
				A4815E20A70EE6DF670B8BAC /* MyBadgeViewModel.swift */,
				382C671EC413AA0DEB71E990 /* ProfileViewModel.swift */,
				F2EFB2675C341C7E7600229B /* QuestionsViewModel.swift */,
				D98CF78E4A27E6C6674A24C4 /* SettingsViewModel.swift */,
			);
			path = ViewModel;
			sourceTree = "<group>";
		};
		D3167CB246E0DCA18BA9A094 /* Link */ = {
			isa = PBXGroup;
			children = (
				470CA6AFD24A06854BDD01F8 /* LinksDialogCoordinator.swift */,
				EFD57BD7B81F5C505ADCBDEA /* LinksDialogCoordinator+LinksDialogViewControllerCoordinator.swift */,
				76CB95371BDD602B561496E4 /* LinksDialogFactory.swift */,
			);
			path = Link;
			sourceTree = "<group>";
		};
		E04526C7DCDDD75EECE2E0D9 /* Profile */ = {
			isa = PBXGroup;
			children = (
				D76544970827406E8EE17F46 /* ProfileCoordinator.swift */,
				846CFE842F8FD905CA0EC36D /* ProfileCoordinator+EditMyPhotoCoordinatorDelegate.swift */,
				F7ECF3F65D5931B74C2B902F /* ProfileCoordinator+EditSchoolCoordinatorDelegate.swift */,
				DF26FF14349714F5569D1555 /* ProfileCoordinator+EditUserNameCoordinatorDelegate.swift */,
				CE23759B95873531310611B3 /* ProfileCoordinator+IntroduceCoordinatorDelegate.swift */,
				3AB06E625EA3FDA952EB8FD4 /* ProfileCoordinator+LinksDialogCoordinatorDelegate.swift */,
				C16CCF04145D3DACB0F70590 /* ProfileCoordinator+MyBadgeCoordinatorDelegate.swift */,
				04DE456273BDEFEE2A0FC7BD /* ProfileCoordinator+ProfileViewControllerCoordinator.swift */,
				9C583267A11117D6B0E4FC4B /* ProfileCoordinator+QuestionsCoordinatorDelegate.swift */,
				2E1C313F2DEE228CE79ABD7C /* ProfileCoordinator+SettingsCoordinatorDelegate.swift */,
				6D83568570D25A642B1CF04D /* ProfileFactory.swift */,
			);
			path = Profile;
			sourceTree = "<group>";
		};
		E81061BCEFA04FFA303537E5 /* EditMyPhoto */ = {
			isa = PBXGroup;
			children = (
				29191BADB294E3D6EF25F1BB /* EditMyPhotoCoordinator.swift */,
				3085A06642E60EBD519E649E /* EditMyPhotoCoordinator+AlbumCoordinatorDelegate.swift */,
				3BE9413DD7A6A862E9E4F8AC /* EditMyPhotoCoordinator+EditMyPhotoViewControllerCoordinator.swift */,
				4C37705EDF58DE446C309E81 /* EditMyPhotoFactory.swift */,
			);
			path = EditMyPhoto;
			sourceTree = "<group>";
		};
/* End PBXGroup section */

/* Begin PBXNativeTarget section */
		DFD16675E1D8A7E2DCBCF8E4 /* ProfileFeature */ = {
			isa = PBXNativeTarget;
			buildConfigurationList = 8ECBCFBC7A44737055EE93B8 /* Build configuration list for PBXNativeTarget "ProfileFeature" */;
			buildPhases = (
				111FA16EE1DB8DF9F36A0183 /* Sources */,
				8A86643101B5F315B0542121 /* Resources */,
				67720447EE02851F604AB838 /* Embed Frameworks */,
				A1C36443BCE5E25F06E751A1 /* Frameworks */,
			);
			buildRules = (
			);
			dependencies = (
			);
			name = ProfileFeature;
			productName = ProfileFeature;
			productReference = 7D75411655BD7C1F2248A03D /* ProfileFeature.framework */;
			productType = "com.apple.product-type.framework";
		};
/* End PBXNativeTarget section */

/* Begin PBXProject section */
		8EDD6D58BC75A2E09E94B182 /* Project object */ = {
			isa = PBXProject;
			attributes = {
				BuildIndependentTargetsInParallel = YES;
				ORGANIZATIONNAME = ATeen;
			};
			buildConfigurationList = 820D491C7A089E9609C5577D /* Build configuration list for PBXProject "ProfileFeature" */;
			compatibilityVersion = "Xcode 14.0";
			developmentRegion = en;
			hasScannedForEncodings = 0;
			knownRegions = (
				Base,
				en,
			);
			mainGroup = 3E3DDEF650C4FA7B3317E486;
			productRefGroup = 96117D3B0D8686EC41FAFAAF /* Products */;
			projectDirPath = "";
			projectRoot = "";
			targets = (
				DFD16675E1D8A7E2DCBCF8E4 /* ProfileFeature */,
			);
		};
/* End PBXProject section */

/* Begin PBXResourcesBuildPhase section */
		8A86643101B5F315B0542121 /* Resources */ = {
			isa = PBXResourcesBuildPhase;
			buildActionMask = 2147483647;
			files = (
			);
			runOnlyForDeploymentPostprocessing = 0;
		};
/* End PBXResourcesBuildPhase section */

/* Begin PBXSourcesBuildPhase section */
		111FA16EE1DB8DF9F36A0183 /* Sources */ = {
			isa = PBXSourcesBuildPhase;
			buildActionMask = 2147483647;
			files = (
				FBC45648C88BF39457AC9171 /* CustomLinkView.swift in Sources */,
				D53844C1B57C33ED736CE922 /* CustomNaviView.swift in Sources */,
				8A6DB6D20B2C2A51378E2CC6 /* CustomSchoolButton.swift in Sources */,
				902DEC54AD81BD7C96EF037D /* CustomSelectQuestionButton.swift in Sources */,
				6C3366C4B7ED170879389B97 /* EditMyPhotoCoordinator+AlbumCoordinatorDelegate.swift in Sources */,
				5730F443B6689A67DE64B30E /* EditMyPhotoCoordinator+EditMyPhotoViewControllerCoordinator.swift in Sources */,
				47C882B228D4D18455C84BA5 /* EditMyPhotoCoordinator.swift in Sources */,
				F551D0785EAA1B25D1755A90 /* EditMyPhotoFactory.swift in Sources */,
				BA4A266FF8E231BE3B838ED3 /* EditSchoolCoordinator+EditSchoolViewControllerCoordinator.swift in Sources */,
				3E103F78A96EBC67A8610E09 /* EditSchoolCoordinator.swift in Sources */,
				C8C8EEED850061F2E422FA2B /* EditSchoolFactory.swift in Sources */,
				024AFAC10876AA282D599191 /* EditUserNameCoordinator+EditUserNameViewControllerCoordinator.swift in Sources */,
				204855C09C8BFC08AF334BAE /* EditUserNameCoordinator.swift in Sources */,
				5AAFE237EC659C251C92998D /* EditUserNameFactory.swift in Sources */,
				B65A1B04C2BA3440EC24369E /* IntroduceCoordinator+IntroduceViewControllerCoordinator.swift in Sources */,
				01383D2B2C8DB6A150EB67CE /* IntroduceCoordinator.swift in Sources */,
				0AB365B614DE800DDF7F0913 /* IntroduceFactory.swift in Sources */,
				E72E9A9FF25E22C5F574B6F5 /* LinksDialogCoordinator+LinksDialogViewControllerCoordinator.swift in Sources */,
				3341EFFB3C97EB00812BFF01 /* LinksDialogCoordinator.swift in Sources */,
				6E6E058CEF9F20CC6F25CEBD /* LinksDialogFactory.swift in Sources */,
				5D89BC48BDFC69C881AD59E8 /* MyBadgeCoordinator+MyBadgeDetailCoordinatorDelegate.swift in Sources */,
				DD95E7DDEE0FC6B7841726DC /* MyBadgeCoordinator+MyBadgeViewControllerCoordinator.swift in Sources */,
				6F4F55EFA60F8653A2FD57CF /* MyBadgeCoordinator.swift in Sources */,
				BE69396EF76385C0F802EFEE /* MyBadgeDetailCoordinator+MyBadgeDetailViewControllerCoordinator.swift in Sources */,
				1573C84DD8E4F614B20E70E5 /* MyBadgeDetailCoordinator.swift in Sources */,
				C0B372E4E352A1E2EE23FA0B /* MyBadgeDetailFactory.swift in Sources */,
				DCCE61630AEE06DCA12B6A04 /* MyBadgeFactory.swift in Sources */,
				5A7C8B7AD96CBC2D942B9CD1 /* ProfileCoordinator+EditMyPhotoCoordinatorDelegate.swift in Sources */,
				062922C0A0C31A5219C8831A /* ProfileCoordinator+EditSchoolCoordinatorDelegate.swift in Sources */,
				7B35E2B85D939916DF07B07A /* ProfileCoordinator+EditUserNameCoordinatorDelegate.swift in Sources */,
				32F70EAC214032944A707653 /* ProfileCoordinator+IntroduceCoordinatorDelegate.swift in Sources */,
				2F27E071067374EC40D54BA4 /* ProfileCoordinator+LinksDialogCoordinatorDelegate.swift in Sources */,
				0CA1DA5E3EE6F183AA0CDA7F /* ProfileCoordinator+MyBadgeCoordinatorDelegate.swift in Sources */,
				4A66EED9BDA04860755D59EE /* ProfileCoordinator+ProfileViewControllerCoordinator.swift in Sources */,
				0622A5AED3F96B7E3201C42D /* ProfileCoordinator+QuestionsCoordinatorDelegate.swift in Sources */,
				5F12A0986F58597A6EA834BF /* ProfileCoordinator+SettingsCoordinatorDelegate.swift in Sources */,
				210A8A35432D7BC7FC9AD112 /* ProfileCoordinator.swift in Sources */,
				1276F677FFB42ADE22FB27B4 /* ProfileFactory.swift in Sources */,
				715D0E7F9D77DAA383D5D2FF /* QuestionDetailCoordinator+QuestionDetailViewControllerCoordinator.swift in Sources */,
				D1C27B0FB366EF0D37DBB29D /* QuestionDetailCoordinator.swift in Sources */,
				646EE289E2D47EB39DF45A24 /* QuestionDetailFactory.swift in Sources */,
				8EB6DEBAF45975A0AB62F97E /* QuestionsCoordinator+QuestionDetailCoordinatorDelegate.swift in Sources */,
				07C34BF129586A45E3FB6B53 /* QuestionsCoordinator+QuestionsDialogCoordinatorDelegate.swift in Sources */,
				176B2612343FA5D30911C85B /* QuestionsCoordinator+QuestionsViewControllerCoordinator.swift in Sources */,
				2845DAF08D25E1D0A525C94B /* QuestionsCoordinator.swift in Sources */,
				45E080A29E9610909AEFED9B /* QuestionsDialogCoordinator+QuestionsDialogViewControllerCoordinator.swift in Sources */,
				5A3611D064BEAE7BC301E1B6 /* QuestionsDialogCoordinator.swift in Sources */,
				8B18398D4AC24190B862E160 /* QuestionsDialogFactory.swift in Sources */,
				F0ED6D806F33213B447E8C07 /* QuestionsFactory.swift in Sources */,
				F71FE135882B9261A301672B /* SettingsCoordinator+SettingsViewControllerCoordinator.swift in Sources */,
				5B82067E200AE10CFFAC461E /* SettingsCoordinator.swift in Sources */,
				0CAAD85CF771BABCC8A603F6 /* SettingsFactory.swift in Sources */,
				8FAE734D3ACF1F94537E8FBC /* IntroduceMbtiButtonCollectionViewCell.swift in Sources */,
				11A081F62783F6DF077E75DB /* IntroduceMbtiCollectionViewCell.swift in Sources */,
				EEE3EA3D8152F4EA534751AF /* IntroduceWritingCollectionViewCell.swift in Sources */,
				1DE99A5B6CFD360858E63D25 /* MyBadgeCollectionViewCell.swift in Sources */,
				1F10CE9A24C402D86A4C181B /* QuestionsDialogTableViewCell.swift in Sources */,
				AD7FBB796998704193CA7A56 /* QuestionsTableViewCell.swift in Sources */,
				0628CD4A4A81FCDECA0D6582 /* EditMyPhotoViewController.swift in Sources */,
				2147490AB1FBF5720770E157 /* EditSchoolViewController.swift in Sources */,
				EF44F0F7664A789ACE2C8F1D /* EditUserNameViewController.swift in Sources */,
				E619EA3668A13410E74ABA2F /* IntroduceViewController.swift in Sources */,
				9C398D265CBFF7FB54EF4CDF /* LinksDialogViewController.swift in Sources */,
				4792B66A2575C8CACBB28984 /* MyBadgeDetailViewController.swift in Sources */,
				92DA760E0F0E1955AB29C4DD /* MyBadgeViewController.swift in Sources */,
				3A47ED4F7B6FF40372CE1480 /* ProfileViewController.swift in Sources */,
				C33C7641EF2E8E380E16C984 /* QuestionDetailViewController.swift in Sources */,
				EF5A0D3817ADA9AE05826AC2 /* QuestionsDialogViewController.swift in Sources */,
				8D11311F4C87331A90B8CE1E /* QuestionsViewController.swift in Sources */,
				56038CF5620576CB26844C72 /* SettingsViewController.swift in Sources */,
				756DD4AA05A241918FA38F70 /* EditMyPhotoViewModel.swift in Sources */,
				92B0746C1E65DED3A7D88073 /* EditSchoolViewModel.swift in Sources */,
				738E32DE2CF0777000BE2370 /* SettingsTableViewCell.swift in Sources */,
				62D396FCAFDEB089BE3ADA02 /* EditUserNameViewModel.swift in Sources */,
				2526EF0DA283B362A7FF3524 /* IntroduceViewModel.swift in Sources */,
				E410C57B100BA5AB65A0E276 /* MyBadgeViewModel.swift in Sources */,
				7C505E7E6CAF70CEDA9F10FC /* ProfileViewModel.swift in Sources */,
				8C591843FB006318A15C6153 /* QuestionsViewModel.swift in Sources */,
				70FD4B5AF7603DBB13CA8BF5 /* SettingsViewModel.swift in Sources */,
			);
			runOnlyForDeploymentPostprocessing = 0;
		};
/* End PBXSourcesBuildPhase section */

/* Begin XCBuildConfiguration section */
		5491663EB718448372A802D1 /* Debug */ = {
			isa = XCBuildConfiguration;
			buildSettings = {
				ALWAYS_SEARCH_USER_PATHS = NO;
				CLANG_ANALYZER_LOCALIZABILITY_NONLOCALIZED = YES;
				CLANG_ANALYZER_NONNULL = YES;
				CLANG_ANALYZER_NUMBER_OBJECT_CONVERSION = YES_AGGRESSIVE;
				CLANG_CXX_LANGUAGE_STANDARD = "gnu++14";
				CLANG_CXX_LIBRARY = "libc++";
				CLANG_ENABLE_MODULES = YES;
				CLANG_ENABLE_OBJC_ARC = YES;
				CLANG_ENABLE_OBJC_WEAK = YES;
				CLANG_WARN_BLOCK_CAPTURE_AUTORELEASING = YES;
				CLANG_WARN_BOOL_CONVERSION = YES;
				CLANG_WARN_COMMA = YES;
				CLANG_WARN_CONSTANT_CONVERSION = YES;
				CLANG_WARN_DEPRECATED_OBJC_IMPLEMENTATIONS = YES;
				CLANG_WARN_DIRECT_OBJC_ISA_USAGE = YES_ERROR;
				CLANG_WARN_DOCUMENTATION_COMMENTS = YES;
				CLANG_WARN_EMPTY_BODY = YES;
				CLANG_WARN_ENUM_CONVERSION = YES;
				CLANG_WARN_INFINITE_RECURSION = YES;
				CLANG_WARN_INT_CONVERSION = YES;
				CLANG_WARN_NON_LITERAL_NULL_CONVERSION = YES;
				CLANG_WARN_OBJC_IMPLICIT_RETAIN_SELF = YES;
				CLANG_WARN_OBJC_LITERAL_CONVERSION = YES;
				CLANG_WARN_OBJC_ROOT_CLASS = YES_ERROR;
				CLANG_WARN_QUOTED_INCLUDE_IN_FRAMEWORK_HEADER = YES;
				CLANG_WARN_RANGE_LOOP_ANALYSIS = YES;
				CLANG_WARN_STRICT_PROTOTYPES = YES;
				CLANG_WARN_SUSPICIOUS_MOVE = YES;
				CLANG_WARN_UNGUARDED_AVAILABILITY = YES_AGGRESSIVE;
				CLANG_WARN_UNREACHABLE_CODE = YES;
				CLANG_WARN__DUPLICATE_METHOD_MATCH = YES;
				COPY_PHASE_STRIP = NO;
				DEAD_CODE_STRIPPING = YES;
				DEBUG_INFORMATION_FORMAT = dwarf;
				ENABLE_STRICT_OBJC_MSGSEND = YES;
				ENABLE_TESTABILITY = YES;
				GCC_C_LANGUAGE_STANDARD = gnu11;
				GCC_DYNAMIC_NO_PIC = NO;
				GCC_NO_COMMON_BLOCKS = YES;
				GCC_OPTIMIZATION_LEVEL = 0;
				GCC_PREPROCESSOR_DEFINITIONS = (
					"DEBUG=1",
					"$(inherited)",
				);
				GCC_WARN_64_TO_32_BIT_CONVERSION = YES;
				GCC_WARN_ABOUT_RETURN_TYPE = YES_ERROR;
				GCC_WARN_UNDECLARED_SELECTOR = YES;
				GCC_WARN_UNINITIALIZED_AUTOS = YES_AGGRESSIVE;
				GCC_WARN_UNUSED_FUNCTION = YES;
				GCC_WARN_UNUSED_VARIABLE = YES;
				MTL_ENABLE_DEBUG_INFO = YES;
				ONLY_ACTIVE_ARCH = YES;
				PRODUCT_NAME = "$(TARGET_NAME)";
			};
			name = Debug;
		};
		9E35C590A6785887B1CD8CBB /* Release */ = {
			isa = XCBuildConfiguration;
			buildSettings = {
				ALWAYS_SEARCH_USER_PATHS = NO;
				CLANG_ANALYZER_LOCALIZABILITY_NONLOCALIZED = YES;
				CLANG_ANALYZER_NONNULL = YES;
				CLANG_ANALYZER_NUMBER_OBJECT_CONVERSION = YES_AGGRESSIVE;
				CLANG_CXX_LANGUAGE_STANDARD = "gnu++14";
				CLANG_CXX_LIBRARY = "libc++";
				CLANG_ENABLE_MODULES = YES;
				CLANG_ENABLE_OBJC_ARC = YES;
				CLANG_ENABLE_OBJC_WEAK = YES;
				CLANG_WARN_BLOCK_CAPTURE_AUTORELEASING = YES;
				CLANG_WARN_BOOL_CONVERSION = YES;
				CLANG_WARN_COMMA = YES;
				CLANG_WARN_CONSTANT_CONVERSION = YES;
				CLANG_WARN_DEPRECATED_OBJC_IMPLEMENTATIONS = YES;
				CLANG_WARN_DIRECT_OBJC_ISA_USAGE = YES_ERROR;
				CLANG_WARN_DOCUMENTATION_COMMENTS = YES;
				CLANG_WARN_EMPTY_BODY = YES;
				CLANG_WARN_ENUM_CONVERSION = YES;
				CLANG_WARN_INFINITE_RECURSION = YES;
				CLANG_WARN_INT_CONVERSION = YES;
				CLANG_WARN_NON_LITERAL_NULL_CONVERSION = YES;
				CLANG_WARN_OBJC_IMPLICIT_RETAIN_SELF = YES;
				CLANG_WARN_OBJC_LITERAL_CONVERSION = YES;
				CLANG_WARN_OBJC_ROOT_CLASS = YES_ERROR;
				CLANG_WARN_QUOTED_INCLUDE_IN_FRAMEWORK_HEADER = YES;
				CLANG_WARN_RANGE_LOOP_ANALYSIS = YES;
				CLANG_WARN_STRICT_PROTOTYPES = YES;
				CLANG_WARN_SUSPICIOUS_MOVE = YES;
				CLANG_WARN_UNGUARDED_AVAILABILITY = YES_AGGRESSIVE;
				CLANG_WARN_UNREACHABLE_CODE = YES;
				CLANG_WARN__DUPLICATE_METHOD_MATCH = YES;
				COPY_PHASE_STRIP = NO;
				DEAD_CODE_STRIPPING = YES;
				DEBUG_INFORMATION_FORMAT = "dwarf-with-dsym";
				ENABLE_NS_ASSERTIONS = NO;
				ENABLE_STRICT_OBJC_MSGSEND = YES;
				GCC_C_LANGUAGE_STANDARD = gnu11;
				GCC_NO_COMMON_BLOCKS = YES;
				GCC_WARN_64_TO_32_BIT_CONVERSION = YES;
				GCC_WARN_ABOUT_RETURN_TYPE = YES_ERROR;
				GCC_WARN_UNDECLARED_SELECTOR = YES;
				GCC_WARN_UNINITIALIZED_AUTOS = YES_AGGRESSIVE;
				GCC_WARN_UNUSED_FUNCTION = YES;
				GCC_WARN_UNUSED_VARIABLE = YES;
				MTL_ENABLE_DEBUG_INFO = NO;
				PRODUCT_NAME = "$(TARGET_NAME)";
				VALIDATE_PRODUCT = YES;
			};
			name = Release;
		};
		AB599DDA141E6C2BA622664D /* Debug */ = {
			isa = XCBuildConfiguration;
			baseConfigurationReference = 9ACE8CAF734090465D7B89D5 /* Debug.xcconfig */;
			buildSettings = {
				CLANG_ENABLE_MODULE_DEBUGGING = YES;
				CODE_SIGN_IDENTITY = "";
				CURRENT_PROJECT_VERSION = 1;
				DEFINES_MODULE = YES;
				DYLIB_COMPATIBILITY_VERSION = 1;
				DYLIB_CURRENT_VERSION = 1;
				DYLIB_INSTALL_NAME_BASE = "@rpath";
				ENABLE_USER_SCRIPT_SANDBOXING = NO;
				INFOPLIST_FILE = "Derived/InfoPlists/ProfileFeature-Info.plist";
				INSTALL_PATH = "$(LOCAL_LIBRARY_DIR)/Frameworks";
				IPHONEOS_DEPLOYMENT_TARGET = 15.0;
				LD_RUNPATH_SEARCH_PATHS = (
					"$(inherited)",
					"@executable_path/Frameworks",
					"@loader_path/Frameworks",
				);
				OTHER_LDFLAGS = (
					"$(inherited)",
					"-ObjC",
				);
				PRODUCT_BUNDLE_IDENTIFIER = com.ATeen.ATeen.ProfileFeature;
				PRODUCT_NAME = ProfileFeature;
				SDKROOT = iphoneos;
				SKIP_INSTALL = YES;
				SUPPORTS_MACCATALYST = NO;
				SUPPORTS_MAC_DESIGNED_FOR_IPHONE_IPAD = YES;
				SUPPORTS_XR_DESIGNED_FOR_IPHONE_IPAD = NO;
				SWIFT_ACTIVE_COMPILATION_CONDITIONS = "$(inherited) DEBUG";
				SWIFT_COMPILATION_MODE = singlefile;
				SWIFT_OPTIMIZATION_LEVEL = "-Onone";
				SWIFT_VERSION = 5.0;
				TARGETED_DEVICE_FAMILY = "1,2";
				VERSIONING_SYSTEM = "apple-generic";
				VERSION_INFO_PREFIX = "";
			};
			name = Debug;
		};
		E99E2E829291F78AB32A9647 /* Release */ = {
			isa = XCBuildConfiguration;
			baseConfigurationReference = 47A6CE17EA77D71FB5B6272E /* Release.xcconfig */;
			buildSettings = {
				CLANG_ENABLE_MODULE_DEBUGGING = YES;
				CODE_SIGN_IDENTITY = "";
				CURRENT_PROJECT_VERSION = 1;
				DEFINES_MODULE = YES;
				DYLIB_COMPATIBILITY_VERSION = 1;
				DYLIB_CURRENT_VERSION = 1;
				DYLIB_INSTALL_NAME_BASE = "@rpath";
				ENABLE_USER_SCRIPT_SANDBOXING = NO;
				INFOPLIST_FILE = "Derived/InfoPlists/ProfileFeature-Info.plist";
				INSTALL_PATH = "$(LOCAL_LIBRARY_DIR)/Frameworks";
				IPHONEOS_DEPLOYMENT_TARGET = 15.0;
				LD_RUNPATH_SEARCH_PATHS = (
					"$(inherited)",
					"@executable_path/Frameworks",
					"@loader_path/Frameworks",
				);
				OTHER_LDFLAGS = (
					"$(inherited)",
					"-ObjC",
				);
				PRODUCT_BUNDLE_IDENTIFIER = com.ATeen.ATeen.ProfileFeature;
				PRODUCT_NAME = ProfileFeature;
				SDKROOT = iphoneos;
				SKIP_INSTALL = YES;
				SUPPORTS_MACCATALYST = NO;
				SUPPORTS_MAC_DESIGNED_FOR_IPHONE_IPAD = YES;
				SUPPORTS_XR_DESIGNED_FOR_IPHONE_IPAD = NO;
				SWIFT_COMPILATION_MODE = wholemodule;
				SWIFT_OPTIMIZATION_LEVEL = "-Owholemodule";
				SWIFT_VERSION = 5.0;
				TARGETED_DEVICE_FAMILY = "1,2";
				VERSIONING_SYSTEM = "apple-generic";
				VERSION_INFO_PREFIX = "";
			};
			name = Release;
		};
/* End XCBuildConfiguration section */

/* Begin XCConfigurationList section */
		820D491C7A089E9609C5577D /* Build configuration list for PBXProject "ProfileFeature" */ = {
			isa = XCConfigurationList;
			buildConfigurations = (
				5491663EB718448372A802D1 /* Debug */,
				9E35C590A6785887B1CD8CBB /* Release */,
			);
			defaultConfigurationIsVisible = 0;
			defaultConfigurationName = Release;
		};
		8ECBCFBC7A44737055EE93B8 /* Build configuration list for PBXNativeTarget "ProfileFeature" */ = {
			isa = XCConfigurationList;
			buildConfigurations = (
				AB599DDA141E6C2BA622664D /* Debug */,
				E99E2E829291F78AB32A9647 /* Release */,
			);
			defaultConfigurationIsVisible = 0;
			defaultConfigurationName = Release;
		};
/* End XCConfigurationList section */
	};
	rootObject = 8EDD6D58BC75A2E09E94B182 /* Project object */;
}
