// !$*UTF8*$!
{
	archiveVersion = 1;
	classes = {
	};
	objectVersion = 56;
	objects = {

/* Begin PBXBuildFile section */
		130D661FE6C4DA29D6C1F5D7 /* EditMyPhotoCoordinator+AlbumCoordinatorDelegate.swift in Sources */ = {isa = PBXBuildFile; fileRef = 0526780B1279690F2786B38C /* EditMyPhotoCoordinator+AlbumCoordinatorDelegate.swift */; };
		18685FA42291823E8E083BF7 /* QuestionsDialogCoordinator.swift in Sources */ = {isa = PBXBuildFile; fileRef = 687B19A705EB0B12FB42F5AC /* QuestionsDialogCoordinator.swift */; };
		1AF2769C08BB127855B1AAF0 /* SettingsViewNavigation.swift in Sources */ = {isa = PBXBuildFile; fileRef = 1413DD890A39C746AB537CAD /* SettingsViewNavigation.swift */; };
		1D34015903FDEA9D60557488 /* IntroduceWritingCollectionViewCell.swift in Sources */ = {isa = PBXBuildFile; fileRef = 3C0D32AAEED5B693EDBC860B /* IntroduceWritingCollectionViewCell.swift */; };
		23A9D4DEB961BA5A80640B24 /* ProfileCoordinator+IntroduceCoordinatorDelegate.swift in Sources */ = {isa = PBXBuildFile; fileRef = D0CFC63F0F34EC7E92641957 /* ProfileCoordinator+IntroduceCoordinatorDelegate.swift */; };
		293D2B97656E4CB9C100C1B1 /* MyBadgeCoordinator.swift in Sources */ = {isa = PBXBuildFile; fileRef = E224FA47A52867E5A97AB323 /* MyBadgeCoordinator.swift */; };
		2D5C6EF39A882655333C1568 /* ProfileCoordinator+EditMyPhotoCoordinatorDelegate.swift in Sources */ = {isa = PBXBuildFile; fileRef = 0DD8EA8B7B99BE3D946CC830 /* ProfileCoordinator+EditMyPhotoCoordinatorDelegate.swift */; };
		2F2CEA64BF582C4D10F2026D /* EditMyPhotoFactory.swift in Sources */ = {isa = PBXBuildFile; fileRef = AE4DDD779755E55385FF7ADF /* EditMyPhotoFactory.swift */; };
		30C7883EC5C80AFFCCFE5A72 /* LinksDialogViewController.swift in Sources */ = {isa = PBXBuildFile; fileRef = 35AEF625E9EB80A53BF3D7F9 /* LinksDialogViewController.swift */; };
		3565A23244CA4DADCC6C28CD /* QuestionsCoordinator+QuestionDetailCoordinatorDelegate.swift in Sources */ = {isa = PBXBuildFile; fileRef = EC6FB62618C3E6E1535D893E /* QuestionsCoordinator+QuestionDetailCoordinatorDelegate.swift */; };
		380666B3922B133EE56AD689 /* QuestionsDialogCoordinator+QuestionsDialogViewControllerCoordinator.swift in Sources */ = {isa = PBXBuildFile; fileRef = 18E21E786AD27740AF2FBB59 /* QuestionsDialogCoordinator+QuestionsDialogViewControllerCoordinator.swift */; };
		3A480E1F26D6029058F0BC75 /* QuestionsDialogViewController.swift in Sources */ = {isa = PBXBuildFile; fileRef = 1CC31044E1AB78EF985832B8 /* QuestionsDialogViewController.swift */; };
		3C0E26671072CA6379BE227F /* LinksDialogCoordinator+LinksDialogViewControllerCoordinator.swift in Sources */ = {isa = PBXBuildFile; fileRef = DE346145CD9601D3DCA3792E /* LinksDialogCoordinator+LinksDialogViewControllerCoordinator.swift */; };
		3C18489A1B8F90BB85A66ACC /* QuestionsViewModel.swift in Sources */ = {isa = PBXBuildFile; fileRef = 087243634A26307538522694 /* QuestionsViewModel.swift */; };
		3D179F40BF1B8A740254DD25 /* IntroduceCoordinator.swift in Sources */ = {isa = PBXBuildFile; fileRef = 1298EB832CDBC9AB1150C4E8 /* IntroduceCoordinator.swift */; };
		41B9697C27BD03C202A793C0 /* MyBadgeCoordinator+MyBadgeViewControllerCoordinator.swift in Sources */ = {isa = PBXBuildFile; fileRef = 98B302CFEB01395BB58D43B7 /* MyBadgeCoordinator+MyBadgeViewControllerCoordinator.swift */; };
		432DBA5B46B128FA01483F9F /* QuestionDetailViewController.swift in Sources */ = {isa = PBXBuildFile; fileRef = 552C0F820240F74D5B5CD0C6 /* QuestionDetailViewController.swift */; };
		43D8E785C38AB333878D3606 /* QuestionDetailCoordinator+QuestionDetailViewControllerCoordinator.swift in Sources */ = {isa = PBXBuildFile; fileRef = C651EC81FFF3D65C45693E9A /* QuestionDetailCoordinator+QuestionDetailViewControllerCoordinator.swift */; };
		4CAF14D1DB7D632923AE9427 /* ProfileCoordinator+EditUserNameCoordinatorDelegate.swift in Sources */ = {isa = PBXBuildFile; fileRef = 616C49F340C729992E8C4FA6 /* ProfileCoordinator+EditUserNameCoordinatorDelegate.swift */; };
		4E3981718945AFC595F63300 /* EditUserNameFactory.swift in Sources */ = {isa = PBXBuildFile; fileRef = 6CB07B63179C5D652285340C /* EditUserNameFactory.swift */; };
		50C7EBDFF11158934C9027D2 /* SettingsCoordinator.swift in Sources */ = {isa = PBXBuildFile; fileRef = 5B2FF38E5388DAF2F177352A /* SettingsCoordinator.swift */; };
		54D815A8ED5D98E835C77659 /* EditMyPhotoCoordinator.swift in Sources */ = {isa = PBXBuildFile; fileRef = BC01A7AE75454E2CC9948591 /* EditMyPhotoCoordinator.swift */; };
		559389EA1E1EB714F4E3B8B4 /* EditUserNameViewModel.swift in Sources */ = {isa = PBXBuildFile; fileRef = 9E013464A66F82A4112ED75D /* EditUserNameViewModel.swift */; };
		55FE9E485CF63075412F9235 /* SettingsViewModel.swift in Sources */ = {isa = PBXBuildFile; fileRef = 93A8444F9FE80E07A61F92F5 /* SettingsViewModel.swift */; };
		5BB80EFC84503C494DD440F1 /* FeatureDependency.framework in Frameworks */ = {isa = PBXBuildFile; fileRef = 641BBD2F2133A809547B278F /* FeatureDependency.framework */; };
		62CEB656EA00ED27DFFE73BA /* ProfileCoordinator.swift in Sources */ = {isa = PBXBuildFile; fileRef = E95CD7EDD3CB71F59D7233E1 /* ProfileCoordinator.swift */; };
		63BDA75A1AA7DDA1953C3C58 /* ProfileFactory.swift in Sources */ = {isa = PBXBuildFile; fileRef = 5B29ED001E6746F907D671D7 /* ProfileFactory.swift */; };
		651C0C41583A7362A1DA6298 /* UserConfigurationCoordinator.swift in Sources */ = {isa = PBXBuildFile; fileRef = 1DBA6AE9367F8E0930D17190 /* UserConfigurationCoordinator.swift */; };
		70DE0EAAF4F6C57528A97416 /* EditMyPhotoViewModel.swift in Sources */ = {isa = PBXBuildFile; fileRef = 30BFA407D1318C8EBC50CDFF /* EditMyPhotoViewModel.swift */; };
		717AE04B63F351AA24127857 /* MyBadgeFactory.swift in Sources */ = {isa = PBXBuildFile; fileRef = 39592BE852D57BACE8732F0E /* MyBadgeFactory.swift */; };
		73363EAD433C000C18AB3FB2 /* EditMyPhotoCoordinator+EditMyPhotoViewControllerCoordinator.swift in Sources */ = {isa = PBXBuildFile; fileRef = FC5F977CBCBAED8782A95D49 /* EditMyPhotoCoordinator+EditMyPhotoViewControllerCoordinator.swift */; };
		7389760D2C92C801008330F3 /* EditSchoolViewController.swift in Sources */ = {isa = PBXBuildFile; fileRef = 7389760C2C92C801008330F3 /* EditSchoolViewController.swift */; };
		7389760F2C92C80C008330F3 /* EditSchoolViewModel.swift in Sources */ = {isa = PBXBuildFile; fileRef = 7389760E2C92C80C008330F3 /* EditSchoolViewModel.swift */; };
		755BE18E11E861FDDF150DEF /* CustomNaviView.swift in Sources */ = {isa = PBXBuildFile; fileRef = A5E49EF055D5905E6493CCEF /* CustomNaviView.swift */; };
		778FEA0055B7D693A3C63559 /* EditMyPhotoViewController.swift in Sources */ = {isa = PBXBuildFile; fileRef = 73515D0C838BE4DC8FF4402E /* EditMyPhotoViewController.swift */; };
		7CAA33AA6E8AE2FF55738646 /* EditUserNameCoordinator.swift in Sources */ = {isa = PBXBuildFile; fileRef = 559C11EB17F02E4ADE5CC78E /* EditUserNameCoordinator.swift */; };
		7DEDC755211F4A29597FFAC4 /* QuestionsDialogTableViewCell.swift in Sources */ = {isa = PBXBuildFile; fileRef = D8EB52A99D4CBBAC7D995CA9 /* QuestionsDialogTableViewCell.swift */; };
		80B240D6510E88A94B547027 /* MyBadgeCollectionViewCell.swift in Sources */ = {isa = PBXBuildFile; fileRef = 30ED18B1A955B309970DE60F /* MyBadgeCollectionViewCell.swift */; };
		82D6398E5EA99B4CB2D33E13 /* UserConfigurationFactory.swift in Sources */ = {isa = PBXBuildFile; fileRef = A7A14D63C33266DECE68E15D /* UserConfigurationFactory.swift */; };
		84F190EE865F1BE143AEE321 /* IntroduceViewController.swift in Sources */ = {isa = PBXBuildFile; fileRef = D952084FA7936F875A1DB685 /* IntroduceViewController.swift */; };
		8A98CED0067FEF0B0859573B /* CustomLinkAddButton.swift in Sources */ = {isa = PBXBuildFile; fileRef = 30D0F25CA220C48D63B514FE /* CustomLinkAddButton.swift */; };
		8B346E18C8519296F391B661 /* ProfileViewController.swift in Sources */ = {isa = PBXBuildFile; fileRef = 05B8D902E7152C60B8C958FB /* ProfileViewController.swift */; };
		8C653FA7AB9EDC5418D06C0A /* ProfileCoordinator+QuestionsCoordinatorDelegate.swift in Sources */ = {isa = PBXBuildFile; fileRef = F35B693A350CF2F8158ED8F1 /* ProfileCoordinator+QuestionsCoordinatorDelegate.swift */; };
		931830C9843BE86EA3E55A9F /* ProfileCoordinator+ProfileViewControllerCoordinator.swift in Sources */ = {isa = PBXBuildFile; fileRef = 6DDD70D31242BB8DFC682928 /* ProfileCoordinator+ProfileViewControllerCoordinator.swift */; };
		9334EDDB692BA398EC302C76 /* IntroduceMbtiButtonCollectionViewCell.swift in Sources */ = {isa = PBXBuildFile; fileRef = D5DE40BFB4D377B1E561DAA5 /* IntroduceMbtiButtonCollectionViewCell.swift */; };
		95BC236C36ABBA77349D9B34 /* CustomSelectQuestionButton.swift in Sources */ = {isa = PBXBuildFile; fileRef = BAF80EE55293ECE0A8225772 /* CustomSelectQuestionButton.swift */; };
		99355073D0B05AD9790D0DAD /* IntroduceFactory.swift in Sources */ = {isa = PBXBuildFile; fileRef = 27F7C519BD4287E93F0B78F6 /* IntroduceFactory.swift */; };
		9A66A7C60A02BE8DC358B9F8 /* SettingsCoordinator+SettingsViewControllerCoordinator.swift in Sources */ = {isa = PBXBuildFile; fileRef = 3A021C9386BA2E61F34B01B1 /* SettingsCoordinator+SettingsViewControllerCoordinator.swift */; };
		9BC1D5DFDC96A9B004756B6C /* QuestionDetailCoordinator.swift in Sources */ = {isa = PBXBuildFile; fileRef = F5B98E0626BEFB31E64FB5F0 /* QuestionDetailCoordinator.swift */; };
		A035510A4A6EE163CA4B8A67 /* IntroduceMbtiCollectionViewCell.swift in Sources */ = {isa = PBXBuildFile; fileRef = C670D099F7F3EDC5E439D26D /* IntroduceMbtiCollectionViewCell.swift */; };
		A2366D2ED1A40ED864B84B24 /* LinksDialogCoordinator.swift in Sources */ = {isa = PBXBuildFile; fileRef = 07142B8944576C8E05F10FEB /* LinksDialogCoordinator.swift */; };
		AA94E1F84B848B6EF789EED0 /* QuestionsCoordinator+QuestionsDialogCoordinatorDelegate.swift in Sources */ = {isa = PBXBuildFile; fileRef = E0B905510F51974CF81A2A3C /* QuestionsCoordinator+QuestionsDialogCoordinatorDelegate.swift */; };
		AB5925C31F9634BD20280D83 /* ExampleViewController.swift in Sources */ = {isa = PBXBuildFile; fileRef = 4D6BD7FF19595E3D572390D1 /* ExampleViewController.swift */; };
		ABB9084AC0D96500769ACED8 /* QuestionsCoordinator+QuestionsViewControllerCoordinator.swift in Sources */ = {isa = PBXBuildFile; fileRef = 6B4CC6EB29FB062E68722982 /* QuestionsCoordinator+QuestionsViewControllerCoordinator.swift */; };
		AE376E5D75BF9251AEF369A1 /* QuestionDetailFactory.swift in Sources */ = {isa = PBXBuildFile; fileRef = 2A091001E376CAEC51119784 /* QuestionDetailFactory.swift */; };
		B4A48BCC23735BBD33F95FDC /* EditUserNameCoordinator+EditUserNameViewControllerCoordinator.swift in Sources */ = {isa = PBXBuildFile; fileRef = 59A80BD548DD6EED2C6D76A5 /* EditUserNameCoordinator+EditUserNameViewControllerCoordinator.swift */; };
		B62968261FB465C9CB558474 /* CustomMbtiButton.swift in Sources */ = {isa = PBXBuildFile; fileRef = 881A6CF6D1DA006BCB78DB81 /* CustomMbtiButton.swift */; };
		B878F46F5D147FA6A0C328A4 /* ItemSettingViewModel.swift in Sources */ = {isa = PBXBuildFile; fileRef = 4EEA74C36988904F75753C22 /* ItemSettingViewModel.swift */; };
		BFADE4B2D1576800E307DAFE /* CustomLinkView.swift in Sources */ = {isa = PBXBuildFile; fileRef = 523B8D3545600E5D39B2D2B5 /* CustomLinkView.swift */; };
		C06241105876ED5A18CE8E3A /* SettingsViewController.swift in Sources */ = {isa = PBXBuildFile; fileRef = 0047357D2E6C44164FCE4A37 /* SettingsViewController.swift */; };
		CC286220C6A3FAAF1496B521 /* QuestionsTableViewCell.swift in Sources */ = {isa = PBXBuildFile; fileRef = 0F6590180222333CA02BD1AA /* QuestionsTableViewCell.swift */; };
		CDC83D3C9B2A75C822DC9EFB /* QuestionsCoordinator.swift in Sources */ = {isa = PBXBuildFile; fileRef = 2897B59F95384EB6B1D3A5D8 /* QuestionsCoordinator.swift */; };
		CDCB94943487827A45EFF46C /* MyBadgeViewModel.swift in Sources */ = {isa = PBXBuildFile; fileRef = FD99AD43F0848BC3905A9C2C /* MyBadgeViewModel.swift */; };
		CF31723F1111CE1D7B7868F7 /* ProfileViewModel.swift in Sources */ = {isa = PBXBuildFile; fileRef = 4A67824CBC94EB926F41E23B /* ProfileViewModel.swift */; };
		D9B2E9D367082525E2957208 /* MyBadgeViewController.swift in Sources */ = {isa = PBXBuildFile; fileRef = A82EA3AC854D030D44C983EB /* MyBadgeViewController.swift */; };
		DACAD6A2C03A97065E842288 /* IntroduceViewModel.swift in Sources */ = {isa = PBXBuildFile; fileRef = 78F33F76681A8564608F3DE7 /* IntroduceViewModel.swift */; };
		DCC6F7A653A199060A77C5FA /* QuestionsDialogFactory.swift in Sources */ = {isa = PBXBuildFile; fileRef = 1B169FB2C0F16DEBD8458F7E /* QuestionsDialogFactory.swift */; };
		E26DE4296CE0EE35791A7B04 /* QuestionsViewController.swift in Sources */ = {isa = PBXBuildFile; fileRef = 328B1195AB0B5C831268D97D /* QuestionsViewController.swift */; };
		E9F5D9EE4DDCE7081B7FE62B /* ProfileCoordinator+LinksDialogCoordinatorDelegate.swift in Sources */ = {isa = PBXBuildFile; fileRef = 9C9F5AEB209AF9FB4F345AE4 /* ProfileCoordinator+LinksDialogCoordinatorDelegate.swift */; };
		EA1D03DBB574905F4E854A74 /* IntroduceCoordinator+IntroduceViewControllerCoordinator.swift in Sources */ = {isa = PBXBuildFile; fileRef = B8D8FE7FDE10EABF538CE143 /* IntroduceCoordinator+IntroduceViewControllerCoordinator.swift */; };
		F06AB05FD871A3409C383F32 /* QuestionsFactory.swift in Sources */ = {isa = PBXBuildFile; fileRef = 68FE91B2CC4851213851ACE2 /* QuestionsFactory.swift */; };
		F50BE5345691F5EB0B8E641F /* ProfileCoordinator+SettingsCoordinatorDelegate.swift in Sources */ = {isa = PBXBuildFile; fileRef = 4C09B1A3162D825A31E6D2A9 /* ProfileCoordinator+SettingsCoordinatorDelegate.swift */; };
		F5C6B3B03FF9E0E536323DAE /* EditUserNameViewController.swift in Sources */ = {isa = PBXBuildFile; fileRef = 7003FAC9D51A07D9EEA2DD4D /* EditUserNameViewController.swift */; };
		F84EB88CC95A5BE8CAE73CD4 /* LinksDialogFactory.swift in Sources */ = {isa = PBXBuildFile; fileRef = D57D6431AC9E73AB0466B0B6 /* LinksDialogFactory.swift */; };
		F921C7F56F471F3B4DF17FCC /* UserConfigurationViewController.swift in Sources */ = {isa = PBXBuildFile; fileRef = 3C01D72B7494D5394ADD666F /* UserConfigurationViewController.swift */; };
		FBBDC5A8AF21B30E8F2ED784 /* SettingsCoordinator+UserConfigurationCoordinatorDelegate.swift in Sources */ = {isa = PBXBuildFile; fileRef = D2C93CF9A2566ADD6453D07B /* SettingsCoordinator+UserConfigurationCoordinatorDelegate.swift */; };
		FD3E2FA7C3E0DA9EEDA147B7 /* SettingsFactory.swift in Sources */ = {isa = PBXBuildFile; fileRef = D7A132978DEDA4EA526FE0A4 /* SettingsFactory.swift */; };
		FF9DB13DC57CB0C1F0D5A44C /* ProfileCoordinator+MyBadgeCoordinatorDelegate.swift in Sources */ = {isa = PBXBuildFile; fileRef = D7BC6A01E84E5DCB63E570A6 /* ProfileCoordinator+MyBadgeCoordinatorDelegate.swift */; };
/* End PBXBuildFile section */

/* Begin PBXCopyFilesBuildPhase section */
		67720447EE02851F604AB838 /* Embed Frameworks */ = {
			isa = PBXCopyFilesBuildPhase;
			buildActionMask = 2147483647;
			dstPath = "";
			dstSubfolderSpec = 10;
			files = (
			);
			name = "Embed Frameworks";
			runOnlyForDeploymentPostprocessing = 0;
		};
/* End PBXCopyFilesBuildPhase section */

/* Begin PBXFileReference section */
		0047357D2E6C44164FCE4A37 /* SettingsViewController.swift */ = {isa = PBXFileReference; lastKnownFileType = sourcecode.swift; path = SettingsViewController.swift; sourceTree = "<group>"; };
		0526780B1279690F2786B38C /* EditMyPhotoCoordinator+AlbumCoordinatorDelegate.swift */ = {isa = PBXFileReference; lastKnownFileType = sourcecode.swift; path = "EditMyPhotoCoordinator+AlbumCoordinatorDelegate.swift"; sourceTree = "<group>"; };
		05B8D902E7152C60B8C958FB /* ProfileViewController.swift */ = {isa = PBXFileReference; lastKnownFileType = sourcecode.swift; path = ProfileViewController.swift; sourceTree = "<group>"; };
		07142B8944576C8E05F10FEB /* LinksDialogCoordinator.swift */ = {isa = PBXFileReference; lastKnownFileType = sourcecode.swift; path = LinksDialogCoordinator.swift; sourceTree = "<group>"; };
		087243634A26307538522694 /* QuestionsViewModel.swift */ = {isa = PBXFileReference; lastKnownFileType = sourcecode.swift; path = QuestionsViewModel.swift; sourceTree = "<group>"; };
		0DD8EA8B7B99BE3D946CC830 /* ProfileCoordinator+EditMyPhotoCoordinatorDelegate.swift */ = {isa = PBXFileReference; lastKnownFileType = sourcecode.swift; path = "ProfileCoordinator+EditMyPhotoCoordinatorDelegate.swift"; sourceTree = "<group>"; };
		0F6590180222333CA02BD1AA /* QuestionsTableViewCell.swift */ = {isa = PBXFileReference; lastKnownFileType = sourcecode.swift; path = QuestionsTableViewCell.swift; sourceTree = "<group>"; };
		1298EB832CDBC9AB1150C4E8 /* IntroduceCoordinator.swift */ = {isa = PBXFileReference; lastKnownFileType = sourcecode.swift; path = IntroduceCoordinator.swift; sourceTree = "<group>"; };
		1413DD890A39C746AB537CAD /* SettingsViewNavigation.swift */ = {isa = PBXFileReference; lastKnownFileType = sourcecode.swift; path = SettingsViewNavigation.swift; sourceTree = "<group>"; };
		18E21E786AD27740AF2FBB59 /* QuestionsDialogCoordinator+QuestionsDialogViewControllerCoordinator.swift */ = {isa = PBXFileReference; lastKnownFileType = sourcecode.swift; path = "QuestionsDialogCoordinator+QuestionsDialogViewControllerCoordinator.swift"; sourceTree = "<group>"; };
		1B169FB2C0F16DEBD8458F7E /* QuestionsDialogFactory.swift */ = {isa = PBXFileReference; lastKnownFileType = sourcecode.swift; path = QuestionsDialogFactory.swift; sourceTree = "<group>"; };
		1CC31044E1AB78EF985832B8 /* QuestionsDialogViewController.swift */ = {isa = PBXFileReference; lastKnownFileType = sourcecode.swift; path = QuestionsDialogViewController.swift; sourceTree = "<group>"; };
		1DBA6AE9367F8E0930D17190 /* UserConfigurationCoordinator.swift */ = {isa = PBXFileReference; lastKnownFileType = sourcecode.swift; path = UserConfigurationCoordinator.swift; sourceTree = "<group>"; };
		27F7C519BD4287E93F0B78F6 /* IntroduceFactory.swift */ = {isa = PBXFileReference; lastKnownFileType = sourcecode.swift; path = IntroduceFactory.swift; sourceTree = "<group>"; };
		2897B59F95384EB6B1D3A5D8 /* QuestionsCoordinator.swift */ = {isa = PBXFileReference; lastKnownFileType = sourcecode.swift; path = QuestionsCoordinator.swift; sourceTree = "<group>"; };
		2A091001E376CAEC51119784 /* QuestionDetailFactory.swift */ = {isa = PBXFileReference; lastKnownFileType = sourcecode.swift; path = QuestionDetailFactory.swift; sourceTree = "<group>"; };
		30BFA407D1318C8EBC50CDFF /* EditMyPhotoViewModel.swift */ = {isa = PBXFileReference; lastKnownFileType = sourcecode.swift; path = EditMyPhotoViewModel.swift; sourceTree = "<group>"; };
		30D0F25CA220C48D63B514FE /* CustomLinkAddButton.swift */ = {isa = PBXFileReference; lastKnownFileType = sourcecode.swift; path = CustomLinkAddButton.swift; sourceTree = "<group>"; };
		30ED18B1A955B309970DE60F /* MyBadgeCollectionViewCell.swift */ = {isa = PBXFileReference; lastKnownFileType = sourcecode.swift; path = MyBadgeCollectionViewCell.swift; sourceTree = "<group>"; };
		328B1195AB0B5C831268D97D /* QuestionsViewController.swift */ = {isa = PBXFileReference; lastKnownFileType = sourcecode.swift; path = QuestionsViewController.swift; sourceTree = "<group>"; };
		35AEF625E9EB80A53BF3D7F9 /* LinksDialogViewController.swift */ = {isa = PBXFileReference; lastKnownFileType = sourcecode.swift; path = LinksDialogViewController.swift; sourceTree = "<group>"; };
		39592BE852D57BACE8732F0E /* MyBadgeFactory.swift */ = {isa = PBXFileReference; lastKnownFileType = sourcecode.swift; path = MyBadgeFactory.swift; sourceTree = "<group>"; };
		3A021C9386BA2E61F34B01B1 /* SettingsCoordinator+SettingsViewControllerCoordinator.swift */ = {isa = PBXFileReference; lastKnownFileType = sourcecode.swift; path = "SettingsCoordinator+SettingsViewControllerCoordinator.swift"; sourceTree = "<group>"; };
		3C01D72B7494D5394ADD666F /* UserConfigurationViewController.swift */ = {isa = PBXFileReference; lastKnownFileType = sourcecode.swift; path = UserConfigurationViewController.swift; sourceTree = "<group>"; };
		3C0D32AAEED5B693EDBC860B /* IntroduceWritingCollectionViewCell.swift */ = {isa = PBXFileReference; lastKnownFileType = sourcecode.swift; path = IntroduceWritingCollectionViewCell.swift; sourceTree = "<group>"; };
		47A6CE17EA77D71FB5B6272E /* Release.xcconfig */ = {isa = PBXFileReference; lastKnownFileType = text.xcconfig; path = Release.xcconfig; sourceTree = "<group>"; };
		4A67824CBC94EB926F41E23B /* ProfileViewModel.swift */ = {isa = PBXFileReference; lastKnownFileType = sourcecode.swift; path = ProfileViewModel.swift; sourceTree = "<group>"; };
		4C09B1A3162D825A31E6D2A9 /* ProfileCoordinator+SettingsCoordinatorDelegate.swift */ = {isa = PBXFileReference; lastKnownFileType = sourcecode.swift; path = "ProfileCoordinator+SettingsCoordinatorDelegate.swift"; sourceTree = "<group>"; };
		4D6BD7FF19595E3D572390D1 /* ExampleViewController.swift */ = {isa = PBXFileReference; lastKnownFileType = sourcecode.swift; path = ExampleViewController.swift; sourceTree = "<group>"; };
		4EEA74C36988904F75753C22 /* ItemSettingViewModel.swift */ = {isa = PBXFileReference; lastKnownFileType = sourcecode.swift; path = ItemSettingViewModel.swift; sourceTree = "<group>"; };
		523B8D3545600E5D39B2D2B5 /* CustomLinkView.swift */ = {isa = PBXFileReference; lastKnownFileType = sourcecode.swift; path = CustomLinkView.swift; sourceTree = "<group>"; };
		552C0F820240F74D5B5CD0C6 /* QuestionDetailViewController.swift */ = {isa = PBXFileReference; lastKnownFileType = sourcecode.swift; path = QuestionDetailViewController.swift; sourceTree = "<group>"; };
		559C11EB17F02E4ADE5CC78E /* EditUserNameCoordinator.swift */ = {isa = PBXFileReference; lastKnownFileType = sourcecode.swift; path = EditUserNameCoordinator.swift; sourceTree = "<group>"; };
		59A80BD548DD6EED2C6D76A5 /* EditUserNameCoordinator+EditUserNameViewControllerCoordinator.swift */ = {isa = PBXFileReference; lastKnownFileType = sourcecode.swift; path = "EditUserNameCoordinator+EditUserNameViewControllerCoordinator.swift"; sourceTree = "<group>"; };
		5B29ED001E6746F907D671D7 /* ProfileFactory.swift */ = {isa = PBXFileReference; lastKnownFileType = sourcecode.swift; path = ProfileFactory.swift; sourceTree = "<group>"; };
		5B2FF38E5388DAF2F177352A /* SettingsCoordinator.swift */ = {isa = PBXFileReference; lastKnownFileType = sourcecode.swift; path = SettingsCoordinator.swift; sourceTree = "<group>"; };
		616C49F340C729992E8C4FA6 /* ProfileCoordinator+EditUserNameCoordinatorDelegate.swift */ = {isa = PBXFileReference; lastKnownFileType = sourcecode.swift; path = "ProfileCoordinator+EditUserNameCoordinatorDelegate.swift"; sourceTree = "<group>"; };
		641BBD2F2133A809547B278F /* FeatureDependency.framework */ = {isa = PBXFileReference; explicitFileType = wrapper.framework; includeInIndex = 0; path = FeatureDependency.framework; sourceTree = BUILT_PRODUCTS_DIR; };
		687B19A705EB0B12FB42F5AC /* QuestionsDialogCoordinator.swift */ = {isa = PBXFileReference; lastKnownFileType = sourcecode.swift; path = QuestionsDialogCoordinator.swift; sourceTree = "<group>"; };
		68FE91B2CC4851213851ACE2 /* QuestionsFactory.swift */ = {isa = PBXFileReference; lastKnownFileType = sourcecode.swift; path = QuestionsFactory.swift; sourceTree = "<group>"; };
		6B4CC6EB29FB062E68722982 /* QuestionsCoordinator+QuestionsViewControllerCoordinator.swift */ = {isa = PBXFileReference; lastKnownFileType = sourcecode.swift; path = "QuestionsCoordinator+QuestionsViewControllerCoordinator.swift"; sourceTree = "<group>"; };
		6CB07B63179C5D652285340C /* EditUserNameFactory.swift */ = {isa = PBXFileReference; lastKnownFileType = sourcecode.swift; path = EditUserNameFactory.swift; sourceTree = "<group>"; };
		6DDD70D31242BB8DFC682928 /* ProfileCoordinator+ProfileViewControllerCoordinator.swift */ = {isa = PBXFileReference; lastKnownFileType = sourcecode.swift; path = "ProfileCoordinator+ProfileViewControllerCoordinator.swift"; sourceTree = "<group>"; };
		7003FAC9D51A07D9EEA2DD4D /* EditUserNameViewController.swift */ = {isa = PBXFileReference; lastKnownFileType = sourcecode.swift; path = EditUserNameViewController.swift; sourceTree = "<group>"; };
		73515D0C838BE4DC8FF4402E /* EditMyPhotoViewController.swift */ = {isa = PBXFileReference; lastKnownFileType = sourcecode.swift; path = EditMyPhotoViewController.swift; sourceTree = "<group>"; };
		7389760C2C92C801008330F3 /* EditSchoolViewController.swift */ = {isa = PBXFileReference; lastKnownFileType = sourcecode.swift; path = EditSchoolViewController.swift; sourceTree = "<group>"; };
		7389760E2C92C80C008330F3 /* EditSchoolViewModel.swift */ = {isa = PBXFileReference; lastKnownFileType = sourcecode.swift; path = EditSchoolViewModel.swift; sourceTree = "<group>"; };
		78F33F76681A8564608F3DE7 /* IntroduceViewModel.swift */ = {isa = PBXFileReference; lastKnownFileType = sourcecode.swift; path = IntroduceViewModel.swift; sourceTree = "<group>"; };
		7D75411655BD7C1F2248A03D /* ProfileFeature.framework */ = {isa = PBXFileReference; explicitFileType = wrapper.framework; includeInIndex = 0; path = ProfileFeature.framework; sourceTree = BUILT_PRODUCTS_DIR; };
		881A6CF6D1DA006BCB78DB81 /* CustomMbtiButton.swift */ = {isa = PBXFileReference; lastKnownFileType = sourcecode.swift; path = CustomMbtiButton.swift; sourceTree = "<group>"; };
		93A8444F9FE80E07A61F92F5 /* SettingsViewModel.swift */ = {isa = PBXFileReference; lastKnownFileType = sourcecode.swift; path = SettingsViewModel.swift; sourceTree = "<group>"; };
		98B302CFEB01395BB58D43B7 /* MyBadgeCoordinator+MyBadgeViewControllerCoordinator.swift */ = {isa = PBXFileReference; lastKnownFileType = sourcecode.swift; path = "MyBadgeCoordinator+MyBadgeViewControllerCoordinator.swift"; sourceTree = "<group>"; };
		9ACE8CAF734090465D7B89D5 /* Debug.xcconfig */ = {isa = PBXFileReference; lastKnownFileType = text.xcconfig; path = Debug.xcconfig; sourceTree = "<group>"; };
		9C9F5AEB209AF9FB4F345AE4 /* ProfileCoordinator+LinksDialogCoordinatorDelegate.swift */ = {isa = PBXFileReference; lastKnownFileType = sourcecode.swift; path = "ProfileCoordinator+LinksDialogCoordinatorDelegate.swift"; sourceTree = "<group>"; };
		9E013464A66F82A4112ED75D /* EditUserNameViewModel.swift */ = {isa = PBXFileReference; lastKnownFileType = sourcecode.swift; path = EditUserNameViewModel.swift; sourceTree = "<group>"; };
		A5E49EF055D5905E6493CCEF /* CustomNaviView.swift */ = {isa = PBXFileReference; lastKnownFileType = sourcecode.swift; path = CustomNaviView.swift; sourceTree = "<group>"; };
		A7A14D63C33266DECE68E15D /* UserConfigurationFactory.swift */ = {isa = PBXFileReference; lastKnownFileType = sourcecode.swift; path = UserConfigurationFactory.swift; sourceTree = "<group>"; };
		A82EA3AC854D030D44C983EB /* MyBadgeViewController.swift */ = {isa = PBXFileReference; lastKnownFileType = sourcecode.swift; path = MyBadgeViewController.swift; sourceTree = "<group>"; };
		AE4DDD779755E55385FF7ADF /* EditMyPhotoFactory.swift */ = {isa = PBXFileReference; lastKnownFileType = sourcecode.swift; path = EditMyPhotoFactory.swift; sourceTree = "<group>"; };
		B0913E9F158A7764CA30B252 /* ProfileFeature-Info.plist */ = {isa = PBXFileReference; lastKnownFileType = text.plist; path = "ProfileFeature-Info.plist"; sourceTree = "<group>"; };
		B8D8FE7FDE10EABF538CE143 /* IntroduceCoordinator+IntroduceViewControllerCoordinator.swift */ = {isa = PBXFileReference; lastKnownFileType = sourcecode.swift; path = "IntroduceCoordinator+IntroduceViewControllerCoordinator.swift"; sourceTree = "<group>"; };
		BAF80EE55293ECE0A8225772 /* CustomSelectQuestionButton.swift */ = {isa = PBXFileReference; lastKnownFileType = sourcecode.swift; path = CustomSelectQuestionButton.swift; sourceTree = "<group>"; };
		BC01A7AE75454E2CC9948591 /* EditMyPhotoCoordinator.swift */ = {isa = PBXFileReference; lastKnownFileType = sourcecode.swift; path = EditMyPhotoCoordinator.swift; sourceTree = "<group>"; };
		C651EC81FFF3D65C45693E9A /* QuestionDetailCoordinator+QuestionDetailViewControllerCoordinator.swift */ = {isa = PBXFileReference; lastKnownFileType = sourcecode.swift; path = "QuestionDetailCoordinator+QuestionDetailViewControllerCoordinator.swift"; sourceTree = "<group>"; };
		C670D099F7F3EDC5E439D26D /* IntroduceMbtiCollectionViewCell.swift */ = {isa = PBXFileReference; lastKnownFileType = sourcecode.swift; path = IntroduceMbtiCollectionViewCell.swift; sourceTree = "<group>"; };
		D0CFC63F0F34EC7E92641957 /* ProfileCoordinator+IntroduceCoordinatorDelegate.swift */ = {isa = PBXFileReference; lastKnownFileType = sourcecode.swift; path = "ProfileCoordinator+IntroduceCoordinatorDelegate.swift"; sourceTree = "<group>"; };
		D2C93CF9A2566ADD6453D07B /* SettingsCoordinator+UserConfigurationCoordinatorDelegate.swift */ = {isa = PBXFileReference; lastKnownFileType = sourcecode.swift; path = "SettingsCoordinator+UserConfigurationCoordinatorDelegate.swift"; sourceTree = "<group>"; };
		D57D6431AC9E73AB0466B0B6 /* LinksDialogFactory.swift */ = {isa = PBXFileReference; lastKnownFileType = sourcecode.swift; path = LinksDialogFactory.swift; sourceTree = "<group>"; };
		D5DE40BFB4D377B1E561DAA5 /* IntroduceMbtiButtonCollectionViewCell.swift */ = {isa = PBXFileReference; lastKnownFileType = sourcecode.swift; path = IntroduceMbtiButtonCollectionViewCell.swift; sourceTree = "<group>"; };
		D7A132978DEDA4EA526FE0A4 /* SettingsFactory.swift */ = {isa = PBXFileReference; lastKnownFileType = sourcecode.swift; path = SettingsFactory.swift; sourceTree = "<group>"; };
		D7BC6A01E84E5DCB63E570A6 /* ProfileCoordinator+MyBadgeCoordinatorDelegate.swift */ = {isa = PBXFileReference; lastKnownFileType = sourcecode.swift; path = "ProfileCoordinator+MyBadgeCoordinatorDelegate.swift"; sourceTree = "<group>"; };
		D8EB52A99D4CBBAC7D995CA9 /* QuestionsDialogTableViewCell.swift */ = {isa = PBXFileReference; lastKnownFileType = sourcecode.swift; path = QuestionsDialogTableViewCell.swift; sourceTree = "<group>"; };
		D952084FA7936F875A1DB685 /* IntroduceViewController.swift */ = {isa = PBXFileReference; lastKnownFileType = sourcecode.swift; path = IntroduceViewController.swift; sourceTree = "<group>"; };
		DE346145CD9601D3DCA3792E /* LinksDialogCoordinator+LinksDialogViewControllerCoordinator.swift */ = {isa = PBXFileReference; lastKnownFileType = sourcecode.swift; path = "LinksDialogCoordinator+LinksDialogViewControllerCoordinator.swift"; sourceTree = "<group>"; };
		E0B905510F51974CF81A2A3C /* QuestionsCoordinator+QuestionsDialogCoordinatorDelegate.swift */ = {isa = PBXFileReference; lastKnownFileType = sourcecode.swift; path = "QuestionsCoordinator+QuestionsDialogCoordinatorDelegate.swift"; sourceTree = "<group>"; };
		E224FA47A52867E5A97AB323 /* MyBadgeCoordinator.swift */ = {isa = PBXFileReference; lastKnownFileType = sourcecode.swift; path = MyBadgeCoordinator.swift; sourceTree = "<group>"; };
		E95CD7EDD3CB71F59D7233E1 /* ProfileCoordinator.swift */ = {isa = PBXFileReference; lastKnownFileType = sourcecode.swift; path = ProfileCoordinator.swift; sourceTree = "<group>"; };
		EC6FB62618C3E6E1535D893E /* QuestionsCoordinator+QuestionDetailCoordinatorDelegate.swift */ = {isa = PBXFileReference; lastKnownFileType = sourcecode.swift; path = "QuestionsCoordinator+QuestionDetailCoordinatorDelegate.swift"; sourceTree = "<group>"; };
		F35B693A350CF2F8158ED8F1 /* ProfileCoordinator+QuestionsCoordinatorDelegate.swift */ = {isa = PBXFileReference; lastKnownFileType = sourcecode.swift; path = "ProfileCoordinator+QuestionsCoordinatorDelegate.swift"; sourceTree = "<group>"; };
		F5B98E0626BEFB31E64FB5F0 /* QuestionDetailCoordinator.swift */ = {isa = PBXFileReference; lastKnownFileType = sourcecode.swift; path = QuestionDetailCoordinator.swift; sourceTree = "<group>"; };
		FC5F977CBCBAED8782A95D49 /* EditMyPhotoCoordinator+EditMyPhotoViewControllerCoordinator.swift */ = {isa = PBXFileReference; lastKnownFileType = sourcecode.swift; path = "EditMyPhotoCoordinator+EditMyPhotoViewControllerCoordinator.swift"; sourceTree = "<group>"; };
		FD99AD43F0848BC3905A9C2C /* MyBadgeViewModel.swift */ = {isa = PBXFileReference; lastKnownFileType = sourcecode.swift; path = MyBadgeViewModel.swift; sourceTree = "<group>"; };
/* End PBXFileReference section */

/* Begin PBXFrameworksBuildPhase section */
		A1C36443BCE5E25F06E751A1 /* Frameworks */ = {
			isa = PBXFrameworksBuildPhase;
			buildActionMask = 2147483647;
			files = (
				5BB80EFC84503C494DD440F1 /* FeatureDependency.framework in Frameworks */,
			);
			runOnlyForDeploymentPostprocessing = 0;
		};
/* End PBXFrameworksBuildPhase section */

/* Begin PBXGroup section */
		0A8BDDBA5C234DD14B6A6874 /* Link */ = {
			isa = PBXGroup;
			children = (
				07142B8944576C8E05F10FEB /* LinksDialogCoordinator.swift */,
				DE346145CD9601D3DCA3792E /* LinksDialogCoordinator+LinksDialogViewControllerCoordinator.swift */,
				D57D6431AC9E73AB0466B0B6 /* LinksDialogFactory.swift */,
			);
			path = Link;
			sourceTree = "<group>";
		};
		177308DFAC1834BC037DF8A3 /* View */ = {
			isa = PBXGroup;
			children = (
				73515D0C838BE4DC8FF4402E /* EditMyPhotoViewController.swift */,
				7003FAC9D51A07D9EEA2DD4D /* EditUserNameViewController.swift */,
				7389760C2C92C801008330F3 /* EditSchoolViewController.swift */,
				D952084FA7936F875A1DB685 /* IntroduceViewController.swift */,
				35AEF625E9EB80A53BF3D7F9 /* LinksDialogViewController.swift */,
				A82EA3AC854D030D44C983EB /* MyBadgeViewController.swift */,
				05B8D902E7152C60B8C958FB /* ProfileViewController.swift */,
				552C0F820240F74D5B5CD0C6 /* QuestionDetailViewController.swift */,
				1CC31044E1AB78EF985832B8 /* QuestionsDialogViewController.swift */,
				328B1195AB0B5C831268D97D /* QuestionsViewController.swift */,
			);
			path = View;
			sourceTree = "<group>";
		};
		18FFA6429B3A0C54F85C89E2 /* Profile */ = {
			isa = PBXGroup;
			children = (
				72F7BC80C489E3448FF9AFB7 /* Components */,
				2830116AFEC227D5B23017BE /* Composition */,
				739B1FA0E9CE4591A0BD21BA /* Presentation */,
			);
			path = Profile;
			sourceTree = "<group>";
		};
		1C75827064F8C27BCAF9E944 /* Cell */ = {
			isa = PBXGroup;
			children = (
				D5DE40BFB4D377B1E561DAA5 /* IntroduceMbtiButtonCollectionViewCell.swift */,
				C670D099F7F3EDC5E439D26D /* IntroduceMbtiCollectionViewCell.swift */,
				3C0D32AAEED5B693EDBC860B /* IntroduceWritingCollectionViewCell.swift */,
				30ED18B1A955B309970DE60F /* MyBadgeCollectionViewCell.swift */,
				D8EB52A99D4CBBAC7D995CA9 /* QuestionsDialogTableViewCell.swift */,
				0F6590180222333CA02BD1AA /* QuestionsTableViewCell.swift */,
			);
			path = Cell;
			sourceTree = "<group>";
		};
		2830116AFEC227D5B23017BE /* Composition */ = {
			isa = PBXGroup;
			children = (
				6D87F8B7D47DCE27E61637B0 /* EditMyPhoto */,
				F3B232AB76805AC75CF8C682 /* EditUserName */,
				3E6465A0CECA42E1B055124E /* Introduce */,
				0A8BDDBA5C234DD14B6A6874 /* Link */,
				F47BAAEFB7AF589FF42615F4 /* MyBadge */,
				C47CD8CB0263CCE1A5415102 /* Profile */,
				DA1718088B9228A46A5FDB38 /* Question */,
			);
			path = Composition;
			sourceTree = "<group>";
		};
		3E3DDEF650C4FA7B3317E486 = {
			isa = PBXGroup;
			children = (
				46CD4FFB106A01D9912F0624 /* Project */,
				96117D3B0D8686EC41FAFAAF /* Products */,
			);
			sourceTree = "<group>";
		};
		3E6465A0CECA42E1B055124E /* Introduce */ = {
			isa = PBXGroup;
			children = (
				1298EB832CDBC9AB1150C4E8 /* IntroduceCoordinator.swift */,
				B8D8FE7FDE10EABF538CE143 /* IntroduceCoordinator+IntroduceViewControllerCoordinator.swift */,
				27F7C519BD4287E93F0B78F6 /* IntroduceFactory.swift */,
			);
			path = Introduce;
			sourceTree = "<group>";
		};
		46CD4FFB106A01D9912F0624 /* Project */ = {
			isa = PBXGroup;
			children = (
				B45E90B62D5AFC3B88A14FA9 /* Config */,
				6184C217E37EB701C2FF95DD /* Derived */,
				90666643827C8F0AB521673E /* Sources */,
			);
			name = Project;
			sourceTree = "<group>";
		};
		6184C217E37EB701C2FF95DD /* Derived */ = {
			isa = PBXGroup;
			children = (
				6DEBA1DFE42D1B1B41921CC8 /* InfoPlists */,
			);
			path = Derived;
			sourceTree = "<group>";
		};
		669B2F4830F983396D5EF1F2 /* ViewModel */ = {
			isa = PBXGroup;
			children = (
				30BFA407D1318C8EBC50CDFF /* EditMyPhotoViewModel.swift */,
				9E013464A66F82A4112ED75D /* EditUserNameViewModel.swift */,
				7389760E2C92C80C008330F3 /* EditSchoolViewModel.swift */,
				78F33F76681A8564608F3DE7 /* IntroduceViewModel.swift */,
				FD99AD43F0848BC3905A9C2C /* MyBadgeViewModel.swift */,
				4A67824CBC94EB926F41E23B /* ProfileViewModel.swift */,
				087243634A26307538522694 /* QuestionsViewModel.swift */,
			);
			path = ViewModel;
			sourceTree = "<group>";
		};
		6D87F8B7D47DCE27E61637B0 /* EditMyPhoto */ = {
			isa = PBXGroup;
			children = (
				BC01A7AE75454E2CC9948591 /* EditMyPhotoCoordinator.swift */,
				0526780B1279690F2786B38C /* EditMyPhotoCoordinator+AlbumCoordinatorDelegate.swift */,
				FC5F977CBCBAED8782A95D49 /* EditMyPhotoCoordinator+EditMyPhotoViewControllerCoordinator.swift */,
				AE4DDD779755E55385FF7ADF /* EditMyPhotoFactory.swift */,
			);
			path = EditMyPhoto;
			sourceTree = "<group>";
		};
		6DEBA1DFE42D1B1B41921CC8 /* InfoPlists */ = {
			isa = PBXGroup;
			children = (
				B0913E9F158A7764CA30B252 /* ProfileFeature-Info.plist */,
			);
			path = InfoPlists;
			sourceTree = "<group>";
		};
		72F7BC80C489E3448FF9AFB7 /* Components */ = {
			isa = PBXGroup;
			children = (
				30D0F25CA220C48D63B514FE /* CustomLinkAddButton.swift */,
				523B8D3545600E5D39B2D2B5 /* CustomLinkView.swift */,
				881A6CF6D1DA006BCB78DB81 /* CustomMbtiButton.swift */,
				A5E49EF055D5905E6493CCEF /* CustomNaviView.swift */,
				BAF80EE55293ECE0A8225772 /* CustomSelectQuestionButton.swift */,
			);
			path = Components;
			sourceTree = "<group>";
		};
		739B1FA0E9CE4591A0BD21BA /* Presentation */ = {
			isa = PBXGroup;
			children = (
				1C75827064F8C27BCAF9E944 /* Cell */,
				177308DFAC1834BC037DF8A3 /* View */,
				669B2F4830F983396D5EF1F2 /* ViewModel */,
			);
			path = Presentation;
			sourceTree = "<group>";
		};
		90666643827C8F0AB521673E /* Sources */ = {
			isa = PBXGroup;
			children = (
				9B943516355A4506809BB088 /* NotUsedSettings */,
				18FFA6429B3A0C54F85C89E2 /* Profile */,
			);
			path = Sources;
			sourceTree = "<group>";
		};
		96117D3B0D8686EC41FAFAAF /* Products */ = {
			isa = PBXGroup;
			children = (
				641BBD2F2133A809547B278F /* FeatureDependency.framework */,
				7D75411655BD7C1F2248A03D /* ProfileFeature.framework */,
			);
			name = Products;
			sourceTree = "<group>";
		};
		9B943516355A4506809BB088 /* NotUsedSettings */ = {
			isa = PBXGroup;
			children = (
				A4DCEAB4005D0805DF7EB683 /* Composition */,
				B29872BD3990E8449C024680 /* Presentation */,
			);
			path = NotUsedSettings;
			sourceTree = "<group>";
		};
		A4DCEAB4005D0805DF7EB683 /* Composition */ = {
			isa = PBXGroup;
			children = (
				5B2FF38E5388DAF2F177352A /* SettingsCoordinator.swift */,
				3A021C9386BA2E61F34B01B1 /* SettingsCoordinator+SettingsViewControllerCoordinator.swift */,
				D2C93CF9A2566ADD6453D07B /* SettingsCoordinator+UserConfigurationCoordinatorDelegate.swift */,
				D7A132978DEDA4EA526FE0A4 /* SettingsFactory.swift */,
				1DBA6AE9367F8E0930D17190 /* UserConfigurationCoordinator.swift */,
				A7A14D63C33266DECE68E15D /* UserConfigurationFactory.swift */,
			);
			path = Composition;
			sourceTree = "<group>";
		};
		B29872BD3990E8449C024680 /* Presentation */ = {
			isa = PBXGroup;
			children = (
				4D6BD7FF19595E3D572390D1 /* ExampleViewController.swift */,
				4EEA74C36988904F75753C22 /* ItemSettingViewModel.swift */,
				0047357D2E6C44164FCE4A37 /* SettingsViewController.swift */,
				93A8444F9FE80E07A61F92F5 /* SettingsViewModel.swift */,
				1413DD890A39C746AB537CAD /* SettingsViewNavigation.swift */,
				3C01D72B7494D5394ADD666F /* UserConfigurationViewController.swift */,
			);
			path = Presentation;
			sourceTree = "<group>";
		};
		B45E90B62D5AFC3B88A14FA9 /* Config */ = {
			isa = PBXGroup;
			children = (
				9ACE8CAF734090465D7B89D5 /* Debug.xcconfig */,
				47A6CE17EA77D71FB5B6272E /* Release.xcconfig */,
			);
			name = Config;
			path = ../../../Config;
			sourceTree = "<group>";
		};
		C47CD8CB0263CCE1A5415102 /* Profile */ = {
			isa = PBXGroup;
			children = (
				E95CD7EDD3CB71F59D7233E1 /* ProfileCoordinator.swift */,
				0DD8EA8B7B99BE3D946CC830 /* ProfileCoordinator+EditMyPhotoCoordinatorDelegate.swift */,
				616C49F340C729992E8C4FA6 /* ProfileCoordinator+EditUserNameCoordinatorDelegate.swift */,
				D0CFC63F0F34EC7E92641957 /* ProfileCoordinator+IntroduceCoordinatorDelegate.swift */,
				9C9F5AEB209AF9FB4F345AE4 /* ProfileCoordinator+LinksDialogCoordinatorDelegate.swift */,
				D7BC6A01E84E5DCB63E570A6 /* ProfileCoordinator+MyBadgeCoordinatorDelegate.swift */,
				6DDD70D31242BB8DFC682928 /* ProfileCoordinator+ProfileViewControllerCoordinator.swift */,
				F35B693A350CF2F8158ED8F1 /* ProfileCoordinator+QuestionsCoordinatorDelegate.swift */,
				4C09B1A3162D825A31E6D2A9 /* ProfileCoordinator+SettingsCoordinatorDelegate.swift */,
				5B29ED001E6746F907D671D7 /* ProfileFactory.swift */,
			);
			path = Profile;
			sourceTree = "<group>";
		};
		DA1718088B9228A46A5FDB38 /* Question */ = {
			isa = PBXGroup;
			children = (
				F5B98E0626BEFB31E64FB5F0 /* QuestionDetailCoordinator.swift */,
				C651EC81FFF3D65C45693E9A /* QuestionDetailCoordinator+QuestionDetailViewControllerCoordinator.swift */,
				2A091001E376CAEC51119784 /* QuestionDetailFactory.swift */,
				2897B59F95384EB6B1D3A5D8 /* QuestionsCoordinator.swift */,
				EC6FB62618C3E6E1535D893E /* QuestionsCoordinator+QuestionDetailCoordinatorDelegate.swift */,
				E0B905510F51974CF81A2A3C /* QuestionsCoordinator+QuestionsDialogCoordinatorDelegate.swift */,
				6B4CC6EB29FB062E68722982 /* QuestionsCoordinator+QuestionsViewControllerCoordinator.swift */,
				687B19A705EB0B12FB42F5AC /* QuestionsDialogCoordinator.swift */,
				18E21E786AD27740AF2FBB59 /* QuestionsDialogCoordinator+QuestionsDialogViewControllerCoordinator.swift */,
				1B169FB2C0F16DEBD8458F7E /* QuestionsDialogFactory.swift */,
				68FE91B2CC4851213851ACE2 /* QuestionsFactory.swift */,
			);
			path = Question;
			sourceTree = "<group>";
		};
		F3B232AB76805AC75CF8C682 /* EditUserName */ = {
			isa = PBXGroup;
			children = (
				559C11EB17F02E4ADE5CC78E /* EditUserNameCoordinator.swift */,
				59A80BD548DD6EED2C6D76A5 /* EditUserNameCoordinator+EditUserNameViewControllerCoordinator.swift */,
				6CB07B63179C5D652285340C /* EditUserNameFactory.swift */,
			);
			path = EditUserName;
			sourceTree = "<group>";
		};
		F47BAAEFB7AF589FF42615F4 /* MyBadge */ = {
			isa = PBXGroup;
			children = (
				E224FA47A52867E5A97AB323 /* MyBadgeCoordinator.swift */,
				98B302CFEB01395BB58D43B7 /* MyBadgeCoordinator+MyBadgeViewControllerCoordinator.swift */,
				39592BE852D57BACE8732F0E /* MyBadgeFactory.swift */,
			);
			path = MyBadge;
			sourceTree = "<group>";
		};
/* End PBXGroup section */

/* Begin PBXNativeTarget section */
		DFD16675E1D8A7E2DCBCF8E4 /* ProfileFeature */ = {
			isa = PBXNativeTarget;
			buildConfigurationList = 8ECBCFBC7A44737055EE93B8 /* Build configuration list for PBXNativeTarget "ProfileFeature" */;
			buildPhases = (
				111FA16EE1DB8DF9F36A0183 /* Sources */,
				8A86643101B5F315B0542121 /* Resources */,
				67720447EE02851F604AB838 /* Embed Frameworks */,
				A1C36443BCE5E25F06E751A1 /* Frameworks */,
			);
			buildRules = (
			);
			dependencies = (
			);
			name = ProfileFeature;
			productName = ProfileFeature;
			productReference = 7D75411655BD7C1F2248A03D /* ProfileFeature.framework */;
			productType = "com.apple.product-type.framework";
		};
/* End PBXNativeTarget section */

/* Begin PBXProject section */
		8EDD6D58BC75A2E09E94B182 /* Project object */ = {
			isa = PBXProject;
			attributes = {
				BuildIndependentTargetsInParallel = YES;
				ORGANIZATIONNAME = ATeen;
			};
			buildConfigurationList = 820D491C7A089E9609C5577D /* Build configuration list for PBXProject "ProfileFeature" */;
			compatibilityVersion = "Xcode 14.0";
			developmentRegion = en;
			hasScannedForEncodings = 0;
			knownRegions = (
				Base,
				en,
			);
			mainGroup = 3E3DDEF650C4FA7B3317E486;
			productRefGroup = 96117D3B0D8686EC41FAFAAF /* Products */;
			projectDirPath = "";
			projectRoot = "";
			targets = (
				DFD16675E1D8A7E2DCBCF8E4 /* ProfileFeature */,
			);
		};
/* End PBXProject section */

/* Begin PBXResourcesBuildPhase section */
		8A86643101B5F315B0542121 /* Resources */ = {
			isa = PBXResourcesBuildPhase;
			buildActionMask = 2147483647;
			files = (
			);
			runOnlyForDeploymentPostprocessing = 0;
		};
/* End PBXResourcesBuildPhase section */

/* Begin PBXSourcesBuildPhase section */
		111FA16EE1DB8DF9F36A0183 /* Sources */ = {
			isa = PBXSourcesBuildPhase;
			buildActionMask = 2147483647;
			files = (
				9A66A7C60A02BE8DC358B9F8 /* SettingsCoordinator+SettingsViewControllerCoordinator.swift in Sources */,
				FBBDC5A8AF21B30E8F2ED784 /* SettingsCoordinator+UserConfigurationCoordinatorDelegate.swift in Sources */,
				7389760D2C92C801008330F3 /* EditSchoolViewController.swift in Sources */,
				50C7EBDFF11158934C9027D2 /* SettingsCoordinator.swift in Sources */,
				FD3E2FA7C3E0DA9EEDA147B7 /* SettingsFactory.swift in Sources */,
				651C0C41583A7362A1DA6298 /* UserConfigurationCoordinator.swift in Sources */,
				82D6398E5EA99B4CB2D33E13 /* UserConfigurationFactory.swift in Sources */,
				AB5925C31F9634BD20280D83 /* ExampleViewController.swift in Sources */,
				B878F46F5D147FA6A0C328A4 /* ItemSettingViewModel.swift in Sources */,
				C06241105876ED5A18CE8E3A /* SettingsViewController.swift in Sources */,
				55FE9E485CF63075412F9235 /* SettingsViewModel.swift in Sources */,
				1AF2769C08BB127855B1AAF0 /* SettingsViewNavigation.swift in Sources */,
				F921C7F56F471F3B4DF17FCC /* UserConfigurationViewController.swift in Sources */,
				8A98CED0067FEF0B0859573B /* CustomLinkAddButton.swift in Sources */,
				BFADE4B2D1576800E307DAFE /* CustomLinkView.swift in Sources */,
				7389760F2C92C80C008330F3 /* EditSchoolViewModel.swift in Sources */,
				B62968261FB465C9CB558474 /* CustomMbtiButton.swift in Sources */,
				755BE18E11E861FDDF150DEF /* CustomNaviView.swift in Sources */,
				95BC236C36ABBA77349D9B34 /* CustomSelectQuestionButton.swift in Sources */,
				130D661FE6C4DA29D6C1F5D7 /* EditMyPhotoCoordinator+AlbumCoordinatorDelegate.swift in Sources */,
				73363EAD433C000C18AB3FB2 /* EditMyPhotoCoordinator+EditMyPhotoViewControllerCoordinator.swift in Sources */,
				54D815A8ED5D98E835C77659 /* EditMyPhotoCoordinator.swift in Sources */,
				2F2CEA64BF582C4D10F2026D /* EditMyPhotoFactory.swift in Sources */,
				B4A48BCC23735BBD33F95FDC /* EditUserNameCoordinator+EditUserNameViewControllerCoordinator.swift in Sources */,
				7CAA33AA6E8AE2FF55738646 /* EditUserNameCoordinator.swift in Sources */,
				4E3981718945AFC595F63300 /* EditUserNameFactory.swift in Sources */,
				EA1D03DBB574905F4E854A74 /* IntroduceCoordinator+IntroduceViewControllerCoordinator.swift in Sources */,
				3D179F40BF1B8A740254DD25 /* IntroduceCoordinator.swift in Sources */,
				99355073D0B05AD9790D0DAD /* IntroduceFactory.swift in Sources */,
				3C0E26671072CA6379BE227F /* LinksDialogCoordinator+LinksDialogViewControllerCoordinator.swift in Sources */,
				A2366D2ED1A40ED864B84B24 /* LinksDialogCoordinator.swift in Sources */,
				F84EB88CC95A5BE8CAE73CD4 /* LinksDialogFactory.swift in Sources */,
				41B9697C27BD03C202A793C0 /* MyBadgeCoordinator+MyBadgeViewControllerCoordinator.swift in Sources */,
				293D2B97656E4CB9C100C1B1 /* MyBadgeCoordinator.swift in Sources */,
				717AE04B63F351AA24127857 /* MyBadgeFactory.swift in Sources */,
				2D5C6EF39A882655333C1568 /* ProfileCoordinator+EditMyPhotoCoordinatorDelegate.swift in Sources */,
				4CAF14D1DB7D632923AE9427 /* ProfileCoordinator+EditUserNameCoordinatorDelegate.swift in Sources */,
				23A9D4DEB961BA5A80640B24 /* ProfileCoordinator+IntroduceCoordinatorDelegate.swift in Sources */,
				E9F5D9EE4DDCE7081B7FE62B /* ProfileCoordinator+LinksDialogCoordinatorDelegate.swift in Sources */,
				FF9DB13DC57CB0C1F0D5A44C /* ProfileCoordinator+MyBadgeCoordinatorDelegate.swift in Sources */,
				931830C9843BE86EA3E55A9F /* ProfileCoordinator+ProfileViewControllerCoordinator.swift in Sources */,
				8C653FA7AB9EDC5418D06C0A /* ProfileCoordinator+QuestionsCoordinatorDelegate.swift in Sources */,
				F50BE5345691F5EB0B8E641F /* ProfileCoordinator+SettingsCoordinatorDelegate.swift in Sources */,
				62CEB656EA00ED27DFFE73BA /* ProfileCoordinator.swift in Sources */,
				63BDA75A1AA7DDA1953C3C58 /* ProfileFactory.swift in Sources */,
				43D8E785C38AB333878D3606 /* QuestionDetailCoordinator+QuestionDetailViewControllerCoordinator.swift in Sources */,
				9BC1D5DFDC96A9B004756B6C /* QuestionDetailCoordinator.swift in Sources */,
				AE376E5D75BF9251AEF369A1 /* QuestionDetailFactory.swift in Sources */,
				3565A23244CA4DADCC6C28CD /* QuestionsCoordinator+QuestionDetailCoordinatorDelegate.swift in Sources */,
				AA94E1F84B848B6EF789EED0 /* QuestionsCoordinator+QuestionsDialogCoordinatorDelegate.swift in Sources */,
				ABB9084AC0D96500769ACED8 /* QuestionsCoordinator+QuestionsViewControllerCoordinator.swift in Sources */,
				CDC83D3C9B2A75C822DC9EFB /* QuestionsCoordinator.swift in Sources */,
				380666B3922B133EE56AD689 /* QuestionsDialogCoordinator+QuestionsDialogViewControllerCoordinator.swift in Sources */,
				18685FA42291823E8E083BF7 /* QuestionsDialogCoordinator.swift in Sources */,
				DCC6F7A653A199060A77C5FA /* QuestionsDialogFactory.swift in Sources */,
				F06AB05FD871A3409C383F32 /* QuestionsFactory.swift in Sources */,
				9334EDDB692BA398EC302C76 /* IntroduceMbtiButtonCollectionViewCell.swift in Sources */,
				A035510A4A6EE163CA4B8A67 /* IntroduceMbtiCollectionViewCell.swift in Sources */,
				1D34015903FDEA9D60557488 /* IntroduceWritingCollectionViewCell.swift in Sources */,
				80B240D6510E88A94B547027 /* MyBadgeCollectionViewCell.swift in Sources */,
				7DEDC755211F4A29597FFAC4 /* QuestionsDialogTableViewCell.swift in Sources */,
				CC286220C6A3FAAF1496B521 /* QuestionsTableViewCell.swift in Sources */,
				778FEA0055B7D693A3C63559 /* EditMyPhotoViewController.swift in Sources */,
				F5C6B3B03FF9E0E536323DAE /* EditUserNameViewController.swift in Sources */,
				84F190EE865F1BE143AEE321 /* IntroduceViewController.swift in Sources */,
				30C7883EC5C80AFFCCFE5A72 /* LinksDialogViewController.swift in Sources */,
				D9B2E9D367082525E2957208 /* MyBadgeViewController.swift in Sources */,
				8B346E18C8519296F391B661 /* ProfileViewController.swift in Sources */,
				432DBA5B46B128FA01483F9F /* QuestionDetailViewController.swift in Sources */,
				3A480E1F26D6029058F0BC75 /* QuestionsDialogViewController.swift in Sources */,
				E26DE4296CE0EE35791A7B04 /* QuestionsViewController.swift in Sources */,
				70DE0EAAF4F6C57528A97416 /* EditMyPhotoViewModel.swift in Sources */,
				559389EA1E1EB714F4E3B8B4 /* EditUserNameViewModel.swift in Sources */,
				DACAD6A2C03A97065E842288 /* IntroduceViewModel.swift in Sources */,
				CDCB94943487827A45EFF46C /* MyBadgeViewModel.swift in Sources */,
				CF31723F1111CE1D7B7868F7 /* ProfileViewModel.swift in Sources */,
				3C18489A1B8F90BB85A66ACC /* QuestionsViewModel.swift in Sources */,
			);
			runOnlyForDeploymentPostprocessing = 0;
		};
/* End PBXSourcesBuildPhase section */

/* Begin XCBuildConfiguration section */
		5491663EB718448372A802D1 /* Debug */ = {
			isa = XCBuildConfiguration;
			buildSettings = {
				ALWAYS_SEARCH_USER_PATHS = NO;
				CLANG_ANALYZER_LOCALIZABILITY_NONLOCALIZED = YES;
				CLANG_ANALYZER_NONNULL = YES;
				CLANG_ANALYZER_NUMBER_OBJECT_CONVERSION = YES_AGGRESSIVE;
				CLANG_CXX_LANGUAGE_STANDARD = "gnu++14";
				CLANG_CXX_LIBRARY = "libc++";
				CLANG_ENABLE_MODULES = YES;
				CLANG_ENABLE_OBJC_ARC = YES;
				CLANG_ENABLE_OBJC_WEAK = YES;
				CLANG_WARN_BLOCK_CAPTURE_AUTORELEASING = YES;
				CLANG_WARN_BOOL_CONVERSION = YES;
				CLANG_WARN_COMMA = YES;
				CLANG_WARN_CONSTANT_CONVERSION = YES;
				CLANG_WARN_DEPRECATED_OBJC_IMPLEMENTATIONS = YES;
				CLANG_WARN_DIRECT_OBJC_ISA_USAGE = YES_ERROR;
				CLANG_WARN_DOCUMENTATION_COMMENTS = YES;
				CLANG_WARN_EMPTY_BODY = YES;
				CLANG_WARN_ENUM_CONVERSION = YES;
				CLANG_WARN_INFINITE_RECURSION = YES;
				CLANG_WARN_INT_CONVERSION = YES;
				CLANG_WARN_NON_LITERAL_NULL_CONVERSION = YES;
				CLANG_WARN_OBJC_IMPLICIT_RETAIN_SELF = YES;
				CLANG_WARN_OBJC_LITERAL_CONVERSION = YES;
				CLANG_WARN_OBJC_ROOT_CLASS = YES_ERROR;
				CLANG_WARN_QUOTED_INCLUDE_IN_FRAMEWORK_HEADER = YES;
				CLANG_WARN_RANGE_LOOP_ANALYSIS = YES;
				CLANG_WARN_STRICT_PROTOTYPES = YES;
				CLANG_WARN_SUSPICIOUS_MOVE = YES;
				CLANG_WARN_UNGUARDED_AVAILABILITY = YES_AGGRESSIVE;
				CLANG_WARN_UNREACHABLE_CODE = YES;
				CLANG_WARN__DUPLICATE_METHOD_MATCH = YES;
				COPY_PHASE_STRIP = NO;
				DEAD_CODE_STRIPPING = YES;
				DEBUG_INFORMATION_FORMAT = dwarf;
				ENABLE_STRICT_OBJC_MSGSEND = YES;
				ENABLE_TESTABILITY = YES;
				GCC_C_LANGUAGE_STANDARD = gnu11;
				GCC_DYNAMIC_NO_PIC = NO;
				GCC_NO_COMMON_BLOCKS = YES;
				GCC_OPTIMIZATION_LEVEL = 0;
				GCC_PREPROCESSOR_DEFINITIONS = (
					"DEBUG=1",
					"$(inherited)",
				);
				GCC_WARN_64_TO_32_BIT_CONVERSION = YES;
				GCC_WARN_ABOUT_RETURN_TYPE = YES_ERROR;
				GCC_WARN_UNDECLARED_SELECTOR = YES;
				GCC_WARN_UNINITIALIZED_AUTOS = YES_AGGRESSIVE;
				GCC_WARN_UNUSED_FUNCTION = YES;
				GCC_WARN_UNUSED_VARIABLE = YES;
				MTL_ENABLE_DEBUG_INFO = YES;
				ONLY_ACTIVE_ARCH = YES;
				PRODUCT_NAME = "$(TARGET_NAME)";
			};
			name = Debug;
		};
		9E35C590A6785887B1CD8CBB /* Release */ = {
			isa = XCBuildConfiguration;
			buildSettings = {
				ALWAYS_SEARCH_USER_PATHS = NO;
				CLANG_ANALYZER_LOCALIZABILITY_NONLOCALIZED = YES;
				CLANG_ANALYZER_NONNULL = YES;
				CLANG_ANALYZER_NUMBER_OBJECT_CONVERSION = YES_AGGRESSIVE;
				CLANG_CXX_LANGUAGE_STANDARD = "gnu++14";
				CLANG_CXX_LIBRARY = "libc++";
				CLANG_ENABLE_MODULES = YES;
				CLANG_ENABLE_OBJC_ARC = YES;
				CLANG_ENABLE_OBJC_WEAK = YES;
				CLANG_WARN_BLOCK_CAPTURE_AUTORELEASING = YES;
				CLANG_WARN_BOOL_CONVERSION = YES;
				CLANG_WARN_COMMA = YES;
				CLANG_WARN_CONSTANT_CONVERSION = YES;
				CLANG_WARN_DEPRECATED_OBJC_IMPLEMENTATIONS = YES;
				CLANG_WARN_DIRECT_OBJC_ISA_USAGE = YES_ERROR;
				CLANG_WARN_DOCUMENTATION_COMMENTS = YES;
				CLANG_WARN_EMPTY_BODY = YES;
				CLANG_WARN_ENUM_CONVERSION = YES;
				CLANG_WARN_INFINITE_RECURSION = YES;
				CLANG_WARN_INT_CONVERSION = YES;
				CLANG_WARN_NON_LITERAL_NULL_CONVERSION = YES;
				CLANG_WARN_OBJC_IMPLICIT_RETAIN_SELF = YES;
				CLANG_WARN_OBJC_LITERAL_CONVERSION = YES;
				CLANG_WARN_OBJC_ROOT_CLASS = YES_ERROR;
				CLANG_WARN_QUOTED_INCLUDE_IN_FRAMEWORK_HEADER = YES;
				CLANG_WARN_RANGE_LOOP_ANALYSIS = YES;
				CLANG_WARN_STRICT_PROTOTYPES = YES;
				CLANG_WARN_SUSPICIOUS_MOVE = YES;
				CLANG_WARN_UNGUARDED_AVAILABILITY = YES_AGGRESSIVE;
				CLANG_WARN_UNREACHABLE_CODE = YES;
				CLANG_WARN__DUPLICATE_METHOD_MATCH = YES;
				COPY_PHASE_STRIP = NO;
				DEAD_CODE_STRIPPING = YES;
				DEBUG_INFORMATION_FORMAT = "dwarf-with-dsym";
				ENABLE_NS_ASSERTIONS = NO;
				ENABLE_STRICT_OBJC_MSGSEND = YES;
				GCC_C_LANGUAGE_STANDARD = gnu11;
				GCC_NO_COMMON_BLOCKS = YES;
				GCC_WARN_64_TO_32_BIT_CONVERSION = YES;
				GCC_WARN_ABOUT_RETURN_TYPE = YES_ERROR;
				GCC_WARN_UNDECLARED_SELECTOR = YES;
				GCC_WARN_UNINITIALIZED_AUTOS = YES_AGGRESSIVE;
				GCC_WARN_UNUSED_FUNCTION = YES;
				GCC_WARN_UNUSED_VARIABLE = YES;
				MTL_ENABLE_DEBUG_INFO = NO;
				PRODUCT_NAME = "$(TARGET_NAME)";
				VALIDATE_PRODUCT = YES;
			};
			name = Release;
		};
		AB599DDA141E6C2BA622664D /* Debug */ = {
			isa = XCBuildConfiguration;
			baseConfigurationReference = 9ACE8CAF734090465D7B89D5 /* Debug.xcconfig */;
			buildSettings = {
				CLANG_ENABLE_MODULE_DEBUGGING = YES;
				CODE_SIGN_IDENTITY = "";
				CURRENT_PROJECT_VERSION = 1;
				DEFINES_MODULE = YES;
				DYLIB_COMPATIBILITY_VERSION = 1;
				DYLIB_CURRENT_VERSION = 1;
				DYLIB_INSTALL_NAME_BASE = "@rpath";
				ENABLE_USER_SCRIPT_SANDBOXING = NO;
				INFOPLIST_FILE = "Derived/InfoPlists/ProfileFeature-Info.plist";
				INSTALL_PATH = "$(LOCAL_LIBRARY_DIR)/Frameworks";
				IPHONEOS_DEPLOYMENT_TARGET = 15.0;
				LD_RUNPATH_SEARCH_PATHS = (
					"$(inherited)",
					"@executable_path/Frameworks",
					"@loader_path/Frameworks",
				);
				OTHER_LDFLAGS = (
					"$(inherited)",
					"-ObjC",
				);
				PRODUCT_BUNDLE_IDENTIFIER = com.ATeen.ATeen.ProfileFeature;
				PRODUCT_NAME = ProfileFeature;
				SDKROOT = iphoneos;
				SKIP_INSTALL = YES;
				SUPPORTS_MACCATALYST = NO;
				SUPPORTS_MAC_DESIGNED_FOR_IPHONE_IPAD = YES;
				SUPPORTS_XR_DESIGNED_FOR_IPHONE_IPAD = NO;
				SWIFT_ACTIVE_COMPILATION_CONDITIONS = "$(inherited) DEBUG";
				SWIFT_COMPILATION_MODE = singlefile;
				SWIFT_OPTIMIZATION_LEVEL = "-Onone";
				SWIFT_VERSION = 5.0;
				TARGETED_DEVICE_FAMILY = "1,2";
				VERSIONING_SYSTEM = "apple-generic";
				VERSION_INFO_PREFIX = "";
			};
			name = Debug;
		};
		E99E2E829291F78AB32A9647 /* Release */ = {
			isa = XCBuildConfiguration;
			baseConfigurationReference = 47A6CE17EA77D71FB5B6272E /* Release.xcconfig */;
			buildSettings = {
				CLANG_ENABLE_MODULE_DEBUGGING = YES;
				CODE_SIGN_IDENTITY = "";
				CURRENT_PROJECT_VERSION = 1;
				DEFINES_MODULE = YES;
				DYLIB_COMPATIBILITY_VERSION = 1;
				DYLIB_CURRENT_VERSION = 1;
				DYLIB_INSTALL_NAME_BASE = "@rpath";
				ENABLE_USER_SCRIPT_SANDBOXING = NO;
				INFOPLIST_FILE = "Derived/InfoPlists/ProfileFeature-Info.plist";
				INSTALL_PATH = "$(LOCAL_LIBRARY_DIR)/Frameworks";
				IPHONEOS_DEPLOYMENT_TARGET = 15.0;
				LD_RUNPATH_SEARCH_PATHS = (
					"$(inherited)",
					"@executable_path/Frameworks",
					"@loader_path/Frameworks",
				);
				OTHER_LDFLAGS = (
					"$(inherited)",
					"-ObjC",
				);
				PRODUCT_BUNDLE_IDENTIFIER = com.ATeen.ATeen.ProfileFeature;
				PRODUCT_NAME = ProfileFeature;
				SDKROOT = iphoneos;
				SKIP_INSTALL = YES;
				SUPPORTS_MACCATALYST = NO;
				SUPPORTS_MAC_DESIGNED_FOR_IPHONE_IPAD = YES;
				SUPPORTS_XR_DESIGNED_FOR_IPHONE_IPAD = NO;
				SWIFT_COMPILATION_MODE = wholemodule;
				SWIFT_OPTIMIZATION_LEVEL = "-Owholemodule";
				SWIFT_VERSION = 5.0;
				TARGETED_DEVICE_FAMILY = "1,2";
				VERSIONING_SYSTEM = "apple-generic";
				VERSION_INFO_PREFIX = "";
			};
			name = Release;
		};
/* End XCBuildConfiguration section */

/* Begin XCConfigurationList section */
		820D491C7A089E9609C5577D /* Build configuration list for PBXProject "ProfileFeature" */ = {
			isa = XCConfigurationList;
			buildConfigurations = (
				5491663EB718448372A802D1 /* Debug */,
				9E35C590A6785887B1CD8CBB /* Release */,
			);
			defaultConfigurationIsVisible = 0;
			defaultConfigurationName = Release;
		};
		8ECBCFBC7A44737055EE93B8 /* Build configuration list for PBXNativeTarget "ProfileFeature" */ = {
			isa = XCConfigurationList;
			buildConfigurations = (
				AB599DDA141E6C2BA622664D /* Debug */,
				E99E2E829291F78AB32A9647 /* Release */,
			);
			defaultConfigurationIsVisible = 0;
			defaultConfigurationName = Release;
		};
/* End XCConfigurationList section */
	};
	rootObject = 8EDD6D58BC75A2E09E94B182 /* Project object */;
}
