// !$*UTF8*$!
{
	archiveVersion = 1;
	classes = {
	};
	objectVersion = 55;
	objects = {

/* Begin PBXBuildFile section */
		0F52C4BC7D28185E049D59AA /* PhoneNumberViewController.swift in Sources */ = {isa = PBXBuildFile; fileRef = D87D38BC4A72521BF8C99CCE /* PhoneNumberViewController.swift */; };
		1802A091B7C6E15CC613E123 /* CustomClearXmarkTextField.swift in Sources */ = {isa = PBXBuildFile; fileRef = E7A569F07A02E670B199B5E6 /* CustomClearXmarkTextField.swift */; };
		1CAA94B5E855F37ADF4F8D01 /* SignUpCoordinator+CelebrateCoordinatorDelegate.swift in Sources */ = {isa = PBXBuildFile; fileRef = 01B1FF8B4D105FFC34E2CDA2 /* SignUpCoordinator+CelebrateCoordinatorDelegate.swift */; };
		1CC48D15126F3679055F79C1 /* CelebrateCoordinator+CelebrateViewControllerCoordinator.swift in Sources */ = {isa = PBXBuildFile; fileRef = B857F577CDD7D5BABB747324 /* CelebrateCoordinator+CelebrateViewControllerCoordinator.swift */; };
		1EA970F7C0B97A2FE935ED0B /* CustomLoginButton.swift in Sources */ = {isa = PBXBuildFile; fileRef = 01AF3C01EE7A192D2EBB23D6 /* CustomLoginButton.swift */; };
		252DEED5BA048C197FD80759 /* SearchSchoolCollectionViewCell.swift in Sources */ = {isa = PBXBuildFile; fileRef = CC2F0F661319F4B69ED62AB3 /* SearchSchoolCollectionViewCell.swift */; };
		2D4E4569F63F4E50CE315CB2 /* CertificationCodeCollectionViewCell.swift in Sources */ = {isa = PBXBuildFile; fileRef = 984C70E8B1E14BB4C144EB9C /* CertificationCodeCollectionViewCell.swift */; };
		2FF6CCB7FCB510F428F6A3FB /* SelectPhotoCollectionViewCell.swift in Sources */ = {isa = PBXBuildFile; fileRef = 3BF9E852E87EB82262B93633 /* SelectPhotoCollectionViewCell.swift */; };
		32F8205B9D1483711C170ED7 /* TermsOfUseCoordinator+TermsOfUseViewControllerCoordinator.swift in Sources */ = {isa = PBXBuildFile; fileRef = A362F7E45E3D955366345900 /* TermsOfUseCoordinator+TermsOfUseViewControllerCoordinator.swift */; };
		36509349AB71C5C00B7A0103 /* TermsOfUseViewController.swift in Sources */ = {isa = PBXBuildFile; fileRef = 5D532E9C0BB8D939C73698C9 /* TermsOfUseViewController.swift */; };
		4E309D480C3DB53E8D5E03F9 /* PhoneNumberCoordinator.swift in Sources */ = {isa = PBXBuildFile; fileRef = 494AB6AD1ED9003C81881396 /* PhoneNumberCoordinator.swift */; };
		4FB725818C09B5917924D627 /* LogInFactory.swift in Sources */ = {isa = PBXBuildFile; fileRef = 0B573739E363183AC97AC45D /* LogInFactory.swift */; };
		51D09836C8B49B1CF6672BBC /* LogInViewController.swift in Sources */ = {isa = PBXBuildFile; fileRef = 9DFF7A23A43A0FB2157D63DC /* LogInViewController.swift */; };
		55B2726C834A17D59ED33962 /* SignUpFactory.swift in Sources */ = {isa = PBXBuildFile; fileRef = 9489DDDE029FD676893F7E45 /* SignUpFactory.swift */; };
		56B2D853CCDA75EAC726B207 /* CustomShowDetailButton.swift in Sources */ = {isa = PBXBuildFile; fileRef = 71E6FF0DAAD1C501D80987CE /* CustomShowDetailButton.swift */; };
		5725F2D85212C0C58B614BF8 /* PhoneNumberCoordinator+AlertCoordinatorDelegate.swift in Sources */ = {isa = PBXBuildFile; fileRef = 29F36624FEF71B27D7F3B345 /* PhoneNumberCoordinator+AlertCoordinatorDelegate.swift */; };
		5A3D8A4843C2DB6B73806DE0 /* CelebrateViewController.swift in Sources */ = {isa = PBXBuildFile; fileRef = 2BE04C41594B336187F297E0 /* CelebrateViewController.swift */; };
		60DCC44F881D008069B63CAF /* SignUpCoordinator+SignUpViewControllerCoordinator.swift in Sources */ = {isa = PBXBuildFile; fileRef = 4E4F29E0C2476AA80A6DACD2 /* SignUpCoordinator+SignUpViewControllerCoordinator.swift */; };
		6412F48189B7D868B320FC0C /* SelectCategoryCollectionViewCell.swift in Sources */ = {isa = PBXBuildFile; fileRef = BD8A4E6186BDABB400F50448 /* SelectCategoryCollectionViewCell.swift */; };
		67202D52B8ECFED01CFD5197 /* SelectBirthFactory.swift in Sources */ = {isa = PBXBuildFile; fileRef = 04F243057CDFD67868E4D2B7 /* SelectBirthFactory.swift */; };
		6BB5A41B470F6D0A679A304E /* SignUpCoordinator+SelectBirthCoordinatorDelegate.swift in Sources */ = {isa = PBXBuildFile; fileRef = 1FEEAA8345B95769A463E802 /* SignUpCoordinator+SelectBirthCoordinatorDelegate.swift */; };
		6DB3572BF2561F53A02AA1BF /* CustomLineView.swift in Sources */ = {isa = PBXBuildFile; fileRef = 0BD2EE4B93D0451DB48745F5 /* CustomLineView.swift */; };
		6DE8F775A60B011EC63C67F1 /* TermsOfUseCoordinator+SignUpCoordinatorDelegate.swift in Sources */ = {isa = PBXBuildFile; fileRef = FFE36AD7F7BA45FCD11AC654 /* TermsOfUseCoordinator+SignUpCoordinatorDelegate.swift */; };
		745EBAB33B5C3149A9398B89 /* SignUpViewModel.swift in Sources */ = {isa = PBXBuildFile; fileRef = 3720BC1FC97AF7CB3E44C428 /* SignUpViewModel.swift */; };
		747D3AA643BD11E75F7C22CC /* PhoneNumberCoordinator+TermsOfUseCoordinatorDelegate.swift in Sources */ = {isa = PBXBuildFile; fileRef = 19E20FBA0F3BEE4DEF18E3F1 /* PhoneNumberCoordinator+TermsOfUseCoordinatorDelegate.swift */; };
		777BA59CDB367184A1314B12 /* PhoneNumberFactory.swift in Sources */ = {isa = PBXBuildFile; fileRef = E101F835260912FBFF740758 /* PhoneNumberFactory.swift */; };
		793C65F03D6357E55A720535 /* LoginBirthViewModel.swift in Sources */ = {isa = PBXBuildFile; fileRef = 5E6FEF20965C996B6CBC7542 /* LoginBirthViewModel.swift */; };
		7F7C06B71FFC20CA5814EB8A /* LogInCoordinator.swift in Sources */ = {isa = PBXBuildFile; fileRef = 46A9D342723C5B76FC39373B /* LogInCoordinator.swift */; };
		86AAF232164B3FC82E8DD063 /* LogInCoordinator+LogInViewControllerCoordinator.swift in Sources */ = {isa = PBXBuildFile; fileRef = E7215B932546B5897BE8FF7C /* LogInCoordinator+LogInViewControllerCoordinator.swift */; };
		8E977FEA43F18A8A273635E6 /* CustomBirthButton.swift in Sources */ = {isa = PBXBuildFile; fileRef = 34BCE74515E87E0D93F6CC3D /* CustomBirthButton.swift */; };
		996DF81B9C17A212C916FABE /* CategoryButtonCollectionViewCell.swift in Sources */ = {isa = PBXBuildFile; fileRef = 8A5D42B0DB60AE18A13D05B5 /* CategoryButtonCollectionViewCell.swift */; };
		9AA0D642E1708AC43ECB3FD2 /* SignUpViewController.swift in Sources */ = {isa = PBXBuildFile; fileRef = AEA701135A68E2F9250CD6D6 /* SignUpViewController.swift */; };
		9BD35FDF479CAEEB10111FA0 /* SelectBirthCoordinator+SelectBirthViewControllerCoordinator.swift in Sources */ = {isa = PBXBuildFile; fileRef = 940F40FDF70C78A49F99530D /* SelectBirthCoordinator+SelectBirthViewControllerCoordinator.swift */; };
		A602D56E605758107D3E71ED /* SelectBirthCoordinator.swift in Sources */ = {isa = PBXBuildFile; fileRef = D47A1A5A59EDC9FF2D340667 /* SelectBirthCoordinator.swift */; };
		A6143B296A39E39B4B69237D /* CelebrateFactory.swift in Sources */ = {isa = PBXBuildFile; fileRef = 5057B26C71FE735919F8B426 /* CelebrateFactory.swift */; };
		AF37FCC2BF5B27B61EDAB420 /* UserNameCollectionViewCell.swift in Sources */ = {isa = PBXBuildFile; fileRef = 7FECDCC9DAF510C2C83328DD /* UserNameCollectionViewCell.swift */; };
		BA16A9F1F4BAFCE925DA1CA8 /* PhoneNumberCollectionViewCell.swift in Sources */ = {isa = PBXBuildFile; fileRef = 952823C90056BADECCDE3FF5 /* PhoneNumberCollectionViewCell.swift */; };
		BF6A3844C2D5BC6A3C7C7D94 /* UserIdCollectionViewCell.swift in Sources */ = {isa = PBXBuildFile; fileRef = 19E6B65D5B09A67AB4FECAEF /* UserIdCollectionViewCell.swift */; };
		C2A9CA62AE2F058F3A7A3F6F /* CelebrateCoordinator.swift in Sources */ = {isa = PBXBuildFile; fileRef = F5354149FB59E493237D98EA /* CelebrateCoordinator.swift */; };
		C362B80F42F06724640F8FF0 /* LogInCoordinator+PhoneNumberCoordinatorDelegate.swift in Sources */ = {isa = PBXBuildFile; fileRef = 80C742406150803B5A226C65 /* LogInCoordinator+PhoneNumberCoordinatorDelegate.swift */; };
		C906513A973B742B78B2463A /* TermsOfUseFactory.swift in Sources */ = {isa = PBXBuildFile; fileRef = 8650BEC5B1EC78B2610A9D7B /* TermsOfUseFactory.swift */; };
		C94F93F83B5BCF9BE6001D9E /* SignUpCoordinator.swift in Sources */ = {isa = PBXBuildFile; fileRef = 1CB44DB9D1459A1C18F9B388 /* SignUpCoordinator.swift */; };
		C9D8784D07CA8B075E714A94 /* CustomServiceButton.swift in Sources */ = {isa = PBXBuildFile; fileRef = F0635FB907648B99234ED111 /* CustomServiceButton.swift */; };
		CF3BA43D3422C6BED1281B5E /* TermsOfUseCoordinator.swift in Sources */ = {isa = PBXBuildFile; fileRef = 240A7A39EFC38E63AEB46D18 /* TermsOfUseCoordinator.swift */; };
		DEF6F426D224FEEC60E686E6 /* PhoneNumberViewModel.swift in Sources */ = {isa = PBXBuildFile; fileRef = B0C621C84CC71BBA1A73FCC4 /* PhoneNumberViewModel.swift */; };
		DF01319474891E767834707C /* FeatureDependency.framework in Frameworks */ = {isa = PBXBuildFile; fileRef = FC856D9CBCFC1A7BCB2C3150 /* FeatureDependency.framework */; };
		E8D0DCDF3045B40C469C2CB7 /* SelectBirthViewController.swift in Sources */ = {isa = PBXBuildFile; fileRef = 0BF99BF7EEB9C8D285FF18D2 /* SelectBirthViewController.swift */; };
		EB5AD433292BE171A2D7530F /* UserBirthCollectionViewCell.swift in Sources */ = {isa = PBXBuildFile; fileRef = 34F77941C65FDD2BE5055BE6 /* UserBirthCollectionViewCell.swift */; };
		EC59603D9890FCFD4DACF066 /* SearchSchoolResultTableViewCell.swift in Sources */ = {isa = PBXBuildFile; fileRef = B00D5C715A60CA859EF1680C /* SearchSchoolResultTableViewCell.swift */; };
		F209D038464EB564A47E72D1 /* PhoneNumberCoordinator+PhoneNumberViewControllerCoordinator.swift in Sources */ = {isa = PBXBuildFile; fileRef = 4BB9BE718E7B7F73BB64C145 /* PhoneNumberCoordinator+PhoneNumberViewControllerCoordinator.swift */; };
		FDBE36C01AE4E6DD991FFF87 /* SignUpCoordinator+AlbumCoordinatorDelegate.swift in Sources */ = {isa = PBXBuildFile; fileRef = F2350A966587011EBA120FC9 /* SignUpCoordinator+AlbumCoordinatorDelegate.swift */; };
/* End PBXBuildFile section */

/* Begin PBXCopyFilesBuildPhase section */
		B47A438E5DD15DB7E58A0B17 /* Embed Frameworks */ = {
			isa = PBXCopyFilesBuildPhase;
			buildActionMask = 2147483647;
			dstPath = "";
			dstSubfolderSpec = 10;
			files = (
			);
			name = "Embed Frameworks";
			runOnlyForDeploymentPostprocessing = 0;
		};
/* End PBXCopyFilesBuildPhase section */

/* Begin PBXFileReference section */
		01AF3C01EE7A192D2EBB23D6 /* CustomLoginButton.swift */ = {isa = PBXFileReference; lastKnownFileType = sourcecode.swift; path = CustomLoginButton.swift; sourceTree = "<group>"; };
		01B1FF8B4D105FFC34E2CDA2 /* SignUpCoordinator+CelebrateCoordinatorDelegate.swift */ = {isa = PBXFileReference; lastKnownFileType = sourcecode.swift; path = "SignUpCoordinator+CelebrateCoordinatorDelegate.swift"; sourceTree = "<group>"; };
		04F243057CDFD67868E4D2B7 /* SelectBirthFactory.swift */ = {isa = PBXFileReference; lastKnownFileType = sourcecode.swift; path = SelectBirthFactory.swift; sourceTree = "<group>"; };
		0B573739E363183AC97AC45D /* LogInFactory.swift */ = {isa = PBXFileReference; lastKnownFileType = sourcecode.swift; path = LogInFactory.swift; sourceTree = "<group>"; };
		0BD2EE4B93D0451DB48745F5 /* CustomLineView.swift */ = {isa = PBXFileReference; lastKnownFileType = sourcecode.swift; path = CustomLineView.swift; sourceTree = "<group>"; };
		0BF99BF7EEB9C8D285FF18D2 /* SelectBirthViewController.swift */ = {isa = PBXFileReference; lastKnownFileType = sourcecode.swift; path = SelectBirthViewController.swift; sourceTree = "<group>"; };
		19E20FBA0F3BEE4DEF18E3F1 /* PhoneNumberCoordinator+TermsOfUseCoordinatorDelegate.swift */ = {isa = PBXFileReference; lastKnownFileType = sourcecode.swift; path = "PhoneNumberCoordinator+TermsOfUseCoordinatorDelegate.swift"; sourceTree = "<group>"; };
		19E6B65D5B09A67AB4FECAEF /* UserIdCollectionViewCell.swift */ = {isa = PBXFileReference; lastKnownFileType = sourcecode.swift; path = UserIdCollectionViewCell.swift; sourceTree = "<group>"; };
		1CB44DB9D1459A1C18F9B388 /* SignUpCoordinator.swift */ = {isa = PBXFileReference; lastKnownFileType = sourcecode.swift; path = SignUpCoordinator.swift; sourceTree = "<group>"; };
		1FEEAA8345B95769A463E802 /* SignUpCoordinator+SelectBirthCoordinatorDelegate.swift */ = {isa = PBXFileReference; lastKnownFileType = sourcecode.swift; path = "SignUpCoordinator+SelectBirthCoordinatorDelegate.swift"; sourceTree = "<group>"; };
		240A7A39EFC38E63AEB46D18 /* TermsOfUseCoordinator.swift */ = {isa = PBXFileReference; lastKnownFileType = sourcecode.swift; path = TermsOfUseCoordinator.swift; sourceTree = "<group>"; };
		29F36624FEF71B27D7F3B345 /* PhoneNumberCoordinator+AlertCoordinatorDelegate.swift */ = {isa = PBXFileReference; lastKnownFileType = sourcecode.swift; path = "PhoneNumberCoordinator+AlertCoordinatorDelegate.swift"; sourceTree = "<group>"; };
		2BE04C41594B336187F297E0 /* CelebrateViewController.swift */ = {isa = PBXFileReference; lastKnownFileType = sourcecode.swift; path = CelebrateViewController.swift; sourceTree = "<group>"; };
		34BCE74515E87E0D93F6CC3D /* CustomBirthButton.swift */ = {isa = PBXFileReference; lastKnownFileType = sourcecode.swift; path = CustomBirthButton.swift; sourceTree = "<group>"; };
		34F77941C65FDD2BE5055BE6 /* UserBirthCollectionViewCell.swift */ = {isa = PBXFileReference; lastKnownFileType = sourcecode.swift; path = UserBirthCollectionViewCell.swift; sourceTree = "<group>"; };
		3720BC1FC97AF7CB3E44C428 /* SignUpViewModel.swift */ = {isa = PBXFileReference; lastKnownFileType = sourcecode.swift; path = SignUpViewModel.swift; sourceTree = "<group>"; };
		3BF9E852E87EB82262B93633 /* SelectPhotoCollectionViewCell.swift */ = {isa = PBXFileReference; lastKnownFileType = sourcecode.swift; path = SelectPhotoCollectionViewCell.swift; sourceTree = "<group>"; };
		46A9D342723C5B76FC39373B /* LogInCoordinator.swift */ = {isa = PBXFileReference; lastKnownFileType = sourcecode.swift; path = LogInCoordinator.swift; sourceTree = "<group>"; };
		494AB6AD1ED9003C81881396 /* PhoneNumberCoordinator.swift */ = {isa = PBXFileReference; lastKnownFileType = sourcecode.swift; path = PhoneNumberCoordinator.swift; sourceTree = "<group>"; };
		4BB9BE718E7B7F73BB64C145 /* PhoneNumberCoordinator+PhoneNumberViewControllerCoordinator.swift */ = {isa = PBXFileReference; lastKnownFileType = sourcecode.swift; path = "PhoneNumberCoordinator+PhoneNumberViewControllerCoordinator.swift"; sourceTree = "<group>"; };
		4E4F29E0C2476AA80A6DACD2 /* SignUpCoordinator+SignUpViewControllerCoordinator.swift */ = {isa = PBXFileReference; lastKnownFileType = sourcecode.swift; path = "SignUpCoordinator+SignUpViewControllerCoordinator.swift"; sourceTree = "<group>"; };
		5057B26C71FE735919F8B426 /* CelebrateFactory.swift */ = {isa = PBXFileReference; lastKnownFileType = sourcecode.swift; path = CelebrateFactory.swift; sourceTree = "<group>"; };
		5D532E9C0BB8D939C73698C9 /* TermsOfUseViewController.swift */ = {isa = PBXFileReference; lastKnownFileType = sourcecode.swift; path = TermsOfUseViewController.swift; sourceTree = "<group>"; };
		5E6FEF20965C996B6CBC7542 /* LoginBirthViewModel.swift */ = {isa = PBXFileReference; lastKnownFileType = sourcecode.swift; path = LoginBirthViewModel.swift; sourceTree = "<group>"; };
		71E6FF0DAAD1C501D80987CE /* CustomShowDetailButton.swift */ = {isa = PBXFileReference; lastKnownFileType = sourcecode.swift; path = CustomShowDetailButton.swift; sourceTree = "<group>"; };
		788304D2B2FE3FB618976243 /* LoginFeature-Info.plist */ = {isa = PBXFileReference; lastKnownFileType = text.plist; path = "LoginFeature-Info.plist"; sourceTree = "<group>"; };
		7FECDCC9DAF510C2C83328DD /* UserNameCollectionViewCell.swift */ = {isa = PBXFileReference; lastKnownFileType = sourcecode.swift; path = UserNameCollectionViewCell.swift; sourceTree = "<group>"; };
		80C742406150803B5A226C65 /* LogInCoordinator+PhoneNumberCoordinatorDelegate.swift */ = {isa = PBXFileReference; lastKnownFileType = sourcecode.swift; path = "LogInCoordinator+PhoneNumberCoordinatorDelegate.swift"; sourceTree = "<group>"; };
		8650BEC5B1EC78B2610A9D7B /* TermsOfUseFactory.swift */ = {isa = PBXFileReference; lastKnownFileType = sourcecode.swift; path = TermsOfUseFactory.swift; sourceTree = "<group>"; };
		8A5D42B0DB60AE18A13D05B5 /* CategoryButtonCollectionViewCell.swift */ = {isa = PBXFileReference; lastKnownFileType = sourcecode.swift; path = CategoryButtonCollectionViewCell.swift; sourceTree = "<group>"; };
		940F40FDF70C78A49F99530D /* SelectBirthCoordinator+SelectBirthViewControllerCoordinator.swift */ = {isa = PBXFileReference; lastKnownFileType = sourcecode.swift; path = "SelectBirthCoordinator+SelectBirthViewControllerCoordinator.swift"; sourceTree = "<group>"; };
		9489DDDE029FD676893F7E45 /* SignUpFactory.swift */ = {isa = PBXFileReference; lastKnownFileType = sourcecode.swift; path = SignUpFactory.swift; sourceTree = "<group>"; };
		952823C90056BADECCDE3FF5 /* PhoneNumberCollectionViewCell.swift */ = {isa = PBXFileReference; lastKnownFileType = sourcecode.swift; path = PhoneNumberCollectionViewCell.swift; sourceTree = "<group>"; };
		984C70E8B1E14BB4C144EB9C /* CertificationCodeCollectionViewCell.swift */ = {isa = PBXFileReference; lastKnownFileType = sourcecode.swift; path = CertificationCodeCollectionViewCell.swift; sourceTree = "<group>"; };
		9DFF7A23A43A0FB2157D63DC /* LogInViewController.swift */ = {isa = PBXFileReference; lastKnownFileType = sourcecode.swift; path = LogInViewController.swift; sourceTree = "<group>"; };
		A34E03EEB828285E9D65A1B8 /* LoginFeature.framework */ = {isa = PBXFileReference; explicitFileType = wrapper.framework; includeInIndex = 0; path = LoginFeature.framework; sourceTree = BUILT_PRODUCTS_DIR; };
		A362F7E45E3D955366345900 /* TermsOfUseCoordinator+TermsOfUseViewControllerCoordinator.swift */ = {isa = PBXFileReference; lastKnownFileType = sourcecode.swift; path = "TermsOfUseCoordinator+TermsOfUseViewControllerCoordinator.swift"; sourceTree = "<group>"; };
		AEA701135A68E2F9250CD6D6 /* SignUpViewController.swift */ = {isa = PBXFileReference; lastKnownFileType = sourcecode.swift; path = SignUpViewController.swift; sourceTree = "<group>"; };
		B00D5C715A60CA859EF1680C /* SearchSchoolResultTableViewCell.swift */ = {isa = PBXFileReference; lastKnownFileType = sourcecode.swift; path = SearchSchoolResultTableViewCell.swift; sourceTree = "<group>"; };
		B0C621C84CC71BBA1A73FCC4 /* PhoneNumberViewModel.swift */ = {isa = PBXFileReference; lastKnownFileType = sourcecode.swift; path = PhoneNumberViewModel.swift; sourceTree = "<group>"; };
		B67BE68D4D9159CC81144BAF /* Debug.xcconfig */ = {isa = PBXFileReference; lastKnownFileType = text.xcconfig; path = Debug.xcconfig; sourceTree = "<group>"; };
		B857F577CDD7D5BABB747324 /* CelebrateCoordinator+CelebrateViewControllerCoordinator.swift */ = {isa = PBXFileReference; lastKnownFileType = sourcecode.swift; path = "CelebrateCoordinator+CelebrateViewControllerCoordinator.swift"; sourceTree = "<group>"; };
		BD8A4E6186BDABB400F50448 /* SelectCategoryCollectionViewCell.swift */ = {isa = PBXFileReference; lastKnownFileType = sourcecode.swift; path = SelectCategoryCollectionViewCell.swift; sourceTree = "<group>"; };
		BF16E3C12ECD785475A3AA85 /* Release.xcconfig */ = {isa = PBXFileReference; lastKnownFileType = text.xcconfig; path = Release.xcconfig; sourceTree = "<group>"; };
		CC2F0F661319F4B69ED62AB3 /* SearchSchoolCollectionViewCell.swift */ = {isa = PBXFileReference; lastKnownFileType = sourcecode.swift; path = SearchSchoolCollectionViewCell.swift; sourceTree = "<group>"; };
		D47A1A5A59EDC9FF2D340667 /* SelectBirthCoordinator.swift */ = {isa = PBXFileReference; lastKnownFileType = sourcecode.swift; path = SelectBirthCoordinator.swift; sourceTree = "<group>"; };
		D87D38BC4A72521BF8C99CCE /* PhoneNumberViewController.swift */ = {isa = PBXFileReference; lastKnownFileType = sourcecode.swift; path = PhoneNumberViewController.swift; sourceTree = "<group>"; };
		E101F835260912FBFF740758 /* PhoneNumberFactory.swift */ = {isa = PBXFileReference; lastKnownFileType = sourcecode.swift; path = PhoneNumberFactory.swift; sourceTree = "<group>"; };
		E7215B932546B5897BE8FF7C /* LogInCoordinator+LogInViewControllerCoordinator.swift */ = {isa = PBXFileReference; lastKnownFileType = sourcecode.swift; path = "LogInCoordinator+LogInViewControllerCoordinator.swift"; sourceTree = "<group>"; };
		E7A569F07A02E670B199B5E6 /* CustomClearXmarkTextField.swift */ = {isa = PBXFileReference; lastKnownFileType = sourcecode.swift; path = CustomClearXmarkTextField.swift; sourceTree = "<group>"; };
		F0635FB907648B99234ED111 /* CustomServiceButton.swift */ = {isa = PBXFileReference; lastKnownFileType = sourcecode.swift; path = CustomServiceButton.swift; sourceTree = "<group>"; };
		F2350A966587011EBA120FC9 /* SignUpCoordinator+AlbumCoordinatorDelegate.swift */ = {isa = PBXFileReference; lastKnownFileType = sourcecode.swift; path = "SignUpCoordinator+AlbumCoordinatorDelegate.swift"; sourceTree = "<group>"; };
		F5354149FB59E493237D98EA /* CelebrateCoordinator.swift */ = {isa = PBXFileReference; lastKnownFileType = sourcecode.swift; path = CelebrateCoordinator.swift; sourceTree = "<group>"; };
		FC856D9CBCFC1A7BCB2C3150 /* FeatureDependency.framework */ = {isa = PBXFileReference; explicitFileType = wrapper.framework; includeInIndex = 0; path = FeatureDependency.framework; sourceTree = BUILT_PRODUCTS_DIR; };
		FFE36AD7F7BA45FCD11AC654 /* TermsOfUseCoordinator+SignUpCoordinatorDelegate.swift */ = {isa = PBXFileReference; lastKnownFileType = sourcecode.swift; path = "TermsOfUseCoordinator+SignUpCoordinatorDelegate.swift"; sourceTree = "<group>"; };
/* End PBXFileReference section */

/* Begin PBXFrameworksBuildPhase section */
		D6CC266CA0C34E8881A49281 /* Frameworks */ = {
			isa = PBXFrameworksBuildPhase;
			buildActionMask = 2147483647;
			files = (
				DF01319474891E767834707C /* FeatureDependency.framework in Frameworks */,
			);
			runOnlyForDeploymentPostprocessing = 0;
		};
/* End PBXFrameworksBuildPhase section */

/* Begin PBXGroup section */
		0AFD29AB097B2AA98BF0F3C4 /* Composition */ = {
			isa = PBXGroup;
			children = (
				D47A1A5A59EDC9FF2D340667 /* SelectBirthCoordinator.swift */,
				940F40FDF70C78A49F99530D /* SelectBirthCoordinator+SelectBirthViewControllerCoordinator.swift */,
				04F243057CDFD67868E4D2B7 /* SelectBirthFactory.swift */,
				1CB44DB9D1459A1C18F9B388 /* SignUpCoordinator.swift */,
				F2350A966587011EBA120FC9 /* SignUpCoordinator+AlbumCoordinatorDelegate.swift */,
				01B1FF8B4D105FFC34E2CDA2 /* SignUpCoordinator+CelebrateCoordinatorDelegate.swift */,
				1FEEAA8345B95769A463E802 /* SignUpCoordinator+SelectBirthCoordinatorDelegate.swift */,
				4E4F29E0C2476AA80A6DACD2 /* SignUpCoordinator+SignUpViewControllerCoordinator.swift */,
				9489DDDE029FD676893F7E45 /* SignUpFactory.swift */,
			);
			path = Composition;
			sourceTree = "<group>";
		};
		0CCE1D78CC5D268F3756365A /* Project */ = {
			isa = PBXGroup;
			children = (
				931326E5C7A03B6091DC643E /* Config */,
				8128696424D615A84D3CED54 /* Derived */,
				D2A627B760F8D76AF09C7825 /* Sources */,
			);
			name = Project;
			sourceTree = "<group>";
		};
		0D42B8DE13D9325B2DF708B1 /* Components */ = {
			isa = PBXGroup;
			children = (
				E7A569F07A02E670B199B5E6 /* CustomClearXmarkTextField.swift */,
			);
			path = Components;
			sourceTree = "<group>";
		};
		141A8097D79B04FD25243AE3 /* Products */ = {
			isa = PBXGroup;
			children = (
				FC856D9CBCFC1A7BCB2C3150 /* FeatureDependency.framework */,
				A34E03EEB828285E9D65A1B8 /* LoginFeature.framework */,
			);
			name = Products;
			sourceTree = "<group>";
		};
		250887D9AE2842C9347B5A40 /* Components */ = {
			isa = PBXGroup;
			children = (
				01AF3C01EE7A192D2EBB23D6 /* CustomLoginButton.swift */,
			);
			path = Components;
			sourceTree = "<group>";
		};
		29045838B99BFDD7D3CEEA48 /* Celebrate */ = {
			isa = PBXGroup;
			children = (
				F427D282C87AFA895056FA62 /* Composition */,
				B936CB9B972CCA9F41E75C6F /* Presentation */,
			);
			path = Celebrate;
			sourceTree = "<group>";
		};
		2D68C6F7C3BB735C4CE63A94 /* Presentation */ = {
			isa = PBXGroup;
			children = (
				2EEEF05159C9768FE8169895 /* Cell */,
				0D42B8DE13D9325B2DF708B1 /* Components */,
				44D557B2F861E1FA23A436B7 /* View */,
			);
			path = Presentation;
			sourceTree = "<group>";
		};
		2EEEF05159C9768FE8169895 /* Cell */ = {
			isa = PBXGroup;
			children = (
				984C70E8B1E14BB4C144EB9C /* CertificationCodeCollectionViewCell.swift */,
				952823C90056BADECCDE3FF5 /* PhoneNumberCollectionViewCell.swift */,
			);
			path = Cell;
			sourceTree = "<group>";
		};
		375314562DED5D7EF89FD0DB /* View */ = {
			isa = PBXGroup;
			children = (
				9DFF7A23A43A0FB2157D63DC /* LogInViewController.swift */,
			);
			path = View;
			sourceTree = "<group>";
		};
		3A84189F38C4CE463E126A92 /* LogIn */ = {
			isa = PBXGroup;
			children = (
				250887D9AE2842C9347B5A40 /* Components */,
				B53327DAA2CEDA2D6D0E1954 /* Composition */,
				CB433EF4C46AF0A68BE2B290 /* Presentation */,
			);
			path = LogIn;
			sourceTree = "<group>";
		};
		44D557B2F861E1FA23A436B7 /* View */ = {
			isa = PBXGroup;
			children = (
				D87D38BC4A72521BF8C99CCE /* PhoneNumberViewController.swift */,
			);
			path = View;
			sourceTree = "<group>";
		};
		4CF40BBA6546DB50EF37513F /* ViewModel */ = {
			isa = PBXGroup;
			children = (
				B0C621C84CC71BBA1A73FCC4 /* PhoneNumberViewModel.swift */,
			);
			path = ViewModel;
			sourceTree = "<group>";
		};
		4F0BBA1E6BFF6CA4E91A42DD /* TermsOfUse */ = {
			isa = PBXGroup;
			children = (
				FBCE973F62B52D10E794DEF5 /* Components */,
				D3B89A3AA39AAB045A16C6C5 /* Composition */,
				FC0DF67C81D5FCFF182077CB /* Presentation */,
			);
			path = TermsOfUse;
			sourceTree = "<group>";
		};
		56A63B70D7BFE57896753197 /* Presentation */ = {
			isa = PBXGroup;
			children = (
				E14B5E2B9A028B48160C816A /* Cell */,
				9B49ABD0BDCFD82E2EDDFB04 /* View */,
				B6082F458EB5AFE492A47978 /* ViewModel */,
			);
			path = Presentation;
			sourceTree = "<group>";
		};
		8128696424D615A84D3CED54 /* Derived */ = {
			isa = PBXGroup;
			children = (
				D22231BE54A5EC94C9FF2BE9 /* InfoPlists */,
			);
			path = Derived;
			sourceTree = "<group>";
		};
		87E3AD24512507DB66593B1F /* SignUp */ = {
			isa = PBXGroup;
			children = (
				BA784EB0252BEE72E629D09D /* Components */,
				0AFD29AB097B2AA98BF0F3C4 /* Composition */,
				56A63B70D7BFE57896753197 /* Presentation */,
			);
			path = SignUp;
			sourceTree = "<group>";
		};
		91AC7D85A4A1DD303BED36A1 /* View */ = {
			isa = PBXGroup;
			children = (
				5D532E9C0BB8D939C73698C9 /* TermsOfUseViewController.swift */,
			);
			path = View;
			sourceTree = "<group>";
		};
		931326E5C7A03B6091DC643E /* Config */ = {
			isa = PBXGroup;
			children = (
				B67BE68D4D9159CC81144BAF /* Debug.xcconfig */,
				BF16E3C12ECD785475A3AA85 /* Release.xcconfig */,
			);
			name = Config;
			path = ../../../Config;
			sourceTree = "<group>";
		};
		9B49ABD0BDCFD82E2EDDFB04 /* View */ = {
			isa = PBXGroup;
			children = (
				0BF99BF7EEB9C8D285FF18D2 /* SelectBirthViewController.swift */,
				AEA701135A68E2F9250CD6D6 /* SignUpViewController.swift */,
			);
			path = View;
			sourceTree = "<group>";
		};
		A141E73BE3F5EC7BF24B1DD1 /* Composition */ = {
			isa = PBXGroup;
			children = (
				494AB6AD1ED9003C81881396 /* PhoneNumberCoordinator.swift */,
				29F36624FEF71B27D7F3B345 /* PhoneNumberCoordinator+AlertCoordinatorDelegate.swift */,
				4BB9BE718E7B7F73BB64C145 /* PhoneNumberCoordinator+PhoneNumberViewControllerCoordinator.swift */,
				19E20FBA0F3BEE4DEF18E3F1 /* PhoneNumberCoordinator+TermsOfUseCoordinatorDelegate.swift */,
				E101F835260912FBFF740758 /* PhoneNumberFactory.swift */,
			);
			path = Composition;
			sourceTree = "<group>";
		};
		B2BE1FB6452F0EAFDD7C837D = {
			isa = PBXGroup;
			children = (
				0CCE1D78CC5D268F3756365A /* Project */,
				141A8097D79B04FD25243AE3 /* Products */,
			);
			sourceTree = "<group>";
		};
		B53327DAA2CEDA2D6D0E1954 /* Composition */ = {
			isa = PBXGroup;
			children = (
				46A9D342723C5B76FC39373B /* LogInCoordinator.swift */,
				E7215B932546B5897BE8FF7C /* LogInCoordinator+LogInViewControllerCoordinator.swift */,
				80C742406150803B5A226C65 /* LogInCoordinator+PhoneNumberCoordinatorDelegate.swift */,
				0B573739E363183AC97AC45D /* LogInFactory.swift */,
			);
			path = Composition;
			sourceTree = "<group>";
		};
		B6082F458EB5AFE492A47978 /* ViewModel */ = {
			isa = PBXGroup;
			children = (
				5E6FEF20965C996B6CBC7542 /* LoginBirthViewModel.swift */,
				3720BC1FC97AF7CB3E44C428 /* SignUpViewModel.swift */,
			);
			path = ViewModel;
			sourceTree = "<group>";
		};
		B936CB9B972CCA9F41E75C6F /* Presentation */ = {
			isa = PBXGroup;
			children = (
				2BE04C41594B336187F297E0 /* CelebrateViewController.swift */,
			);
			path = Presentation;
			sourceTree = "<group>";
		};
		BA784EB0252BEE72E629D09D /* Components */ = {
			isa = PBXGroup;
			children = (
				34BCE74515E87E0D93F6CC3D /* CustomBirthButton.swift */,
				0BD2EE4B93D0451DB48745F5 /* CustomLineView.swift */,
				F0635FB907648B99234ED111 /* CustomServiceButton.swift */,
			);
			path = Components;
			sourceTree = "<group>";
		};
		CB433EF4C46AF0A68BE2B290 /* Presentation */ = {
			isa = PBXGroup;
			children = (
				375314562DED5D7EF89FD0DB /* View */,
				4CF40BBA6546DB50EF37513F /* ViewModel */,
			);
			path = Presentation;
			sourceTree = "<group>";
		};
		D22231BE54A5EC94C9FF2BE9 /* InfoPlists */ = {
			isa = PBXGroup;
			children = (
				788304D2B2FE3FB618976243 /* LoginFeature-Info.plist */,
			);
			path = InfoPlists;
			sourceTree = "<group>";
		};
		D2A627B760F8D76AF09C7825 /* Sources */ = {
			isa = PBXGroup;
			children = (
				29045838B99BFDD7D3CEEA48 /* Celebrate */,
				3A84189F38C4CE463E126A92 /* LogIn */,
				DA55BA90266A6A819BFEAA08 /* PhoneNumber */,
				87E3AD24512507DB66593B1F /* SignUp */,
				4F0BBA1E6BFF6CA4E91A42DD /* TermsOfUse */,
			);
			path = Sources;
			sourceTree = "<group>";
		};
		D3B89A3AA39AAB045A16C6C5 /* Composition */ = {
			isa = PBXGroup;
			children = (
				240A7A39EFC38E63AEB46D18 /* TermsOfUseCoordinator.swift */,
				FFE36AD7F7BA45FCD11AC654 /* TermsOfUseCoordinator+SignUpCoordinatorDelegate.swift */,
				A362F7E45E3D955366345900 /* TermsOfUseCoordinator+TermsOfUseViewControllerCoordinator.swift */,
				8650BEC5B1EC78B2610A9D7B /* TermsOfUseFactory.swift */,
			);
			path = Composition;
			sourceTree = "<group>";
		};
		DA55BA90266A6A819BFEAA08 /* PhoneNumber */ = {
			isa = PBXGroup;
			children = (
				A141E73BE3F5EC7BF24B1DD1 /* Composition */,
				2D68C6F7C3BB735C4CE63A94 /* Presentation */,
			);
			path = PhoneNumber;
			sourceTree = "<group>";
		};
		E14B5E2B9A028B48160C816A /* Cell */ = {
			isa = PBXGroup;
			children = (
				8A5D42B0DB60AE18A13D05B5 /* CategoryButtonCollectionViewCell.swift */,
				CC2F0F661319F4B69ED62AB3 /* SearchSchoolCollectionViewCell.swift */,
				B00D5C715A60CA859EF1680C /* SearchSchoolResultTableViewCell.swift */,
				BD8A4E6186BDABB400F50448 /* SelectCategoryCollectionViewCell.swift */,
				3BF9E852E87EB82262B93633 /* SelectPhotoCollectionViewCell.swift */,
				34F77941C65FDD2BE5055BE6 /* UserBirthCollectionViewCell.swift */,
				19E6B65D5B09A67AB4FECAEF /* UserIdCollectionViewCell.swift */,
				7FECDCC9DAF510C2C83328DD /* UserNameCollectionViewCell.swift */,
			);
			path = Cell;
			sourceTree = "<group>";
		};
		F427D282C87AFA895056FA62 /* Composition */ = {
			isa = PBXGroup;
			children = (
				F5354149FB59E493237D98EA /* CelebrateCoordinator.swift */,
				B857F577CDD7D5BABB747324 /* CelebrateCoordinator+CelebrateViewControllerCoordinator.swift */,
				5057B26C71FE735919F8B426 /* CelebrateFactory.swift */,
			);
			path = Composition;
			sourceTree = "<group>";
		};
		FBCE973F62B52D10E794DEF5 /* Components */ = {
			isa = PBXGroup;
			children = (
				71E6FF0DAAD1C501D80987CE /* CustomShowDetailButton.swift */,
			);
			path = Components;
			sourceTree = "<group>";
		};
		FC0DF67C81D5FCFF182077CB /* Presentation */ = {
			isa = PBXGroup;
			children = (
				91AC7D85A4A1DD303BED36A1 /* View */,
			);
			path = Presentation;
			sourceTree = "<group>";
		};
/* End PBXGroup section */

/* Begin PBXNativeTarget section */
		FC8CD0498E33A1CCB96961BB /* LoginFeature */ = {
			isa = PBXNativeTarget;
			buildConfigurationList = 55F88DDC6E177AC3FF15AFF9 /* Build configuration list for PBXNativeTarget "LoginFeature" */;
			buildPhases = (
				34A99A7BFE05B807EA5E04A6 /* Sources */,
				B0A5DA71A20DF2771E3A0794 /* Resources */,
				B47A438E5DD15DB7E58A0B17 /* Embed Frameworks */,
				D6CC266CA0C34E8881A49281 /* Frameworks */,
			);
			buildRules = (
			);
			dependencies = (
			);
			name = LoginFeature;
			productName = LoginFeature;
			productReference = A34E03EEB828285E9D65A1B8 /* LoginFeature.framework */;
			productType = "com.apple.product-type.framework";
		};
/* End PBXNativeTarget section */

/* Begin PBXProject section */
		3F4AE118768D0EFE573649F1 /* Project object */ = {
			isa = PBXProject;
			attributes = {
				BuildIndependentTargetsInParallel = YES;
				ORGANIZATIONNAME = ATeen;
				TargetAttributes = {
				};
			};
			buildConfigurationList = 519D11A0875F41BC6D832807 /* Build configuration list for PBXProject "LoginFeature" */;
			compatibilityVersion = "Xcode 14.0";
			developmentRegion = en;
			hasScannedForEncodings = 0;
			knownRegions = (
				Base,
				en,
			);
			mainGroup = B2BE1FB6452F0EAFDD7C837D;
			productRefGroup = 141A8097D79B04FD25243AE3 /* Products */;
			projectDirPath = "";
			projectRoot = "";
			targets = (
				FC8CD0498E33A1CCB96961BB /* LoginFeature */,
			);
		};
/* End PBXProject section */

/* Begin PBXResourcesBuildPhase section */
		B0A5DA71A20DF2771E3A0794 /* Resources */ = {
			isa = PBXResourcesBuildPhase;
			buildActionMask = 2147483647;
			files = (
			);
			runOnlyForDeploymentPostprocessing = 0;
		};
/* End PBXResourcesBuildPhase section */

/* Begin PBXSourcesBuildPhase section */
		34A99A7BFE05B807EA5E04A6 /* Sources */ = {
			isa = PBXSourcesBuildPhase;
			buildActionMask = 2147483647;
			files = (
				1CC48D15126F3679055F79C1 /* CelebrateCoordinator+CelebrateViewControllerCoordinator.swift in Sources */,
				C2A9CA62AE2F058F3A7A3F6F /* CelebrateCoordinator.swift in Sources */,
				A6143B296A39E39B4B69237D /* CelebrateFactory.swift in Sources */,
				5A3D8A4843C2DB6B73806DE0 /* CelebrateViewController.swift in Sources */,
				1EA970F7C0B97A2FE935ED0B /* CustomLoginButton.swift in Sources */,
				86AAF232164B3FC82E8DD063 /* LogInCoordinator+LogInViewControllerCoordinator.swift in Sources */,
				C362B80F42F06724640F8FF0 /* LogInCoordinator+PhoneNumberCoordinatorDelegate.swift in Sources */,
				7F7C06B71FFC20CA5814EB8A /* LogInCoordinator.swift in Sources */,
				4FB725818C09B5917924D627 /* LogInFactory.swift in Sources */,
				51D09836C8B49B1CF6672BBC /* LogInViewController.swift in Sources */,
				DEF6F426D224FEEC60E686E6 /* PhoneNumberViewModel.swift in Sources */,
				5725F2D85212C0C58B614BF8 /* PhoneNumberCoordinator+AlertCoordinatorDelegate.swift in Sources */,
				F209D038464EB564A47E72D1 /* PhoneNumberCoordinator+PhoneNumberViewControllerCoordinator.swift in Sources */,
				747D3AA643BD11E75F7C22CC /* PhoneNumberCoordinator+TermsOfUseCoordinatorDelegate.swift in Sources */,
				4E309D480C3DB53E8D5E03F9 /* PhoneNumberCoordinator.swift in Sources */,
				777BA59CDB367184A1314B12 /* PhoneNumberFactory.swift in Sources */,
				2D4E4569F63F4E50CE315CB2 /* CertificationCodeCollectionViewCell.swift in Sources */,
				BA16A9F1F4BAFCE925DA1CA8 /* PhoneNumberCollectionViewCell.swift in Sources */,
				1802A091B7C6E15CC613E123 /* CustomClearXmarkTextField.swift in Sources */,
				0F52C4BC7D28185E049D59AA /* PhoneNumberViewController.swift in Sources */,
				8E977FEA43F18A8A273635E6 /* CustomBirthButton.swift in Sources */,
				6DB3572BF2561F53A02AA1BF /* CustomLineView.swift in Sources */,
				C9D8784D07CA8B075E714A94 /* CustomServiceButton.swift in Sources */,
				9BD35FDF479CAEEB10111FA0 /* SelectBirthCoordinator+SelectBirthViewControllerCoordinator.swift in Sources */,
				A602D56E605758107D3E71ED /* SelectBirthCoordinator.swift in Sources */,
				67202D52B8ECFED01CFD5197 /* SelectBirthFactory.swift in Sources */,
				FDBE36C01AE4E6DD991FFF87 /* SignUpCoordinator+AlbumCoordinatorDelegate.swift in Sources */,
				1CAA94B5E855F37ADF4F8D01 /* SignUpCoordinator+CelebrateCoordinatorDelegate.swift in Sources */,
				6BB5A41B470F6D0A679A304E /* SignUpCoordinator+SelectBirthCoordinatorDelegate.swift in Sources */,
				60DCC44F881D008069B63CAF /* SignUpCoordinator+SignUpViewControllerCoordinator.swift in Sources */,
				C94F93F83B5BCF9BE6001D9E /* SignUpCoordinator.swift in Sources */,
				55B2726C834A17D59ED33962 /* SignUpFactory.swift in Sources */,
				996DF81B9C17A212C916FABE /* CategoryButtonCollectionViewCell.swift in Sources */,
				252DEED5BA048C197FD80759 /* SearchSchoolCollectionViewCell.swift in Sources */,
				EC59603D9890FCFD4DACF066 /* SearchSchoolResultTableViewCell.swift in Sources */,
				6412F48189B7D868B320FC0C /* SelectCategoryCollectionViewCell.swift in Sources */,
				2FF6CCB7FCB510F428F6A3FB /* SelectPhotoCollectionViewCell.swift in Sources */,
				EB5AD433292BE171A2D7530F /* UserBirthCollectionViewCell.swift in Sources */,
				BF6A3844C2D5BC6A3C7C7D94 /* UserIdCollectionViewCell.swift in Sources */,
				AF37FCC2BF5B27B61EDAB420 /* UserNameCollectionViewCell.swift in Sources */,
				E8D0DCDF3045B40C469C2CB7 /* SelectBirthViewController.swift in Sources */,
				9AA0D642E1708AC43ECB3FD2 /* SignUpViewController.swift in Sources */,
				793C65F03D6357E55A720535 /* LoginBirthViewModel.swift in Sources */,
				745EBAB33B5C3149A9398B89 /* SignUpViewModel.swift in Sources */,
				56B2D853CCDA75EAC726B207 /* CustomShowDetailButton.swift in Sources */,
				6DE8F775A60B011EC63C67F1 /* TermsOfUseCoordinator+SignUpCoordinatorDelegate.swift in Sources */,
				32F8205B9D1483711C170ED7 /* TermsOfUseCoordinator+TermsOfUseViewControllerCoordinator.swift in Sources */,
				CF3BA43D3422C6BED1281B5E /* TermsOfUseCoordinator.swift in Sources */,
				C906513A973B742B78B2463A /* TermsOfUseFactory.swift in Sources */,
				36509349AB71C5C00B7A0103 /* TermsOfUseViewController.swift in Sources */,
			);
			runOnlyForDeploymentPostprocessing = 0;
		};
/* End PBXSourcesBuildPhase section */

/* Begin XCBuildConfiguration section */
		0CF78903D6439951ADC83DDD /* Debug */ = {
			isa = XCBuildConfiguration;
			buildSettings = {
				ALWAYS_SEARCH_USER_PATHS = NO;
				CLANG_ANALYZER_LOCALIZABILITY_NONLOCALIZED = YES;
				CLANG_ANALYZER_NONNULL = YES;
				CLANG_ANALYZER_NUMBER_OBJECT_CONVERSION = YES_AGGRESSIVE;
				CLANG_CXX_LANGUAGE_STANDARD = "gnu++14";
				CLANG_CXX_LIBRARY = "libc++";
				CLANG_ENABLE_MODULES = YES;
				CLANG_ENABLE_OBJC_ARC = YES;
				CLANG_ENABLE_OBJC_WEAK = YES;
				CLANG_WARN_BLOCK_CAPTURE_AUTORELEASING = YES;
				CLANG_WARN_BOOL_CONVERSION = YES;
				CLANG_WARN_COMMA = YES;
				CLANG_WARN_CONSTANT_CONVERSION = YES;
				CLANG_WARN_DEPRECATED_OBJC_IMPLEMENTATIONS = YES;
				CLANG_WARN_DIRECT_OBJC_ISA_USAGE = YES_ERROR;
				CLANG_WARN_DOCUMENTATION_COMMENTS = YES;
				CLANG_WARN_EMPTY_BODY = YES;
				CLANG_WARN_ENUM_CONVERSION = YES;
				CLANG_WARN_INFINITE_RECURSION = YES;
				CLANG_WARN_INT_CONVERSION = YES;
				CLANG_WARN_NON_LITERAL_NULL_CONVERSION = YES;
				CLANG_WARN_OBJC_IMPLICIT_RETAIN_SELF = YES;
				CLANG_WARN_OBJC_LITERAL_CONVERSION = YES;
				CLANG_WARN_OBJC_ROOT_CLASS = YES_ERROR;
				CLANG_WARN_QUOTED_INCLUDE_IN_FRAMEWORK_HEADER = YES;
				CLANG_WARN_RANGE_LOOP_ANALYSIS = YES;
				CLANG_WARN_STRICT_PROTOTYPES = YES;
				CLANG_WARN_SUSPICIOUS_MOVE = YES;
				CLANG_WARN_UNGUARDED_AVAILABILITY = YES_AGGRESSIVE;
				CLANG_WARN_UNREACHABLE_CODE = YES;
				CLANG_WARN__DUPLICATE_METHOD_MATCH = YES;
				COPY_PHASE_STRIP = NO;
				DEAD_CODE_STRIPPING = YES;
				DEBUG_INFORMATION_FORMAT = dwarf;
				ENABLE_STRICT_OBJC_MSGSEND = YES;
				ENABLE_TESTABILITY = YES;
				GCC_C_LANGUAGE_STANDARD = gnu11;
				GCC_DYNAMIC_NO_PIC = NO;
				GCC_NO_COMMON_BLOCKS = YES;
				GCC_OPTIMIZATION_LEVEL = 0;
				GCC_PREPROCESSOR_DEFINITIONS = (
					"DEBUG=1",
					"$(inherited)",
				);
				GCC_WARN_64_TO_32_BIT_CONVERSION = YES;
				GCC_WARN_ABOUT_RETURN_TYPE = YES_ERROR;
				GCC_WARN_UNDECLARED_SELECTOR = YES;
				GCC_WARN_UNINITIALIZED_AUTOS = YES_AGGRESSIVE;
				GCC_WARN_UNUSED_FUNCTION = YES;
				GCC_WARN_UNUSED_VARIABLE = YES;
				MTL_ENABLE_DEBUG_INFO = YES;
				ONLY_ACTIVE_ARCH = YES;
				PRODUCT_NAME = "$(TARGET_NAME)";
			};
			name = Debug;
		};
		280B068F30FD930DC97E4CDA /* Release */ = {
			isa = XCBuildConfiguration;
			baseConfigurationReference = BF16E3C12ECD785475A3AA85 /* Release.xcconfig */;
			buildSettings = {
				CLANG_ENABLE_MODULE_DEBUGGING = YES;
				CODE_SIGN_IDENTITY = "";
				CURRENT_PROJECT_VERSION = 1;
				DEFINES_MODULE = YES;
				DYLIB_COMPATIBILITY_VERSION = 1;
				DYLIB_CURRENT_VERSION = 1;
				DYLIB_INSTALL_NAME_BASE = "@rpath";
				ENABLE_USER_SCRIPT_SANDBOXING = NO;
				INFOPLIST_FILE = "Derived/InfoPlists/LoginFeature-Info.plist";
				INSTALL_PATH = "$(LOCAL_LIBRARY_DIR)/Frameworks";
				IPHONEOS_DEPLOYMENT_TARGET = 15.0;
				LD_RUNPATH_SEARCH_PATHS = (
					"$(inherited)",
					"@executable_path/Frameworks",
					"@loader_path/Frameworks",
				);
				OTHER_LDFLAGS = "$(inherited) -ObjC";
				PRODUCT_BUNDLE_IDENTIFIER = com.ATeen.ATeen.LoginFeature;
				PRODUCT_NAME = LoginFeature;
				SDKROOT = iphoneos;
				SKIP_INSTALL = YES;
				SUPPORTS_MACCATALYST = NO;
				SUPPORTS_MAC_DESIGNED_FOR_IPHONE_IPAD = YES;
				SUPPORTS_XR_DESIGNED_FOR_IPHONE_IPAD = NO;
				SWIFT_COMPILATION_MODE = wholemodule;
				SWIFT_OPTIMIZATION_LEVEL = "-Owholemodule";
				SWIFT_VERSION = 5.0;
				TARGETED_DEVICE_FAMILY = "1,2";
				VERSIONING_SYSTEM = "apple-generic";
				VERSION_INFO_PREFIX = "";
			};
			name = Release;
		};
		62187A4F042DF22D9E82D5A4 /* Debug */ = {
			isa = XCBuildConfiguration;
			baseConfigurationReference = B67BE68D4D9159CC81144BAF /* Debug.xcconfig */;
			buildSettings = {
				CLANG_ENABLE_MODULE_DEBUGGING = YES;
				CODE_SIGN_IDENTITY = "";
				CURRENT_PROJECT_VERSION = 1;
				DEFINES_MODULE = YES;
				DYLIB_COMPATIBILITY_VERSION = 1;
				DYLIB_CURRENT_VERSION = 1;
				DYLIB_INSTALL_NAME_BASE = "@rpath";
				ENABLE_USER_SCRIPT_SANDBOXING = NO;
				INFOPLIST_FILE = "Derived/InfoPlists/LoginFeature-Info.plist";
				INSTALL_PATH = "$(LOCAL_LIBRARY_DIR)/Frameworks";
				IPHONEOS_DEPLOYMENT_TARGET = 15.0;
				LD_RUNPATH_SEARCH_PATHS = (
					"$(inherited)",
					"@executable_path/Frameworks",
					"@loader_path/Frameworks",
				);
				OTHER_LDFLAGS = "$(inherited) -ObjC";
				PRODUCT_BUNDLE_IDENTIFIER = com.ATeen.ATeen.LoginFeature;
				PRODUCT_NAME = LoginFeature;
				SDKROOT = iphoneos;
				SKIP_INSTALL = YES;
				SUPPORTS_MACCATALYST = NO;
				SUPPORTS_MAC_DESIGNED_FOR_IPHONE_IPAD = YES;
				SUPPORTS_XR_DESIGNED_FOR_IPHONE_IPAD = NO;
				SWIFT_ACTIVE_COMPILATION_CONDITIONS = (
					"$(inherited)",
					DEBUG,
				);
				SWIFT_COMPILATION_MODE = singlefile;
				SWIFT_OPTIMIZATION_LEVEL = "-Onone";
				SWIFT_VERSION = 5.0;
				TARGETED_DEVICE_FAMILY = "1,2";
				VERSIONING_SYSTEM = "apple-generic";
				VERSION_INFO_PREFIX = "";
			};
			name = Debug;
		};
		969A3C2FC2A71AE0424CEB52 /* Release */ = {
			isa = XCBuildConfiguration;
			buildSettings = {
				ALWAYS_SEARCH_USER_PATHS = NO;
				CLANG_ANALYZER_LOCALIZABILITY_NONLOCALIZED = YES;
				CLANG_ANALYZER_NONNULL = YES;
				CLANG_ANALYZER_NUMBER_OBJECT_CONVERSION = YES_AGGRESSIVE;
				CLANG_CXX_LANGUAGE_STANDARD = "gnu++14";
				CLANG_CXX_LIBRARY = "libc++";
				CLANG_ENABLE_MODULES = YES;
				CLANG_ENABLE_OBJC_ARC = YES;
				CLANG_ENABLE_OBJC_WEAK = YES;
				CLANG_WARN_BLOCK_CAPTURE_AUTORELEASING = YES;
				CLANG_WARN_BOOL_CONVERSION = YES;
				CLANG_WARN_COMMA = YES;
				CLANG_WARN_CONSTANT_CONVERSION = YES;
				CLANG_WARN_DEPRECATED_OBJC_IMPLEMENTATIONS = YES;
				CLANG_WARN_DIRECT_OBJC_ISA_USAGE = YES_ERROR;
				CLANG_WARN_DOCUMENTATION_COMMENTS = YES;
				CLANG_WARN_EMPTY_BODY = YES;
				CLANG_WARN_ENUM_CONVERSION = YES;
				CLANG_WARN_INFINITE_RECURSION = YES;
				CLANG_WARN_INT_CONVERSION = YES;
				CLANG_WARN_NON_LITERAL_NULL_CONVERSION = YES;
				CLANG_WARN_OBJC_IMPLICIT_RETAIN_SELF = YES;
				CLANG_WARN_OBJC_LITERAL_CONVERSION = YES;
				CLANG_WARN_OBJC_ROOT_CLASS = YES_ERROR;
				CLANG_WARN_QUOTED_INCLUDE_IN_FRAMEWORK_HEADER = YES;
				CLANG_WARN_RANGE_LOOP_ANALYSIS = YES;
				CLANG_WARN_STRICT_PROTOTYPES = YES;
				CLANG_WARN_SUSPICIOUS_MOVE = YES;
				CLANG_WARN_UNGUARDED_AVAILABILITY = YES_AGGRESSIVE;
				CLANG_WARN_UNREACHABLE_CODE = YES;
				CLANG_WARN__DUPLICATE_METHOD_MATCH = YES;
				COPY_PHASE_STRIP = NO;
				DEAD_CODE_STRIPPING = YES;
				DEBUG_INFORMATION_FORMAT = "dwarf-with-dsym";
				ENABLE_NS_ASSERTIONS = NO;
				ENABLE_STRICT_OBJC_MSGSEND = YES;
				GCC_C_LANGUAGE_STANDARD = gnu11;
				GCC_NO_COMMON_BLOCKS = YES;
				GCC_WARN_64_TO_32_BIT_CONVERSION = YES;
				GCC_WARN_ABOUT_RETURN_TYPE = YES_ERROR;
				GCC_WARN_UNDECLARED_SELECTOR = YES;
				GCC_WARN_UNINITIALIZED_AUTOS = YES_AGGRESSIVE;
				GCC_WARN_UNUSED_FUNCTION = YES;
				GCC_WARN_UNUSED_VARIABLE = YES;
				MTL_ENABLE_DEBUG_INFO = NO;
				PRODUCT_NAME = "$(TARGET_NAME)";
				VALIDATE_PRODUCT = YES;
			};
			name = Release;
		};
/* End XCBuildConfiguration section */

/* Begin XCConfigurationList section */
		519D11A0875F41BC6D832807 /* Build configuration list for PBXProject "LoginFeature" */ = {
			isa = XCConfigurationList;
			buildConfigurations = (
				0CF78903D6439951ADC83DDD /* Debug */,
				969A3C2FC2A71AE0424CEB52 /* Release */,
			);
			defaultConfigurationIsVisible = 0;
			defaultConfigurationName = Release;
		};
		55F88DDC6E177AC3FF15AFF9 /* Build configuration list for PBXNativeTarget "LoginFeature" */ = {
			isa = XCConfigurationList;
			buildConfigurations = (
				62187A4F042DF22D9E82D5A4 /* Debug */,
				280B068F30FD930DC97E4CDA /* Release */,
			);
			defaultConfigurationIsVisible = 0;
			defaultConfigurationName = Release;
		};
/* End XCConfigurationList section */
	};
	rootObject = 3F4AE118768D0EFE573649F1 /* Project object */;
}
